// !$*UTF8*$!
{
	archiveVersion = 1;
	classes = {
	};
	objectVersion = 50;
	objects = {

/* Begin PBXBuildFile section */
		CF00C63D25A791EF003454E6 /* AppDependenciesResolver.swift in Sources */ = {isa = PBXBuildFile; fileRef = CF00C63C25A791EF003454E6 /* AppDependenciesResolver.swift */; };
		CF00C64125A7977C003454E6 /* DependenciesContainer.swift in Sources */ = {isa = PBXBuildFile; fileRef = CF00C64025A7977C003454E6 /* DependenciesContainer.swift */; };
		CF00C64825A79983003454E6 /* GraphDependenciesContainer.swift in Sources */ = {isa = PBXBuildFile; fileRef = CF00C64725A79983003454E6 /* GraphDependenciesContainer.swift */; };
		CF00C64C25A799F0003454E6 /* DependenciesResolver.swift in Sources */ = {isa = PBXBuildFile; fileRef = CF00C64B25A799F0003454E6 /* DependenciesResolver.swift */; };
		CF00C65225A7AC98003454E6 /* LayoutSchemesRepository.swift in Sources */ = {isa = PBXBuildFile; fileRef = CF00C65125A7AC98003454E6 /* LayoutSchemesRepository.swift */; };
		CF00C65525A7AD5C003454E6 /* LayoutScheme.swift in Sources */ = {isa = PBXBuildFile; fileRef = CF00C65425A7AD5C003454E6 /* LayoutScheme.swift */; };
		CF00C65825A7AD93003454E6 /* LayoutArea.swift in Sources */ = {isa = PBXBuildFile; fileRef = CF00C65725A7AD93003454E6 /* LayoutArea.swift */; };
		CF00C65D25A7B499003454E6 /* MenuItem.swift in Sources */ = {isa = PBXBuildFile; fileRef = CF00C65C25A7B499003454E6 /* MenuItem.swift */; };
		CF081A3425C89C630099DA5B /* PopoverBackgroundView.swift in Sources */ = {isa = PBXBuildFile; fileRef = CF081A3325C89C630099DA5B /* PopoverBackgroundView.swift */; };
		CF081A3725C89E770099DA5B /* PopoverWindow.swift in Sources */ = {isa = PBXBuildFile; fileRef = CF081A3625C89E770099DA5B /* PopoverWindow.swift */; };
		CF081A3B25C8A05B0099DA5B /* Popover.swift in Sources */ = {isa = PBXBuildFile; fileRef = CF081A3A25C8A05B0099DA5B /* Popover.swift */; };
		CF081A3E25C8A0940099DA5B /* PopoverWindowController.swift in Sources */ = {isa = PBXBuildFile; fileRef = CF081A3D25C8A0940099DA5B /* PopoverWindowController.swift */; };
		CF1B394925A26EEE00F7F9C7 /* StatusBarMenuController.swift in Sources */ = {isa = PBXBuildFile; fileRef = CF1B394825A26EEE00F7F9C7 /* StatusBarMenuController.swift */; };
		CF1B395125A2715200F7F9C7 /* RightSideMenuDelegate.swift in Sources */ = {isa = PBXBuildFile; fileRef = CF1B395025A2715200F7F9C7 /* RightSideMenuDelegate.swift */; };
		CF1B395525A2716C00F7F9C7 /* LeftSideMenuDelegate.swift in Sources */ = {isa = PBXBuildFile; fileRef = CF1B395425A2716C00F7F9C7 /* LeftSideMenuDelegate.swift */; };
		CF1B395D25A2747900F7F9C7 /* LeftSideMenuViewController.swift in Sources */ = {isa = PBXBuildFile; fileRef = CF1B395C25A2747900F7F9C7 /* LeftSideMenuViewController.swift */; };
		CF2E7F7925D1CEC300568009 /* LayoutArea+Defaults.swift in Sources */ = {isa = PBXBuildFile; fileRef = CF2E7F7825D1CEC300568009 /* LayoutArea+Defaults.swift */; };
		CF2E7F7D25D1DBEA00568009 /* LayoutSchemeIconsFactory.swift in Sources */ = {isa = PBXBuildFile; fileRef = CF2E7F7C25D1DBEA00568009 /* LayoutSchemeIconsFactory.swift */; };
		CF2E7F8025D1DE8B00568009 /* LeftSideMenuViewController+CollectionViewDelegate.swift in Sources */ = {isa = PBXBuildFile; fileRef = CF2E7F7F25D1DE8B00568009 /* LeftSideMenuViewController+CollectionViewDelegate.swift */; };
		CF2E7F8325D1DFD500568009 /* LeftSideMenuViewController+LayoutSchemesDelegate.swift in Sources */ = {isa = PBXBuildFile; fileRef = CF2E7F8225D1DFD500568009 /* LeftSideMenuViewController+LayoutSchemesDelegate.swift */; };
		CF3C6AB625A4F4C9007A52F8 /* WindowRepository.swift in Sources */ = {isa = PBXBuildFile; fileRef = CF3C6AB525A4F4C9007A52F8 /* WindowRepository.swift */; };
		CF3C6ABA25A4FDFD007A52F8 /* String+Localization.swift in Sources */ = {isa = PBXBuildFile; fileRef = CF3C6AB925A4FDFD007A52F8 /* String+Localization.swift */; };
		CF3C6ABE25A4FFF8007A52F8 /* EventMonitor.swift in Sources */ = {isa = PBXBuildFile; fileRef = CF3C6ABD25A4FFF8007A52F8 /* EventMonitor.swift */; };
		CF3C6AC325A50D34007A52F8 /* NSPasteboard+Types.swift in Sources */ = {isa = PBXBuildFile; fileRef = CF3C6AC225A50D34007A52F8 /* NSPasteboard+Types.swift */; };
		CF3C6AC625A50DA4007A52F8 /* WindowPasteboard.swift in Sources */ = {isa = PBXBuildFile; fileRef = CF3C6AC525A50DA4007A52F8 /* WindowPasteboard.swift */; };
		CF4826CE25A395D300068927 /* Localizable.strings in Resources */ = {isa = PBXBuildFile; fileRef = CF4826D025A395D300068927 /* Localizable.strings */; };
		CF4826D525A3967700068927 /* RightSideMenuItemsFactory.swift in Sources */ = {isa = PBXBuildFile; fileRef = CF4826D425A3967700068927 /* RightSideMenuItemsFactory.swift */; };
		CF4826DC25A39DD400068927 /* Key.swift in Sources */ = {isa = PBXBuildFile; fileRef = CF4826DB25A39DD400068927 /* Key.swift */; };
		CF4826DF25A39F8B00068927 /* HotKeyController.swift in Sources */ = {isa = PBXBuildFile; fileRef = CF4826DE25A39F8B00068927 /* HotKeyController.swift */; };
		CF4826E225A39FB000068927 /* KeyScheme.swift in Sources */ = {isa = PBXBuildFile; fileRef = CF4826E125A39FB000068927 /* KeyScheme.swift */; };
		CF4826E825A3B30D00068927 /* KeySchemeFactory.swift in Sources */ = {isa = PBXBuildFile; fileRef = CF4826E725A3B30D00068927 /* KeySchemeFactory.swift */; };
		CF5399EF25D097BB00FA6292 /* NSImage+TintColor.swift in Sources */ = {isa = PBXBuildFile; fileRef = CF5399EE25D097BB00FA6292 /* NSImage+TintColor.swift */; };
		CF5E416E25AA3296001DEC28 /* SettingsViewController.swift in Sources */ = {isa = PBXBuildFile; fileRef = CF5E416D25AA3296001DEC28 /* SettingsViewController.swift */; };
		CF5E417225AA33B7001DEC28 /* SettingsWindowController.swift in Sources */ = {isa = PBXBuildFile; fileRef = CF5E417125AA33B7001DEC28 /* SettingsWindowController.swift */; };
		CF5E418625AA4476001DEC28 /* LayoutSchemesInteractor.swift in Sources */ = {isa = PBXBuildFile; fileRef = CF5E418525AA4476001DEC28 /* LayoutSchemesInteractor.swift */; };
		CF69958E25D6E6EF00A52715 /* AppDelegate.m in Sources */ = {isa = PBXBuildFile; fileRef = CF69958D25D6E6EF00A52715 /* AppDelegate.m */; };
		CF69959025D6E6F000A52715 /* Assets.xcassets in Resources */ = {isa = PBXBuildFile; fileRef = CF69958F25D6E6F000A52715 /* Assets.xcassets */; };
		CF69959325D6E6F000A52715 /* MainMenu.xib in Resources */ = {isa = PBXBuildFile; fileRef = CF69959125D6E6F000A52715 /* MainMenu.xib */; };
		CF69959625D6E6F000A52715 /* main.m in Sources */ = {isa = PBXBuildFile; fileRef = CF69959525D6E6F000A52715 /* main.m */; };
		CF6995A025D6E80900A52715 /* ConciergeLauncher.app in CopyFiles */ = {isa = PBXBuildFile; fileRef = CF69958A25D6E6EF00A52715 /* ConciergeLauncher.app */; settings = {ATTRIBUTES = (RemoveHeadersOnCopy, ); }; };
		CF6995A725D6EA3A00A52715 /* SettingsManager.swift in Sources */ = {isa = PBXBuildFile; fileRef = CF6995A625D6EA3A00A52715 /* SettingsManager.swift */; };
		CF6995AB25D6EB5A00A52715 /* SettingType.swift in Sources */ = {isa = PBXBuildFile; fileRef = CF6995AA25D6EB5A00A52715 /* SettingType.swift */; };
		CF6995AF25D6EC2F00A52715 /* SettingProperty.swift in Sources */ = {isa = PBXBuildFile; fileRef = CF6995AE25D6EC2F00A52715 /* SettingProperty.swift */; };
		CF6995B425D6ECED00A52715 /* AutoLoginSetting.swift in Sources */ = {isa = PBXBuildFile; fileRef = CF6995B325D6ECED00A52715 /* AutoLoginSetting.swift */; };
		CF6A348325D85E6B00D1619A /* AppearanceController.swift in Sources */ = {isa = PBXBuildFile; fileRef = CF6A348225D85E6B00D1619A /* AppearanceController.swift */; };
		CF6BD19525D0393A00C4FA40 /* DesktopLayoutView.swift in Sources */ = {isa = PBXBuildFile; fileRef = CF6BD19425D0393A00C4FA40 /* DesktopLayoutView.swift */; };
		CF821E7A25A21EAF002B5F1D /* WindowController.m in Sources */ = {isa = PBXBuildFile; fileRef = CF821E7925A21EAF002B5F1D /* WindowController.m */; };
		CF821E8125A22402002B5F1D /* Window.m in Sources */ = {isa = PBXBuildFile; fileRef = CF821E8025A22402002B5F1D /* Window.m */; };
		CF821E8625A23430002B5F1D /* ScreensController.swift in Sources */ = {isa = PBXBuildFile; fileRef = CF821E8525A23430002B5F1D /* ScreensController.swift */; };
		CF9B2E2C25D5BCC70087D32B /* ImageLoader.swift in Sources */ = {isa = PBXBuildFile; fileRef = CF9B2E2B25D5BCC70087D32B /* ImageLoader.swift */; };
		CF9B2E2F25D5C62E0087D32B /* ImageCache.swift in Sources */ = {isa = PBXBuildFile; fileRef = CF9B2E2E25D5C62E0087D32B /* ImageCache.swift */; };
		CF9B2E3225D5CB250087D32B /* ImageViewLoader.swift in Sources */ = {isa = PBXBuildFile; fileRef = CF9B2E3125D5CB250087D32B /* ImageViewLoader.swift */; };
		CF9B2E3525D5CFB60087D32B /* NSImageView+ImageViewLoader.swift in Sources */ = {isa = PBXBuildFile; fileRef = CF9B2E3425D5CFB60087D32B /* NSImageView+ImageViewLoader.swift */; };
		CFACE47425A1CFCF00EE31F5 /* AppDelegate.swift in Sources */ = {isa = PBXBuildFile; fileRef = CFACE47325A1CFCF00EE31F5 /* AppDelegate.swift */; };
		CFACE47825A1CFD000EE31F5 /* Assets.xcassets in Resources */ = {isa = PBXBuildFile; fileRef = CFACE47725A1CFD000EE31F5 /* Assets.xcassets */; };
		CFACE47B25A1CFD000EE31F5 /* MainFlow.storyboard in Resources */ = {isa = PBXBuildFile; fileRef = CFACE47925A1CFD000EE31F5 /* MainFlow.storyboard */; };
		CFACE48825A1D4C400EE31F5 /* LayoutPreviewView.swift in Sources */ = {isa = PBXBuildFile; fileRef = CFACE48725A1D4C400EE31F5 /* LayoutPreviewView.swift */; };
		CFAD230A25D05C09008CEB1B /* LeftSideMenuViewCotroller+CollectionViewDataSource.swift in Sources */ = {isa = PBXBuildFile; fileRef = CFAD230925D05C09008CEB1B /* LeftSideMenuViewCotroller+CollectionViewDataSource.swift */; };
		CFAEAA6425D987DA00675171 /* AppearanceMode.swift in Sources */ = {isa = PBXBuildFile; fileRef = CFAEAA6325D987DA00675171 /* AppearanceMode.swift */; };
		CFAEAA6925D989D600675171 /* AppearanceProvider.swift in Sources */ = {isa = PBXBuildFile; fileRef = CFAEAA6825D989D600675171 /* AppearanceProvider.swift */; };
		CFAEAA7125D98B2D00675171 /* SystemAppearanceProvider.swift in Sources */ = {isa = PBXBuildFile; fileRef = CFAEAA7025D98B2D00675171 /* SystemAppearanceProvider.swift */; };
		CFAEAA7525D98D1A00675171 /* SettingsAppearanceProvider.swift in Sources */ = {isa = PBXBuildFile; fileRef = CFAEAA7425D98D1A00675171 /* SettingsAppearanceProvider.swift */; };
		CFAEAA7925D98D7800675171 /* AppearanceSetting.swift in Sources */ = {isa = PBXBuildFile; fileRef = CFAEAA7825D98D7800675171 /* AppearanceSetting.swift */; };
		CFB3689225A7B8B000CB8A89 /* HotKeysInteractor.swift in Sources */ = {isa = PBXBuildFile; fileRef = CFB3689125A7B8B000CB8A89 /* HotKeysInteractor.swift */; };
		CFB4B91725A9017500539AB6 /* DependencyQualifier.swift in Sources */ = {isa = PBXBuildFile; fileRef = CFB4B91625A9017500539AB6 /* DependencyQualifier.swift */; };
		CFB4B91B25A9051400539AB6 /* SynchronizedDependenciesContainer.swift in Sources */ = {isa = PBXBuildFile; fileRef = CFB4B91A25A9051400539AB6 /* SynchronizedDependenciesContainer.swift */; };
		CFB4B92425A90F5B00539AB6 /* WindowInteractor.swift in Sources */ = {isa = PBXBuildFile; fileRef = CFB4B92325A90F5B00539AB6 /* WindowInteractor.swift */; };
		CFBD324C25C84539006DDAE5 /* WindowTableCell.swift in Sources */ = {isa = PBXBuildFile; fileRef = CFBD324B25C84539006DDAE5 /* WindowTableCell.swift */; };
		CFBD325025C8563D006DDAE5 /* NSColor+Helpers.swift in Sources */ = {isa = PBXBuildFile; fileRef = CFBD324F25C8563D006DDAE5 /* NSColor+Helpers.swift */; };
		CFBD325325C857A1006DDAE5 /* WindowTableRow.swift in Sources */ = {isa = PBXBuildFile; fileRef = CFBD325225C857A1006DDAE5 /* WindowTableRow.swift */; };
		CFC2107925D330B200726D8C /* AccessibilityPermissionsManager.swift in Sources */ = {isa = PBXBuildFile; fileRef = CFC2107825D330B200726D8C /* AccessibilityPermissionsManager.swift */; };
		CFC2107E25D333D100726D8C /* SideBarEvent.swift in Sources */ = {isa = PBXBuildFile; fileRef = CFC2107D25D333D100726D8C /* SideBarEvent.swift */; };
		CFC2108125D3358700726D8C /* PermissionsSideMenuDelegate.swift in Sources */ = {isa = PBXBuildFile; fileRef = CFC2108025D3358700726D8C /* PermissionsSideMenuDelegate.swift */; };
		CFC2108425D3373600726D8C /* PermissionsViewController.swift in Sources */ = {isa = PBXBuildFile; fileRef = CFC2108325D3373600726D8C /* PermissionsViewController.swift */; };
		CFD0769F25D04F9600FF2730 /* Vector2.swift in Sources */ = {isa = PBXBuildFile; fileRef = CFD0769E25D04F9600FF2730 /* Vector2.swift */; };
		CFD076A425D0595F00FF2730 /* LayoutSchemesCollectionViewItem.swift in Sources */ = {isa = PBXBuildFile; fileRef = CFD076A325D0595F00FF2730 /* LayoutSchemesCollectionViewItem.swift */; };
		CFD076A825D059EB00FF2730 /* LayoutSchemesCollectionViewItem.xib in Resources */ = {isa = PBXBuildFile; fileRef = CFD076A725D059EB00FF2730 /* LayoutSchemesCollectionViewItem.xib */; };
		CFDEBD8825A276CE001AD0FE /* SideBarMenuDelegate.swift in Sources */ = {isa = PBXBuildFile; fileRef = CFDEBD8725A276CE001AD0FE /* SideBarMenuDelegate.swift */; };
		CFF5F75F25A668EC00C3378F /* LeftSideMenuViewController+NSTableViewDataSource.swift in Sources */ = {isa = PBXBuildFile; fileRef = CFF5F75E25A668EC00C3378F /* LeftSideMenuViewController+NSTableViewDataSource.swift */; };
		CFF5F76225A669A600C3378F /* LeftSideMenuViewController+NSTableViewDelegate.swift in Sources */ = {isa = PBXBuildFile; fileRef = CFF5F76125A669A600C3378F /* LeftSideMenuViewController+NSTableViewDelegate.swift */; };
/* End PBXBuildFile section */

/* Begin PBXCopyFilesBuildPhase section */
		CF69959D25D6E7C600A52715 /* CopyFiles */ = {
			isa = PBXCopyFilesBuildPhase;
			buildActionMask = 2147483647;
			dstPath = Contents/Library/LoginItems;
			dstSubfolderSpec = 1;
			files = (
				CF6995A025D6E80900A52715 /* ConciergeLauncher.app in CopyFiles */,
			);
			runOnlyForDeploymentPostprocessing = 0;
		};
/* End PBXCopyFilesBuildPhase section */

/* Begin PBXFileReference section */
		CF00C63C25A791EF003454E6 /* AppDependenciesResolver.swift */ = {isa = PBXFileReference; lastKnownFileType = sourcecode.swift; path = AppDependenciesResolver.swift; sourceTree = "<group>"; };
		CF00C64025A7977C003454E6 /* DependenciesContainer.swift */ = {isa = PBXFileReference; lastKnownFileType = sourcecode.swift; path = DependenciesContainer.swift; sourceTree = "<group>"; };
		CF00C64725A79983003454E6 /* GraphDependenciesContainer.swift */ = {isa = PBXFileReference; lastKnownFileType = sourcecode.swift; path = GraphDependenciesContainer.swift; sourceTree = "<group>"; };
		CF00C64B25A799F0003454E6 /* DependenciesResolver.swift */ = {isa = PBXFileReference; lastKnownFileType = sourcecode.swift; path = DependenciesResolver.swift; sourceTree = "<group>"; };
		CF00C65125A7AC98003454E6 /* LayoutSchemesRepository.swift */ = {isa = PBXFileReference; lastKnownFileType = sourcecode.swift; path = LayoutSchemesRepository.swift; sourceTree = "<group>"; };
		CF00C65425A7AD5C003454E6 /* LayoutScheme.swift */ = {isa = PBXFileReference; lastKnownFileType = sourcecode.swift; path = LayoutScheme.swift; sourceTree = "<group>"; };
		CF00C65725A7AD93003454E6 /* LayoutArea.swift */ = {isa = PBXFileReference; lastKnownFileType = sourcecode.swift; path = LayoutArea.swift; sourceTree = "<group>"; };
		CF00C65C25A7B499003454E6 /* MenuItem.swift */ = {isa = PBXFileReference; lastKnownFileType = sourcecode.swift; path = MenuItem.swift; sourceTree = "<group>"; };
		CF081A3325C89C630099DA5B /* PopoverBackgroundView.swift */ = {isa = PBXFileReference; lastKnownFileType = sourcecode.swift; path = PopoverBackgroundView.swift; sourceTree = "<group>"; };
		CF081A3625C89E770099DA5B /* PopoverWindow.swift */ = {isa = PBXFileReference; lastKnownFileType = sourcecode.swift; path = PopoverWindow.swift; sourceTree = "<group>"; };
		CF081A3A25C8A05B0099DA5B /* Popover.swift */ = {isa = PBXFileReference; lastKnownFileType = sourcecode.swift; path = Popover.swift; sourceTree = "<group>"; };
		CF081A3D25C8A0940099DA5B /* PopoverWindowController.swift */ = {isa = PBXFileReference; lastKnownFileType = sourcecode.swift; path = PopoverWindowController.swift; sourceTree = "<group>"; };
		CF1B394825A26EEE00F7F9C7 /* StatusBarMenuController.swift */ = {isa = PBXFileReference; lastKnownFileType = sourcecode.swift; path = StatusBarMenuController.swift; sourceTree = "<group>"; };
		CF1B395025A2715200F7F9C7 /* RightSideMenuDelegate.swift */ = {isa = PBXFileReference; lastKnownFileType = sourcecode.swift; path = RightSideMenuDelegate.swift; sourceTree = "<group>"; };
		CF1B395425A2716C00F7F9C7 /* LeftSideMenuDelegate.swift */ = {isa = PBXFileReference; lastKnownFileType = sourcecode.swift; path = LeftSideMenuDelegate.swift; sourceTree = "<group>"; };
		CF1B395C25A2747900F7F9C7 /* LeftSideMenuViewController.swift */ = {isa = PBXFileReference; lastKnownFileType = sourcecode.swift; path = LeftSideMenuViewController.swift; sourceTree = "<group>"; };
		CF2E7F7825D1CEC300568009 /* LayoutArea+Defaults.swift */ = {isa = PBXFileReference; lastKnownFileType = sourcecode.swift; path = "LayoutArea+Defaults.swift"; sourceTree = "<group>"; };
		CF2E7F7C25D1DBEA00568009 /* LayoutSchemeIconsFactory.swift */ = {isa = PBXFileReference; lastKnownFileType = sourcecode.swift; path = LayoutSchemeIconsFactory.swift; sourceTree = "<group>"; };
		CF2E7F7F25D1DE8B00568009 /* LeftSideMenuViewController+CollectionViewDelegate.swift */ = {isa = PBXFileReference; lastKnownFileType = sourcecode.swift; path = "LeftSideMenuViewController+CollectionViewDelegate.swift"; sourceTree = "<group>"; };
		CF2E7F8225D1DFD500568009 /* LeftSideMenuViewController+LayoutSchemesDelegate.swift */ = {isa = PBXFileReference; lastKnownFileType = sourcecode.swift; path = "LeftSideMenuViewController+LayoutSchemesDelegate.swift"; sourceTree = "<group>"; };
		CF3C6AB525A4F4C9007A52F8 /* WindowRepository.swift */ = {isa = PBXFileReference; lastKnownFileType = sourcecode.swift; path = WindowRepository.swift; sourceTree = "<group>"; };
		CF3C6AB925A4FDFD007A52F8 /* String+Localization.swift */ = {isa = PBXFileReference; lastKnownFileType = sourcecode.swift; path = "String+Localization.swift"; sourceTree = "<group>"; };
		CF3C6ABD25A4FFF8007A52F8 /* EventMonitor.swift */ = {isa = PBXFileReference; lastKnownFileType = sourcecode.swift; path = EventMonitor.swift; sourceTree = "<group>"; };
		CF3C6AC225A50D34007A52F8 /* NSPasteboard+Types.swift */ = {isa = PBXFileReference; lastKnownFileType = sourcecode.swift; path = "NSPasteboard+Types.swift"; sourceTree = "<group>"; };
		CF3C6AC525A50DA4007A52F8 /* WindowPasteboard.swift */ = {isa = PBXFileReference; lastKnownFileType = sourcecode.swift; path = WindowPasteboard.swift; sourceTree = "<group>"; };
		CF4826CF25A395D300068927 /* en */ = {isa = PBXFileReference; lastKnownFileType = text.plist.strings; name = en; path = en.lproj/Localizable.strings; sourceTree = "<group>"; };
		CF4826D225A3960000068927 /* ru */ = {isa = PBXFileReference; lastKnownFileType = text.plist.strings; name = ru; path = ru.lproj/Localizable.strings; sourceTree = "<group>"; };
		CF4826D425A3967700068927 /* RightSideMenuItemsFactory.swift */ = {isa = PBXFileReference; lastKnownFileType = sourcecode.swift; path = RightSideMenuItemsFactory.swift; sourceTree = "<group>"; };
		CF4826DB25A39DD400068927 /* Key.swift */ = {isa = PBXFileReference; lastKnownFileType = sourcecode.swift; path = Key.swift; sourceTree = "<group>"; };
		CF4826DE25A39F8B00068927 /* HotKeyController.swift */ = {isa = PBXFileReference; lastKnownFileType = sourcecode.swift; path = HotKeyController.swift; sourceTree = "<group>"; };
		CF4826E125A39FB000068927 /* KeyScheme.swift */ = {isa = PBXFileReference; lastKnownFileType = sourcecode.swift; path = KeyScheme.swift; sourceTree = "<group>"; };
		CF4826E725A3B30D00068927 /* KeySchemeFactory.swift */ = {isa = PBXFileReference; lastKnownFileType = sourcecode.swift; path = KeySchemeFactory.swift; sourceTree = "<group>"; };
		CF5399EE25D097BB00FA6292 /* NSImage+TintColor.swift */ = {isa = PBXFileReference; lastKnownFileType = sourcecode.swift; path = "NSImage+TintColor.swift"; sourceTree = "<group>"; };
		CF5E416D25AA3296001DEC28 /* SettingsViewController.swift */ = {isa = PBXFileReference; lastKnownFileType = sourcecode.swift; path = SettingsViewController.swift; sourceTree = "<group>"; };
		CF5E417125AA33B7001DEC28 /* SettingsWindowController.swift */ = {isa = PBXFileReference; lastKnownFileType = sourcecode.swift; path = SettingsWindowController.swift; sourceTree = "<group>"; };
		CF5E418525AA4476001DEC28 /* LayoutSchemesInteractor.swift */ = {isa = PBXFileReference; lastKnownFileType = sourcecode.swift; path = LayoutSchemesInteractor.swift; sourceTree = "<group>"; };
		CF69958A25D6E6EF00A52715 /* ConciergeLauncher.app */ = {isa = PBXFileReference; explicitFileType = wrapper.application; includeInIndex = 0; path = ConciergeLauncher.app; sourceTree = BUILT_PRODUCTS_DIR; };
		CF69958C25D6E6EF00A52715 /* AppDelegate.h */ = {isa = PBXFileReference; lastKnownFileType = sourcecode.c.h; path = AppDelegate.h; sourceTree = "<group>"; };
		CF69958D25D6E6EF00A52715 /* AppDelegate.m */ = {isa = PBXFileReference; lastKnownFileType = sourcecode.c.objc; path = AppDelegate.m; sourceTree = "<group>"; };
		CF69958F25D6E6F000A52715 /* Assets.xcassets */ = {isa = PBXFileReference; lastKnownFileType = folder.assetcatalog; path = Assets.xcassets; sourceTree = "<group>"; };
		CF69959225D6E6F000A52715 /* Base */ = {isa = PBXFileReference; lastKnownFileType = file.xib; name = Base; path = Base.lproj/MainMenu.xib; sourceTree = "<group>"; };
		CF69959425D6E6F000A52715 /* Info.plist */ = {isa = PBXFileReference; lastKnownFileType = text.plist.xml; path = Info.plist; sourceTree = "<group>"; };
		CF69959525D6E6F000A52715 /* main.m */ = {isa = PBXFileReference; lastKnownFileType = sourcecode.c.objc; path = main.m; sourceTree = "<group>"; };
		CF69959725D6E6F000A52715 /* ConciergeLauncher.entitlements */ = {isa = PBXFileReference; lastKnownFileType = text.plist.entitlements; path = ConciergeLauncher.entitlements; sourceTree = "<group>"; };
		CF6995A625D6EA3A00A52715 /* SettingsManager.swift */ = {isa = PBXFileReference; lastKnownFileType = sourcecode.swift; path = SettingsManager.swift; sourceTree = "<group>"; };
		CF6995AA25D6EB5A00A52715 /* SettingType.swift */ = {isa = PBXFileReference; lastKnownFileType = sourcecode.swift; path = SettingType.swift; sourceTree = "<group>"; };
		CF6995AE25D6EC2F00A52715 /* SettingProperty.swift */ = {isa = PBXFileReference; lastKnownFileType = sourcecode.swift; path = SettingProperty.swift; sourceTree = "<group>"; };
		CF6995B325D6ECED00A52715 /* AutoLoginSetting.swift */ = {isa = PBXFileReference; lastKnownFileType = sourcecode.swift; path = AutoLoginSetting.swift; sourceTree = "<group>"; };
		CF6A348225D85E6B00D1619A /* AppearanceController.swift */ = {isa = PBXFileReference; lastKnownFileType = sourcecode.swift; path = AppearanceController.swift; sourceTree = "<group>"; };
		CF6BD19425D0393A00C4FA40 /* DesktopLayoutView.swift */ = {isa = PBXFileReference; lastKnownFileType = sourcecode.swift; path = DesktopLayoutView.swift; sourceTree = "<group>"; };
		CF821E7725A21EAE002B5F1D /* Concierge-Bridging-Header.h */ = {isa = PBXFileReference; lastKnownFileType = sourcecode.c.h; path = "Concierge-Bridging-Header.h"; sourceTree = "<group>"; };
		CF821E7825A21EAF002B5F1D /* WindowController.h */ = {isa = PBXFileReference; lastKnownFileType = sourcecode.c.h; path = WindowController.h; sourceTree = "<group>"; };
		CF821E7925A21EAF002B5F1D /* WindowController.m */ = {isa = PBXFileReference; lastKnownFileType = sourcecode.c.objc; path = WindowController.m; sourceTree = "<group>"; };
		CF821E7F25A22402002B5F1D /* Window.h */ = {isa = PBXFileReference; lastKnownFileType = sourcecode.c.h; path = Window.h; sourceTree = "<group>"; };
		CF821E8025A22402002B5F1D /* Window.m */ = {isa = PBXFileReference; lastKnownFileType = sourcecode.c.objc; path = Window.m; sourceTree = "<group>"; };
		CF821E8525A23430002B5F1D /* ScreensController.swift */ = {isa = PBXFileReference; lastKnownFileType = sourcecode.swift; path = ScreensController.swift; sourceTree = "<group>"; };
		CF9B2E2B25D5BCC70087D32B /* ImageLoader.swift */ = {isa = PBXFileReference; lastKnownFileType = sourcecode.swift; path = ImageLoader.swift; sourceTree = "<group>"; };
		CF9B2E2E25D5C62E0087D32B /* ImageCache.swift */ = {isa = PBXFileReference; lastKnownFileType = sourcecode.swift; path = ImageCache.swift; sourceTree = "<group>"; };
		CF9B2E3125D5CB250087D32B /* ImageViewLoader.swift */ = {isa = PBXFileReference; lastKnownFileType = sourcecode.swift; path = ImageViewLoader.swift; sourceTree = "<group>"; };
		CF9B2E3425D5CFB60087D32B /* NSImageView+ImageViewLoader.swift */ = {isa = PBXFileReference; lastKnownFileType = sourcecode.swift; path = "NSImageView+ImageViewLoader.swift"; sourceTree = "<group>"; };
		CFACE47025A1CFCF00EE31F5 /* Concierge.app */ = {isa = PBXFileReference; explicitFileType = wrapper.application; includeInIndex = 0; path = Concierge.app; sourceTree = BUILT_PRODUCTS_DIR; };
		CFACE47325A1CFCF00EE31F5 /* AppDelegate.swift */ = {isa = PBXFileReference; lastKnownFileType = sourcecode.swift; path = AppDelegate.swift; sourceTree = "<group>"; };
		CFACE47725A1CFD000EE31F5 /* Assets.xcassets */ = {isa = PBXFileReference; lastKnownFileType = folder.assetcatalog; path = Assets.xcassets; sourceTree = "<group>"; };
		CFACE47A25A1CFD000EE31F5 /* Base */ = {isa = PBXFileReference; lastKnownFileType = file.storyboard; name = Base; path = Base.lproj/MainFlow.storyboard; sourceTree = "<group>"; };
		CFACE47C25A1CFD000EE31F5 /* Info.plist */ = {isa = PBXFileReference; lastKnownFileType = text.plist.xml; path = Info.plist; sourceTree = "<group>"; };
		CFACE47D25A1CFD000EE31F5 /* Concierge.entitlements */ = {isa = PBXFileReference; lastKnownFileType = text.plist.entitlements; path = Concierge.entitlements; sourceTree = "<group>"; };
		CFACE48725A1D4C400EE31F5 /* LayoutPreviewView.swift */ = {isa = PBXFileReference; lastKnownFileType = sourcecode.swift; path = LayoutPreviewView.swift; sourceTree = "<group>"; };
		CFAD230925D05C09008CEB1B /* LeftSideMenuViewCotroller+CollectionViewDataSource.swift */ = {isa = PBXFileReference; lastKnownFileType = sourcecode.swift; path = "LeftSideMenuViewCotroller+CollectionViewDataSource.swift"; sourceTree = "<group>"; };
		CFAEAA6325D987DA00675171 /* AppearanceMode.swift */ = {isa = PBXFileReference; lastKnownFileType = sourcecode.swift; path = AppearanceMode.swift; sourceTree = "<group>"; };
		CFAEAA6825D989D600675171 /* AppearanceProvider.swift */ = {isa = PBXFileReference; lastKnownFileType = sourcecode.swift; path = AppearanceProvider.swift; sourceTree = "<group>"; };
		CFAEAA7025D98B2D00675171 /* SystemAppearanceProvider.swift */ = {isa = PBXFileReference; lastKnownFileType = sourcecode.swift; path = SystemAppearanceProvider.swift; sourceTree = "<group>"; };
		CFAEAA7425D98D1A00675171 /* SettingsAppearanceProvider.swift */ = {isa = PBXFileReference; lastKnownFileType = sourcecode.swift; path = SettingsAppearanceProvider.swift; sourceTree = "<group>"; };
		CFAEAA7825D98D7800675171 /* AppearanceSetting.swift */ = {isa = PBXFileReference; lastKnownFileType = sourcecode.swift; path = AppearanceSetting.swift; sourceTree = "<group>"; };
		CFB3689125A7B8B000CB8A89 /* HotKeysInteractor.swift */ = {isa = PBXFileReference; lastKnownFileType = sourcecode.swift; path = HotKeysInteractor.swift; sourceTree = "<group>"; };
		CFB4B91625A9017500539AB6 /* DependencyQualifier.swift */ = {isa = PBXFileReference; lastKnownFileType = sourcecode.swift; path = DependencyQualifier.swift; sourceTree = "<group>"; };
		CFB4B91A25A9051400539AB6 /* SynchronizedDependenciesContainer.swift */ = {isa = PBXFileReference; lastKnownFileType = sourcecode.swift; path = SynchronizedDependenciesContainer.swift; sourceTree = "<group>"; };
		CFB4B92325A90F5B00539AB6 /* WindowInteractor.swift */ = {isa = PBXFileReference; lastKnownFileType = sourcecode.swift; path = WindowInteractor.swift; sourceTree = "<group>"; };
		CFBD324B25C84539006DDAE5 /* WindowTableCell.swift */ = {isa = PBXFileReference; lastKnownFileType = sourcecode.swift; path = WindowTableCell.swift; sourceTree = "<group>"; };
		CFBD324F25C8563D006DDAE5 /* NSColor+Helpers.swift */ = {isa = PBXFileReference; lastKnownFileType = sourcecode.swift; path = "NSColor+Helpers.swift"; sourceTree = "<group>"; };
		CFBD325225C857A1006DDAE5 /* WindowTableRow.swift */ = {isa = PBXFileReference; lastKnownFileType = sourcecode.swift; path = WindowTableRow.swift; sourceTree = "<group>"; };
		CFC2107825D330B200726D8C /* AccessibilityPermissionsManager.swift */ = {isa = PBXFileReference; lastKnownFileType = sourcecode.swift; path = AccessibilityPermissionsManager.swift; sourceTree = "<group>"; };
		CFC2107D25D333D100726D8C /* SideBarEvent.swift */ = {isa = PBXFileReference; lastKnownFileType = sourcecode.swift; path = SideBarEvent.swift; sourceTree = "<group>"; };
		CFC2108025D3358700726D8C /* PermissionsSideMenuDelegate.swift */ = {isa = PBXFileReference; lastKnownFileType = sourcecode.swift; path = PermissionsSideMenuDelegate.swift; sourceTree = "<group>"; };
		CFC2108325D3373600726D8C /* PermissionsViewController.swift */ = {isa = PBXFileReference; lastKnownFileType = sourcecode.swift; path = PermissionsViewController.swift; sourceTree = "<group>"; };
		CFD0769E25D04F9600FF2730 /* Vector2.swift */ = {isa = PBXFileReference; lastKnownFileType = sourcecode.swift; path = Vector2.swift; sourceTree = "<group>"; };
		CFD076A325D0595F00FF2730 /* LayoutSchemesCollectionViewItem.swift */ = {isa = PBXFileReference; lastKnownFileType = sourcecode.swift; path = LayoutSchemesCollectionViewItem.swift; sourceTree = "<group>"; };
		CFD076A725D059EB00FF2730 /* LayoutSchemesCollectionViewItem.xib */ = {isa = PBXFileReference; lastKnownFileType = file.xib; path = LayoutSchemesCollectionViewItem.xib; sourceTree = "<group>"; };
		CFDEBD8725A276CE001AD0FE /* SideBarMenuDelegate.swift */ = {isa = PBXFileReference; lastKnownFileType = sourcecode.swift; path = SideBarMenuDelegate.swift; sourceTree = "<group>"; };
		CFF5F75E25A668EC00C3378F /* LeftSideMenuViewController+NSTableViewDataSource.swift */ = {isa = PBXFileReference; lastKnownFileType = sourcecode.swift; path = "LeftSideMenuViewController+NSTableViewDataSource.swift"; sourceTree = "<group>"; };
		CFF5F76125A669A600C3378F /* LeftSideMenuViewController+NSTableViewDelegate.swift */ = {isa = PBXFileReference; lastKnownFileType = sourcecode.swift; path = "LeftSideMenuViewController+NSTableViewDelegate.swift"; sourceTree = "<group>"; };
/* End PBXFileReference section */

/* Begin PBXFrameworksBuildPhase section */
		CF69958725D6E6EF00A52715 /* Frameworks */ = {
			isa = PBXFrameworksBuildPhase;
			buildActionMask = 2147483647;
			files = (
			);
			runOnlyForDeploymentPostprocessing = 0;
		};
		CFACE46D25A1CFCF00EE31F5 /* Frameworks */ = {
			isa = PBXFrameworksBuildPhase;
			buildActionMask = 2147483647;
			files = (
			);
			runOnlyForDeploymentPostprocessing = 0;
		};
/* End PBXFrameworksBuildPhase section */

/* Begin PBXGroup section */
		CF00C63F25A79764003454E6 /* Dependencies */ = {
			isa = PBXGroup;
			children = (
				CF00C64025A7977C003454E6 /* DependenciesContainer.swift */,
				CF00C64725A79983003454E6 /* GraphDependenciesContainer.swift */,
				CF00C64B25A799F0003454E6 /* DependenciesResolver.swift */,
				CFB4B91625A9017500539AB6 /* DependencyQualifier.swift */,
				CFB4B91A25A9051400539AB6 /* SynchronizedDependenciesContainer.swift */,
			);
			path = Dependencies;
			sourceTree = "<group>";
		};
		CF00C65B25A7B456003454E6 /* MenuItems */ = {
			isa = PBXGroup;
			children = (
				CF4826D425A3967700068927 /* RightSideMenuItemsFactory.swift */,
				CF00C65C25A7B499003454E6 /* MenuItem.swift */,
			);
			path = MenuItems;
			sourceTree = "<group>";
		};
		CF081A3225C89B8F0099DA5B /* Popover */ = {
			isa = PBXGroup;
			children = (
				CF3C6ABD25A4FFF8007A52F8 /* EventMonitor.swift */,
				CF081A3325C89C630099DA5B /* PopoverBackgroundView.swift */,
				CF081A3625C89E770099DA5B /* PopoverWindow.swift */,
				CF081A3A25C8A05B0099DA5B /* Popover.swift */,
				CF081A3D25C8A0940099DA5B /* PopoverWindowController.swift */,
			);
			path = Popover;
			sourceTree = "<group>";
		};
		CF1B393925A26A5D00F7F9C7 /* Presentation */ = {
			isa = PBXGroup;
			children = (
				CF5E416C25AA327F001DEC28 /* Settings */,
				CFACE47925A1CFD000EE31F5 /* MainFlow.storyboard */,
				CF1B394725A26E9F00F7F9C7 /* StatusBarMenu */,
				CFACE47325A1CFCF00EE31F5 /* AppDelegate.swift */,
				CF00C63C25A791EF003454E6 /* AppDependenciesResolver.swift */,
			);
			path = Presentation;
			sourceTree = "<group>";
		};
		CF1B393A25A26A6C00F7F9C7 /* Resources */ = {
			isa = PBXGroup;
			children = (
				CFACE47725A1CFD000EE31F5 /* Assets.xcassets */,
				CFACE47D25A1CFD000EE31F5 /* Concierge.entitlements */,
				CFACE47C25A1CFD000EE31F5 /* Info.plist */,
				CF4826D025A395D300068927 /* Localizable.strings */,
			);
			path = Resources;
			sourceTree = "<group>";
		};
		CF1B394125A26D1C00F7F9C7 /* Domain */ = {
			isa = PBXGroup;
			children = (
				CF6995A525D6E8EA00A52715 /* Settings */,
				CFC2107725D3131300726D8C /* Permissions */,
				CF00C63F25A79764003454E6 /* Dependencies */,
				CF4826D725A3984500068927 /* Keyboard */,
				CF821E7525A2191F002B5F1D /* Windows */,
			);
			path = Domain;
			sourceTree = "<group>";
		};
		CF1B394225A26D5900F7F9C7 /* Sources */ = {
			isa = PBXGroup;
			children = (
				CFB4B91E25A90E9900539AB6 /* Interactors */,
				CF3C6AB825A4FDE5007A52F8 /* Models */,
				CF3C6AB425A4F4A5007A52F8 /* Data */,
				CF821E7725A21EAE002B5F1D /* Concierge-Bridging-Header.h */,
				CF821E7325A21881002B5F1D /* Views */,
				CF1B393925A26A5D00F7F9C7 /* Presentation */,
				CF1B394125A26D1C00F7F9C7 /* Domain */,
			);
			path = Sources;
			sourceTree = "<group>";
		};
		CF1B394725A26E9F00F7F9C7 /* StatusBarMenu */ = {
			isa = PBXGroup;
			children = (
				CFC2107C25D3334E00726D8C /* PermissionSideMenu */,
				CF1B394C25A270AF00F7F9C7 /* LeftSideMenu */,
				CF1B394B25A270A000F7F9C7 /* RightSideMenu */,
				CF1B394825A26EEE00F7F9C7 /* StatusBarMenuController.swift */,
				CFDEBD8725A276CE001AD0FE /* SideBarMenuDelegate.swift */,
				CFC2107D25D333D100726D8C /* SideBarEvent.swift */,
			);
			path = StatusBarMenu;
			sourceTree = "<group>";
		};
		CF1B394B25A270A000F7F9C7 /* RightSideMenu */ = {
			isa = PBXGroup;
			children = (
				CF00C65B25A7B456003454E6 /* MenuItems */,
				CF1B395025A2715200F7F9C7 /* RightSideMenuDelegate.swift */,
			);
			path = RightSideMenu;
			sourceTree = "<group>";
		};
		CF1B394C25A270AF00F7F9C7 /* LeftSideMenu */ = {
			isa = PBXGroup;
			children = (
				CFD076A225D0593000FF2730 /* LayoutSchemes */,
				CFBD324A25C8450C006DDAE5 /* AppList */,
				CF1B395425A2716C00F7F9C7 /* LeftSideMenuDelegate.swift */,
				CF1B395C25A2747900F7F9C7 /* LeftSideMenuViewController.swift */,
				CF2E7F8225D1DFD500568009 /* LeftSideMenuViewController+LayoutSchemesDelegate.swift */,
			);
			path = LeftSideMenu;
			sourceTree = "<group>";
		};
		CF3C6AB425A4F4A5007A52F8 /* Data */ = {
			isa = PBXGroup;
			children = (
				CF3C6AB525A4F4C9007A52F8 /* WindowRepository.swift */,
				CF00C65125A7AC98003454E6 /* LayoutSchemesRepository.swift */,
				CF2E7F7C25D1DBEA00568009 /* LayoutSchemeIconsFactory.swift */,
			);
			path = Data;
			sourceTree = "<group>";
		};
		CF3C6AB825A4FDE5007A52F8 /* Models */ = {
			isa = PBXGroup;
			children = (
				CF3C6AB925A4FDFD007A52F8 /* String+Localization.swift */,
				CF3C6AC225A50D34007A52F8 /* NSPasteboard+Types.swift */,
				CF3C6AC525A50DA4007A52F8 /* WindowPasteboard.swift */,
				CF00C65425A7AD5C003454E6 /* LayoutScheme.swift */,
				CF00C65725A7AD93003454E6 /* LayoutArea.swift */,
				CFD0769E25D04F9600FF2730 /* Vector2.swift */,
				CF2E7F7825D1CEC300568009 /* LayoutArea+Defaults.swift */,
			);
			path = Models;
			sourceTree = "<group>";
		};
		CF4826D725A3984500068927 /* Keyboard */ = {
			isa = PBXGroup;
			children = (
				CF4826DB25A39DD400068927 /* Key.swift */,
				CF4826DE25A39F8B00068927 /* HotKeyController.swift */,
				CF4826E125A39FB000068927 /* KeyScheme.swift */,
				CF4826E725A3B30D00068927 /* KeySchemeFactory.swift */,
			);
			path = Keyboard;
			sourceTree = "<group>";
		};
		CF5E416C25AA327F001DEC28 /* Settings */ = {
			isa = PBXGroup;
			children = (
				CF5E416D25AA3296001DEC28 /* SettingsViewController.swift */,
				CF5E417125AA33B7001DEC28 /* SettingsWindowController.swift */,
			);
			path = Settings;
			sourceTree = "<group>";
		};
		CF69958B25D6E6EF00A52715 /* ConciergeLauncher */ = {
			isa = PBXGroup;
			children = (
				CF69958C25D6E6EF00A52715 /* AppDelegate.h */,
				CF69958D25D6E6EF00A52715 /* AppDelegate.m */,
				CF69958F25D6E6F000A52715 /* Assets.xcassets */,
				CF69959125D6E6F000A52715 /* MainMenu.xib */,
				CF69959425D6E6F000A52715 /* Info.plist */,
				CF69959525D6E6F000A52715 /* main.m */,
				CF69959725D6E6F000A52715 /* ConciergeLauncher.entitlements */,
			);
			path = ConciergeLauncher;
			sourceTree = "<group>";
		};
		CF6995A525D6E8EA00A52715 /* Settings */ = {
			isa = PBXGroup;
			children = (
				CF6995B225D6ECC700A52715 /* Types */,
				CF6995A625D6EA3A00A52715 /* SettingsManager.swift */,
				CF6995AA25D6EB5A00A52715 /* SettingType.swift */,
				CF6995AE25D6EC2F00A52715 /* SettingProperty.swift */,
			);
			path = Settings;
			sourceTree = "<group>";
		};
		CF6995B225D6ECC700A52715 /* Types */ = {
			isa = PBXGroup;
			children = (
				CF6995B325D6ECED00A52715 /* AutoLoginSetting.swift */,
				CFAEAA7825D98D7800675171 /* AppearanceSetting.swift */,
			);
			path = Types;
			sourceTree = "<group>";
		};
		CF6A348125D85DBB00D1619A /* Appearance */ = {
			isa = PBXGroup;
			children = (
				CFAEAA6725D989C300675171 /* Observers */,
				CF6A348225D85E6B00D1619A /* AppearanceController.swift */,
				CFAEAA6325D987DA00675171 /* AppearanceMode.swift */,
			);
			path = Appearance;
			sourceTree = "<group>";
		};
		CF821E7325A21881002B5F1D /* Views */ = {
			isa = PBXGroup;
			children = (
				CF6A348125D85DBB00D1619A /* Appearance */,
				CF9B2E2A25D5BC2A0087D32B /* Images */,
				CF9B2E2825D5BC010087D32B /* LayoutView */,
				CF081A3225C89B8F0099DA5B /* Popover */,
				CFBD324F25C8563D006DDAE5 /* NSColor+Helpers.swift */,
				CF5399EE25D097BB00FA6292 /* NSImage+TintColor.swift */,
			);
			path = Views;
			sourceTree = "<group>";
		};
		CF821E7525A2191F002B5F1D /* Windows */ = {
			isa = PBXGroup;
			children = (
				CF821E7825A21EAF002B5F1D /* WindowController.h */,
				CF821E7925A21EAF002B5F1D /* WindowController.m */,
				CF821E7F25A22402002B5F1D /* Window.h */,
				CF821E8025A22402002B5F1D /* Window.m */,
				CF821E8525A23430002B5F1D /* ScreensController.swift */,
			);
			path = Windows;
			sourceTree = "<group>";
		};
		CF9B2E2825D5BC010087D32B /* LayoutView */ = {
			isa = PBXGroup;
			children = (
				CFACE48725A1D4C400EE31F5 /* LayoutPreviewView.swift */,
				CF6BD19425D0393A00C4FA40 /* DesktopLayoutView.swift */,
			);
			path = LayoutView;
			sourceTree = "<group>";
		};
		CF9B2E2A25D5BC2A0087D32B /* Images */ = {
			isa = PBXGroup;
			children = (
				CF9B2E2B25D5BCC70087D32B /* ImageLoader.swift */,
				CF9B2E2E25D5C62E0087D32B /* ImageCache.swift */,
				CF9B2E3125D5CB250087D32B /* ImageViewLoader.swift */,
				CF9B2E3425D5CFB60087D32B /* NSImageView+ImageViewLoader.swift */,
			);
			path = Images;
			sourceTree = "<group>";
		};
		CFACE46725A1CFCF00EE31F5 = {
			isa = PBXGroup;
			children = (
				CFACE47225A1CFCF00EE31F5 /* Concierge */,
				CF69958B25D6E6EF00A52715 /* ConciergeLauncher */,
				CFACE47125A1CFCF00EE31F5 /* Products */,
			);
			sourceTree = "<group>";
		};
		CFACE47125A1CFCF00EE31F5 /* Products */ = {
			isa = PBXGroup;
			children = (
				CFACE47025A1CFCF00EE31F5 /* Concierge.app */,
				CF69958A25D6E6EF00A52715 /* ConciergeLauncher.app */,
			);
			name = Products;
			sourceTree = "<group>";
		};
		CFACE47225A1CFCF00EE31F5 /* Concierge */ = {
			isa = PBXGroup;
			children = (
				CF1B394225A26D5900F7F9C7 /* Sources */,
				CF1B393A25A26A6C00F7F9C7 /* Resources */,
			);
			path = Concierge;
			sourceTree = "<group>";
		};
		CFAEAA6725D989C300675171 /* Observers */ = {
			isa = PBXGroup;
			children = (
				CFAEAA6825D989D600675171 /* AppearanceProvider.swift */,
				CFAEAA7025D98B2D00675171 /* SystemAppearanceProvider.swift */,
				CFAEAA7425D98D1A00675171 /* SettingsAppearanceProvider.swift */,
			);
			path = Observers;
			sourceTree = "<group>";
		};
		CFB4B91E25A90E9900539AB6 /* Interactors */ = {
			isa = PBXGroup;
			children = (
				CFB3689125A7B8B000CB8A89 /* HotKeysInteractor.swift */,
				CFB4B92325A90F5B00539AB6 /* WindowInteractor.swift */,
				CF5E418525AA4476001DEC28 /* LayoutSchemesInteractor.swift */,
			);
			path = Interactors;
			sourceTree = "<group>";
		};
		CFBD324A25C8450C006DDAE5 /* AppList */ = {
			isa = PBXGroup;
			children = (
				CFF5F75E25A668EC00C3378F /* LeftSideMenuViewController+NSTableViewDataSource.swift */,
				CFF5F76125A669A600C3378F /* LeftSideMenuViewController+NSTableViewDelegate.swift */,
				CFBD324B25C84539006DDAE5 /* WindowTableCell.swift */,
				CFBD325225C857A1006DDAE5 /* WindowTableRow.swift */,
			);
			path = AppList;
			sourceTree = "<group>";
		};
		CFC2107725D3131300726D8C /* Permissions */ = {
			isa = PBXGroup;
			children = (
				CFC2107825D330B200726D8C /* AccessibilityPermissionsManager.swift */,
			);
			path = Permissions;
			sourceTree = "<group>";
		};
		CFC2107C25D3334E00726D8C /* PermissionSideMenu */ = {
			isa = PBXGroup;
			children = (
				CFC2108025D3358700726D8C /* PermissionsSideMenuDelegate.swift */,
				CFC2108325D3373600726D8C /* PermissionsViewController.swift */,
			);
			path = PermissionSideMenu;
			sourceTree = "<group>";
		};
		CFD076A225D0593000FF2730 /* LayoutSchemes */ = {
			isa = PBXGroup;
			children = (
				CFD076A325D0595F00FF2730 /* LayoutSchemesCollectionViewItem.swift */,
				CFD076A725D059EB00FF2730 /* LayoutSchemesCollectionViewItem.xib */,
				CFAD230925D05C09008CEB1B /* LeftSideMenuViewCotroller+CollectionViewDataSource.swift */,
				CF2E7F7F25D1DE8B00568009 /* LeftSideMenuViewController+CollectionViewDelegate.swift */,
			);
			path = LayoutSchemes;
			sourceTree = "<group>";
		};
/* End PBXGroup section */

/* Begin PBXNativeTarget section */
		CF69958925D6E6EF00A52715 /* ConciergeLauncher */ = {
			isa = PBXNativeTarget;
			buildConfigurationList = CF69959825D6E6F000A52715 /* Build configuration list for PBXNativeTarget "ConciergeLauncher" */;
			buildPhases = (
				CF69958625D6E6EF00A52715 /* Sources */,
				CF69958725D6E6EF00A52715 /* Frameworks */,
				CF69958825D6E6EF00A52715 /* Resources */,
			);
			buildRules = (
			);
			dependencies = (
			);
			name = ConciergeLauncher;
			productName = ConciergeLauncher;
			productReference = CF69958A25D6E6EF00A52715 /* ConciergeLauncher.app */;
			productType = "com.apple.product-type.application";
		};
		CFACE46F25A1CFCF00EE31F5 /* Concierge */ = {
			isa = PBXNativeTarget;
			buildConfigurationList = CFACE48025A1CFD000EE31F5 /* Build configuration list for PBXNativeTarget "Concierge" */;
			buildPhases = (
				CFACE46C25A1CFCF00EE31F5 /* Sources */,
				CFACE46D25A1CFCF00EE31F5 /* Frameworks */,
				CFACE46E25A1CFCF00EE31F5 /* Resources */,
				CF69959D25D6E7C600A52715 /* CopyFiles */,
			);
			buildRules = (
			);
			dependencies = (
			);
			name = Concierge;
			productName = Concierge;
			productReference = CFACE47025A1CFCF00EE31F5 /* Concierge.app */;
			productType = "com.apple.product-type.application";
		};
/* End PBXNativeTarget section */

/* Begin PBXProject section */
		CFACE46825A1CFCF00EE31F5 /* Project object */ = {
			isa = PBXProject;
			attributes = {
				LastSwiftUpdateCheck = 1230;
				LastUpgradeCheck = 1240;
				TargetAttributes = {
					CF69958925D6E6EF00A52715 = {
						CreatedOnToolsVersion = 12.4;
					};
					CFACE46F25A1CFCF00EE31F5 = {
						CreatedOnToolsVersion = 12.3;
						LastSwiftMigration = 1230;
					};
				};
			};
			buildConfigurationList = CFACE46B25A1CFCF00EE31F5 /* Build configuration list for PBXProject "Concierge" */;
			compatibilityVersion = "Xcode 9.3";
			developmentRegion = en;
			hasScannedForEncodings = 0;
			knownRegions = (
				en,
				Base,
				ru,
			);
			mainGroup = CFACE46725A1CFCF00EE31F5;
			productRefGroup = CFACE47125A1CFCF00EE31F5 /* Products */;
			projectDirPath = "";
			projectRoot = "";
			targets = (
				CFACE46F25A1CFCF00EE31F5 /* Concierge */,
				CF69958925D6E6EF00A52715 /* ConciergeLauncher */,
			);
		};
/* End PBXProject section */

/* Begin PBXResourcesBuildPhase section */
		CF69958825D6E6EF00A52715 /* Resources */ = {
			isa = PBXResourcesBuildPhase;
			buildActionMask = 2147483647;
			files = (
				CF69959025D6E6F000A52715 /* Assets.xcassets in Resources */,
				CF69959325D6E6F000A52715 /* MainMenu.xib in Resources */,
			);
			runOnlyForDeploymentPostprocessing = 0;
		};
		CFACE46E25A1CFCF00EE31F5 /* Resources */ = {
			isa = PBXResourcesBuildPhase;
			buildActionMask = 2147483647;
			files = (
				CFACE47825A1CFD000EE31F5 /* Assets.xcassets in Resources */,
				CFACE47B25A1CFD000EE31F5 /* MainFlow.storyboard in Resources */,
				CFD076A825D059EB00FF2730 /* LayoutSchemesCollectionViewItem.xib in Resources */,
				CF4826CE25A395D300068927 /* Localizable.strings in Resources */,
			);
			runOnlyForDeploymentPostprocessing = 0;
		};
/* End PBXResourcesBuildPhase section */

/* Begin PBXSourcesBuildPhase section */
		CF69958625D6E6EF00A52715 /* Sources */ = {
			isa = PBXSourcesBuildPhase;
			buildActionMask = 2147483647;
			files = (
				CF69959625D6E6F000A52715 /* main.m in Sources */,
				CF69958E25D6E6EF00A52715 /* AppDelegate.m in Sources */,
			);
			runOnlyForDeploymentPostprocessing = 0;
		};
		CFACE46C25A1CFCF00EE31F5 /* Sources */ = {
			isa = PBXSourcesBuildPhase;
			buildActionMask = 2147483647;
			files = (
				CF6BD19525D0393A00C4FA40 /* DesktopLayoutView.swift in Sources */,
				CF821E7A25A21EAF002B5F1D /* WindowController.m in Sources */,
				CF9B2E2C25D5BCC70087D32B /* ImageLoader.swift in Sources */,
				CF9B2E3225D5CB250087D32B /* ImageViewLoader.swift in Sources */,
				CF2E7F8325D1DFD500568009 /* LeftSideMenuViewController+LayoutSchemesDelegate.swift in Sources */,
				CFAEAA7125D98B2D00675171 /* SystemAppearanceProvider.swift in Sources */,
				CFAD230A25D05C09008CEB1B /* LeftSideMenuViewCotroller+CollectionViewDataSource.swift in Sources */,
				CF1B395D25A2747900F7F9C7 /* LeftSideMenuViewController.swift in Sources */,
				CFB4B92425A90F5B00539AB6 /* WindowInteractor.swift in Sources */,
				CF3C6AC325A50D34007A52F8 /* NSPasteboard+Types.swift in Sources */,
				CFBD325325C857A1006DDAE5 /* WindowTableRow.swift in Sources */,
				CFC2107E25D333D100726D8C /* SideBarEvent.swift in Sources */,
				CFDEBD8825A276CE001AD0FE /* SideBarMenuDelegate.swift in Sources */,
				CF00C65525A7AD5C003454E6 /* LayoutScheme.swift in Sources */,
				CF1B395525A2716C00F7F9C7 /* LeftSideMenuDelegate.swift in Sources */,
				CFBD324C25C84539006DDAE5 /* WindowTableCell.swift in Sources */,
				CF3C6AC625A50DA4007A52F8 /* WindowPasteboard.swift in Sources */,
				CF2E7F7925D1CEC300568009 /* LayoutArea+Defaults.swift in Sources */,
				CF2E7F7D25D1DBEA00568009 /* LayoutSchemeIconsFactory.swift in Sources */,
				CF6995B425D6ECED00A52715 /* AutoLoginSetting.swift in Sources */,
				CF6A348325D85E6B00D1619A /* AppearanceController.swift in Sources */,
				CF4826E225A39FB000068927 /* KeyScheme.swift in Sources */,
				CFAEAA7925D98D7800675171 /* AppearanceSetting.swift in Sources */,
				CF4826E825A3B30D00068927 /* KeySchemeFactory.swift in Sources */,
				CF9B2E3525D5CFB60087D32B /* NSImageView+ImageViewLoader.swift in Sources */,
				CFAEAA6425D987DA00675171 /* AppearanceMode.swift in Sources */,
				CF5E417225AA33B7001DEC28 /* SettingsWindowController.swift in Sources */,
				CF081A3725C89E770099DA5B /* PopoverWindow.swift in Sources */,
				CF00C65225A7AC98003454E6 /* LayoutSchemesRepository.swift in Sources */,
				CFAEAA6925D989D600675171 /* AppearanceProvider.swift in Sources */,
				CF6995AB25D6EB5A00A52715 /* SettingType.swift in Sources */,
				CFC2108125D3358700726D8C /* PermissionsSideMenuDelegate.swift in Sources */,
				CF2E7F8025D1DE8B00568009 /* LeftSideMenuViewController+CollectionViewDelegate.swift in Sources */,
				CF5399EF25D097BB00FA6292 /* NSImage+TintColor.swift in Sources */,
				CFACE48825A1D4C400EE31F5 /* LayoutPreviewView.swift in Sources */,
				CF4826DF25A39F8B00068927 /* HotKeyController.swift in Sources */,
				CF00C64C25A799F0003454E6 /* DependenciesResolver.swift in Sources */,
				CF9B2E2F25D5C62E0087D32B /* ImageCache.swift in Sources */,
				CF4826DC25A39DD400068927 /* Key.swift in Sources */,
				CF3C6AB625A4F4C9007A52F8 /* WindowRepository.swift in Sources */,
				CFF5F75F25A668EC00C3378F /* LeftSideMenuViewController+NSTableViewDataSource.swift in Sources */,
				CFB4B91B25A9051400539AB6 /* SynchronizedDependenciesContainer.swift in Sources */,
				CFB4B91725A9017500539AB6 /* DependencyQualifier.swift in Sources */,
				CF00C64125A7977C003454E6 /* DependenciesContainer.swift in Sources */,
				CFB3689225A7B8B000CB8A89 /* HotKeysInteractor.swift in Sources */,
				CFAEAA7525D98D1A00675171 /* SettingsAppearanceProvider.swift in Sources */,
				CFD076A425D0595F00FF2730 /* LayoutSchemesCollectionViewItem.swift in Sources */,
				CF00C63D25A791EF003454E6 /* AppDependenciesResolver.swift in Sources */,
				CF00C65825A7AD93003454E6 /* LayoutArea.swift in Sources */,
				CFC2108425D3373600726D8C /* PermissionsViewController.swift in Sources */,
				CF081A3E25C8A0940099DA5B /* PopoverWindowController.swift in Sources */,
				CFD0769F25D04F9600FF2730 /* Vector2.swift in Sources */,
				CF5E416E25AA3296001DEC28 /* SettingsViewController.swift in Sources */,
				CFBD325025C8563D006DDAE5 /* NSColor+Helpers.swift in Sources */,
				CF081A3425C89C630099DA5B /* PopoverBackgroundView.swift in Sources */,
				CF6995AF25D6EC2F00A52715 /* SettingProperty.swift in Sources */,
				CF3C6ABA25A4FDFD007A52F8 /* String+Localization.swift in Sources */,
				CF1B395125A2715200F7F9C7 /* RightSideMenuDelegate.swift in Sources */,
				CF1B394925A26EEE00F7F9C7 /* StatusBarMenuController.swift in Sources */,
				CF821E8625A23430002B5F1D /* ScreensController.swift in Sources */,
				CF5E418625AA4476001DEC28 /* LayoutSchemesInteractor.swift in Sources */,
				CF081A3B25C8A05B0099DA5B /* Popover.swift in Sources */,
				CFACE47425A1CFCF00EE31F5 /* AppDelegate.swift in Sources */,
				CF3C6ABE25A4FFF8007A52F8 /* EventMonitor.swift in Sources */,
				CFC2107925D330B200726D8C /* AccessibilityPermissionsManager.swift in Sources */,
				CF4826D525A3967700068927 /* RightSideMenuItemsFactory.swift in Sources */,
				CF00C65D25A7B499003454E6 /* MenuItem.swift in Sources */,
				CF6995A725D6EA3A00A52715 /* SettingsManager.swift in Sources */,
				CF821E8125A22402002B5F1D /* Window.m in Sources */,
				CF00C64825A79983003454E6 /* GraphDependenciesContainer.swift in Sources */,
				CFF5F76225A669A600C3378F /* LeftSideMenuViewController+NSTableViewDelegate.swift in Sources */,
			);
			runOnlyForDeploymentPostprocessing = 0;
		};
/* End PBXSourcesBuildPhase section */

/* Begin PBXVariantGroup section */
		CF4826D025A395D300068927 /* Localizable.strings */ = {
			isa = PBXVariantGroup;
			children = (
				CF4826CF25A395D300068927 /* en */,
				CF4826D225A3960000068927 /* ru */,
			);
			name = Localizable.strings;
			sourceTree = "<group>";
		};
		CF69959125D6E6F000A52715 /* MainMenu.xib */ = {
			isa = PBXVariantGroup;
			children = (
				CF69959225D6E6F000A52715 /* Base */,
			);
			name = MainMenu.xib;
			sourceTree = "<group>";
		};
		CFACE47925A1CFD000EE31F5 /* MainFlow.storyboard */ = {
			isa = PBXVariantGroup;
			children = (
				CFACE47A25A1CFD000EE31F5 /* Base */,
			);
			name = MainFlow.storyboard;
			sourceTree = "<group>";
		};
/* End PBXVariantGroup section */

/* Begin XCBuildConfiguration section */
		CF69959925D6E6F000A52715 /* Debug */ = {
			isa = XCBuildConfiguration;
			buildSettings = {
				ASSETCATALOG_COMPILER_APPICON_NAME = AppIcon;
				ASSETCATALOG_COMPILER_GLOBAL_ACCENT_COLOR_NAME = AccentColor;
				CODE_SIGN_ENTITLEMENTS = ConciergeLauncher/ConciergeLauncher.entitlements;
				CODE_SIGN_IDENTITY = "-";
				CODE_SIGN_STYLE = Automatic;
				COMBINE_HIDPI_IMAGES = YES;
				DEVELOPMENT_TEAM = 275D4J3Y5L;
				ENABLE_HARDENED_RUNTIME = YES;
				INFOPLIST_FILE = ConciergeLauncher/Info.plist;
				LD_RUNPATH_SEARCH_PATHS = (
					"$(inherited)",
					"@executable_path/../Frameworks",
				);
				PRODUCT_BUNDLE_IDENTIFIER = st235.com.github.ConciergeLauncher;
				PRODUCT_NAME = "$(TARGET_NAME)";
				SKIP_INSTALL = YES;
			};
			name = Debug;
		};
		CF69959A25D6E6F000A52715 /* Release */ = {
			isa = XCBuildConfiguration;
			buildSettings = {
				ASSETCATALOG_COMPILER_APPICON_NAME = AppIcon;
				ASSETCATALOG_COMPILER_GLOBAL_ACCENT_COLOR_NAME = AccentColor;
				CODE_SIGN_ENTITLEMENTS = ConciergeLauncher/ConciergeLauncher.entitlements;
				CODE_SIGN_IDENTITY = "-";
				CODE_SIGN_STYLE = Automatic;
				COMBINE_HIDPI_IMAGES = YES;
				DEVELOPMENT_TEAM = 275D4J3Y5L;
				ENABLE_HARDENED_RUNTIME = YES;
				INFOPLIST_FILE = ConciergeLauncher/Info.plist;
				LD_RUNPATH_SEARCH_PATHS = (
					"$(inherited)",
					"@executable_path/../Frameworks",
				);
				PRODUCT_BUNDLE_IDENTIFIER = st235.com.github.ConciergeLauncher;
				PRODUCT_NAME = "$(TARGET_NAME)";
				SKIP_INSTALL = YES;
			};
			name = Release;
		};
		CFACE47E25A1CFD000EE31F5 /* Debug */ = {
			isa = XCBuildConfiguration;
			buildSettings = {
				ALWAYS_SEARCH_USER_PATHS = NO;
				CLANG_ANALYZER_LOCALIZABILITY_NONLOCALIZED = YES;
				CLANG_ANALYZER_NONNULL = YES;
				CLANG_ANALYZER_NUMBER_OBJECT_CONVERSION = YES_AGGRESSIVE;
				CLANG_CXX_LANGUAGE_STANDARD = "gnu++14";
				CLANG_CXX_LIBRARY = "libc++";
				CLANG_ENABLE_MODULES = YES;
				CLANG_ENABLE_OBJC_ARC = YES;
				CLANG_ENABLE_OBJC_WEAK = YES;
				CLANG_WARN_BLOCK_CAPTURE_AUTORELEASING = YES;
				CLANG_WARN_BOOL_CONVERSION = YES;
				CLANG_WARN_COMMA = YES;
				CLANG_WARN_CONSTANT_CONVERSION = YES;
				CLANG_WARN_DEPRECATED_OBJC_IMPLEMENTATIONS = YES;
				CLANG_WARN_DIRECT_OBJC_ISA_USAGE = YES_ERROR;
				CLANG_WARN_DOCUMENTATION_COMMENTS = YES;
				CLANG_WARN_EMPTY_BODY = YES;
				CLANG_WARN_ENUM_CONVERSION = YES;
				CLANG_WARN_INFINITE_RECURSION = YES;
				CLANG_WARN_INT_CONVERSION = YES;
				CLANG_WARN_NON_LITERAL_NULL_CONVERSION = YES;
				CLANG_WARN_OBJC_IMPLICIT_RETAIN_SELF = YES;
				CLANG_WARN_OBJC_LITERAL_CONVERSION = YES;
				CLANG_WARN_OBJC_ROOT_CLASS = YES_ERROR;
				CLANG_WARN_QUOTED_INCLUDE_IN_FRAMEWORK_HEADER = YES;
				CLANG_WARN_RANGE_LOOP_ANALYSIS = YES;
				CLANG_WARN_STRICT_PROTOTYPES = YES;
				CLANG_WARN_SUSPICIOUS_MOVE = YES;
				CLANG_WARN_UNGUARDED_AVAILABILITY = YES_AGGRESSIVE;
				CLANG_WARN_UNREACHABLE_CODE = YES;
				CLANG_WARN__DUPLICATE_METHOD_MATCH = YES;
				COPY_PHASE_STRIP = NO;
				DEBUG_INFORMATION_FORMAT = dwarf;
				ENABLE_STRICT_OBJC_MSGSEND = YES;
				ENABLE_TESTABILITY = YES;
				GCC_C_LANGUAGE_STANDARD = gnu11;
				GCC_DYNAMIC_NO_PIC = NO;
				GCC_NO_COMMON_BLOCKS = YES;
				GCC_OPTIMIZATION_LEVEL = 0;
				GCC_PREPROCESSOR_DEFINITIONS = (
					"DEBUG=1",
					"$(inherited)",
				);
				GCC_WARN_64_TO_32_BIT_CONVERSION = YES;
				GCC_WARN_ABOUT_RETURN_TYPE = YES_ERROR;
				GCC_WARN_UNDECLARED_SELECTOR = YES;
				GCC_WARN_UNINITIALIZED_AUTOS = YES_AGGRESSIVE;
				GCC_WARN_UNUSED_FUNCTION = YES;
				GCC_WARN_UNUSED_VARIABLE = YES;
				MACOSX_DEPLOYMENT_TARGET = 11.1;
				MTL_ENABLE_DEBUG_INFO = INCLUDE_SOURCE;
				MTL_FAST_MATH = YES;
				ONLY_ACTIVE_ARCH = YES;
				SDKROOT = macosx;
				SWIFT_ACTIVE_COMPILATION_CONDITIONS = DEBUG;
				SWIFT_OPTIMIZATION_LEVEL = "-Onone";
			};
			name = Debug;
		};
		CFACE47F25A1CFD000EE31F5 /* Release */ = {
			isa = XCBuildConfiguration;
			buildSettings = {
				ALWAYS_SEARCH_USER_PATHS = NO;
				CLANG_ANALYZER_LOCALIZABILITY_NONLOCALIZED = YES;
				CLANG_ANALYZER_NONNULL = YES;
				CLANG_ANALYZER_NUMBER_OBJECT_CONVERSION = YES_AGGRESSIVE;
				CLANG_CXX_LANGUAGE_STANDARD = "gnu++14";
				CLANG_CXX_LIBRARY = "libc++";
				CLANG_ENABLE_MODULES = YES;
				CLANG_ENABLE_OBJC_ARC = YES;
				CLANG_ENABLE_OBJC_WEAK = YES;
				CLANG_WARN_BLOCK_CAPTURE_AUTORELEASING = YES;
				CLANG_WARN_BOOL_CONVERSION = YES;
				CLANG_WARN_COMMA = YES;
				CLANG_WARN_CONSTANT_CONVERSION = YES;
				CLANG_WARN_DEPRECATED_OBJC_IMPLEMENTATIONS = YES;
				CLANG_WARN_DIRECT_OBJC_ISA_USAGE = YES_ERROR;
				CLANG_WARN_DOCUMENTATION_COMMENTS = YES;
				CLANG_WARN_EMPTY_BODY = YES;
				CLANG_WARN_ENUM_CONVERSION = YES;
				CLANG_WARN_INFINITE_RECURSION = YES;
				CLANG_WARN_INT_CONVERSION = YES;
				CLANG_WARN_NON_LITERAL_NULL_CONVERSION = YES;
				CLANG_WARN_OBJC_IMPLICIT_RETAIN_SELF = YES;
				CLANG_WARN_OBJC_LITERAL_CONVERSION = YES;
				CLANG_WARN_OBJC_ROOT_CLASS = YES_ERROR;
				CLANG_WARN_QUOTED_INCLUDE_IN_FRAMEWORK_HEADER = YES;
				CLANG_WARN_RANGE_LOOP_ANALYSIS = YES;
				CLANG_WARN_STRICT_PROTOTYPES = YES;
				CLANG_WARN_SUSPICIOUS_MOVE = YES;
				CLANG_WARN_UNGUARDED_AVAILABILITY = YES_AGGRESSIVE;
				CLANG_WARN_UNREACHABLE_CODE = YES;
				CLANG_WARN__DUPLICATE_METHOD_MATCH = YES;
				COPY_PHASE_STRIP = NO;
				DEBUG_INFORMATION_FORMAT = "dwarf-with-dsym";
				ENABLE_NS_ASSERTIONS = NO;
				ENABLE_STRICT_OBJC_MSGSEND = YES;
				GCC_C_LANGUAGE_STANDARD = gnu11;
				GCC_NO_COMMON_BLOCKS = YES;
				GCC_WARN_64_TO_32_BIT_CONVERSION = YES;
				GCC_WARN_ABOUT_RETURN_TYPE = YES_ERROR;
				GCC_WARN_UNDECLARED_SELECTOR = YES;
				GCC_WARN_UNINITIALIZED_AUTOS = YES_AGGRESSIVE;
				GCC_WARN_UNUSED_FUNCTION = YES;
				GCC_WARN_UNUSED_VARIABLE = YES;
				MACOSX_DEPLOYMENT_TARGET = 11.1;
				MTL_ENABLE_DEBUG_INFO = NO;
				MTL_FAST_MATH = YES;
				SDKROOT = macosx;
				SWIFT_COMPILATION_MODE = wholemodule;
				SWIFT_OPTIMIZATION_LEVEL = "-O";
			};
			name = Release;
		};
		CFACE48125A1CFD000EE31F5 /* Debug */ = {
			isa = XCBuildConfiguration;
			buildSettings = {
				ASSETCATALOG_COMPILER_APPICON_NAME = AppIcon;
				ASSETCATALOG_COMPILER_GLOBAL_ACCENT_COLOR_NAME = AccentColor;
				CLANG_ENABLE_MODULES = YES;
				CODE_SIGN_ENTITLEMENTS = Concierge/Resources/Concierge.entitlements;
				CODE_SIGN_IDENTITY = "-";
				CODE_SIGN_STYLE = Automatic;
				COMBINE_HIDPI_IMAGES = YES;
				DEVELOPMENT_TEAM = 275D4J3Y5L;
				ENABLE_HARDENED_RUNTIME = YES;
				INFOPLIST_FILE = Concierge/Resources/Info.plist;
				LD_RUNPATH_SEARCH_PATHS = (
					"$(inherited)",
					"@executable_path/../Frameworks",
				);
				PRODUCT_BUNDLE_IDENTIFIER = st235.com.github.Concierge;
				PRODUCT_NAME = "$(TARGET_NAME)";
				SWIFT_OBJC_BRIDGING_HEADER = "Concierge/Sources/Concierge-Bridging-Header.h";
				SWIFT_OPTIMIZATION_LEVEL = "-Onone";
				SWIFT_VERSION = 5.0;
			};
			name = Debug;
		};
		CFACE48225A1CFD000EE31F5 /* Release */ = {
			isa = XCBuildConfiguration;
			buildSettings = {
				ASSETCATALOG_COMPILER_APPICON_NAME = AppIcon;
				ASSETCATALOG_COMPILER_GLOBAL_ACCENT_COLOR_NAME = AccentColor;
				CLANG_ENABLE_MODULES = YES;
				CODE_SIGN_ENTITLEMENTS = Concierge/Resources/Concierge.entitlements;
				CODE_SIGN_IDENTITY = "-";
				CODE_SIGN_STYLE = Automatic;
				COMBINE_HIDPI_IMAGES = YES;
				DEVELOPMENT_TEAM = 275D4J3Y5L;
				ENABLE_HARDENED_RUNTIME = YES;
				INFOPLIST_FILE = Concierge/Resources/Info.plist;
				LD_RUNPATH_SEARCH_PATHS = (
					"$(inherited)",
					"@executable_path/../Frameworks",
				);
				PRODUCT_BUNDLE_IDENTIFIER = st235.com.github.Concierge;
				PRODUCT_NAME = "$(TARGET_NAME)";
				SWIFT_OBJC_BRIDGING_HEADER = "Concierge/Sources/Concierge-Bridging-Header.h";
				SWIFT_VERSION = 5.0;
			};
			name = Release;
		};
/* End XCBuildConfiguration section */

/* Begin XCConfigurationList section */
		CF69959825D6E6F000A52715 /* Build configuration list for PBXNativeTarget "ConciergeLauncher" */ = {
			isa = XCConfigurationList;
			buildConfigurations = (
				CF69959925D6E6F000A52715 /* Debug */,
				CF69959A25D6E6F000A52715 /* Release */,
			);
			defaultConfigurationIsVisible = 0;
			defaultConfigurationName = Release;
		};
		CFACE46B25A1CFCF00EE31F5 /* Build configuration list for PBXProject "Concierge" */ = {
			isa = XCConfigurationList;
			buildConfigurations = (
				CFACE47E25A1CFD000EE31F5 /* Debug */,
				CFACE47F25A1CFD000EE31F5 /* Release */,
			);
			defaultConfigurationIsVisible = 0;
			defaultConfigurationName = Release;
		};
		CFACE48025A1CFD000EE31F5 /* Build configuration list for PBXNativeTarget "Concierge" */ = {
			isa = XCConfigurationList;
			buildConfigurations = (
				CFACE48125A1CFD000EE31F5 /* Debug */,
				CFACE48225A1CFD000EE31F5 /* Release */,
			);
			defaultConfigurationIsVisible = 0;
			defaultConfigurationName = Release;
		};
/* End XCConfigurationList section */
	};
	rootObject = CFACE46825A1CFCF00EE31F5 /* Project object */;
}
