// !$*UTF8*$!
{
	archiveVersion = 1;
	classes = {
	};
	objectVersion = 50;
	objects = {

/* Begin PBXBuildFile section */
		CF1B394925A26EEE00F7F9C7 /* StatusBarMenuController.swift in Sources */ = {isa = PBXBuildFile; fileRef = CF1B394825A26EEE00F7F9C7 /* StatusBarMenuController.swift */; };
		CF1B395125A2715200F7F9C7 /* RightSideMenuDelegate.swift in Sources */ = {isa = PBXBuildFile; fileRef = CF1B395025A2715200F7F9C7 /* RightSideMenuDelegate.swift */; };
		CF1B395525A2716C00F7F9C7 /* LeftSideMenuDelegate.swift in Sources */ = {isa = PBXBuildFile; fileRef = CF1B395425A2716C00F7F9C7 /* LeftSideMenuDelegate.swift */; };
		CF1B395D25A2747900F7F9C7 /* LeftSideMenuViewController.swift in Sources */ = {isa = PBXBuildFile; fileRef = CF1B395C25A2747900F7F9C7 /* LeftSideMenuViewController.swift */; };
		CF3C6AB625A4F4C9007A52F8 /* WindowRepository.swift in Sources */ = {isa = PBXBuildFile; fileRef = CF3C6AB525A4F4C9007A52F8 /* WindowRepository.swift */; };
		CF3C6ABA25A4FDFD007A52F8 /* String+Localization.swift in Sources */ = {isa = PBXBuildFile; fileRef = CF3C6AB925A4FDFD007A52F8 /* String+Localization.swift */; };
		CF3C6ABE25A4FFF8007A52F8 /* EventMonitor.swift in Sources */ = {isa = PBXBuildFile; fileRef = CF3C6ABD25A4FFF8007A52F8 /* EventMonitor.swift */; };
		CF4826CE25A395D300068927 /* Localizable.strings in Resources */ = {isa = PBXBuildFile; fileRef = CF4826D025A395D300068927 /* Localizable.strings */; };
		CF4826D525A3967700068927 /* RightSideMenuItemsFactory.swift in Sources */ = {isa = PBXBuildFile; fileRef = CF4826D425A3967700068927 /* RightSideMenuItemsFactory.swift */; };
		CF4826DC25A39DD400068927 /* Key.swift in Sources */ = {isa = PBXBuildFile; fileRef = CF4826DB25A39DD400068927 /* Key.swift */; };
		CF4826DF25A39F8B00068927 /* HotKeyController.swift in Sources */ = {isa = PBXBuildFile; fileRef = CF4826DE25A39F8B00068927 /* HotKeyController.swift */; };
		CF4826E225A39FB000068927 /* KeyScheme.swift in Sources */ = {isa = PBXBuildFile; fileRef = CF4826E125A39FB000068927 /* KeyScheme.swift */; };
		CF4826E825A3B30D00068927 /* KeySchemeFactory.swift in Sources */ = {isa = PBXBuildFile; fileRef = CF4826E725A3B30D00068927 /* KeySchemeFactory.swift */; };
		CF821E7A25A21EAF002B5F1D /* WindowController.m in Sources */ = {isa = PBXBuildFile; fileRef = CF821E7925A21EAF002B5F1D /* WindowController.m */; };
		CF821E8125A22402002B5F1D /* Window.m in Sources */ = {isa = PBXBuildFile; fileRef = CF821E8025A22402002B5F1D /* Window.m */; };
		CF821E8625A23430002B5F1D /* ScreensController.swift in Sources */ = {isa = PBXBuildFile; fileRef = CF821E8525A23430002B5F1D /* ScreensController.swift */; };
		CFACE47425A1CFCF00EE31F5 /* AppDelegate.swift in Sources */ = {isa = PBXBuildFile; fileRef = CFACE47325A1CFCF00EE31F5 /* AppDelegate.swift */; };
		CFACE47825A1CFD000EE31F5 /* Assets.xcassets in Resources */ = {isa = PBXBuildFile; fileRef = CFACE47725A1CFD000EE31F5 /* Assets.xcassets */; };
		CFACE47B25A1CFD000EE31F5 /* MainFlow.storyboard in Resources */ = {isa = PBXBuildFile; fileRef = CFACE47925A1CFD000EE31F5 /* MainFlow.storyboard */; };
		CFACE48825A1D4C400EE31F5 /* LayoutPreviewView.swift in Sources */ = {isa = PBXBuildFile; fileRef = CFACE48725A1D4C400EE31F5 /* LayoutPreviewView.swift */; };
		CFDEBD8825A276CE001AD0FE /* SideBarMenuDelegate.swift in Sources */ = {isa = PBXBuildFile; fileRef = CFDEBD8725A276CE001AD0FE /* SideBarMenuDelegate.swift */; };
/* End PBXBuildFile section */

/* Begin PBXFileReference section */
		CF1B394825A26EEE00F7F9C7 /* StatusBarMenuController.swift */ = {isa = PBXFileReference; lastKnownFileType = sourcecode.swift; path = StatusBarMenuController.swift; sourceTree = "<group>"; };
		CF1B395025A2715200F7F9C7 /* RightSideMenuDelegate.swift */ = {isa = PBXFileReference; lastKnownFileType = sourcecode.swift; path = RightSideMenuDelegate.swift; sourceTree = "<group>"; };
		CF1B395425A2716C00F7F9C7 /* LeftSideMenuDelegate.swift */ = {isa = PBXFileReference; lastKnownFileType = sourcecode.swift; path = LeftSideMenuDelegate.swift; sourceTree = "<group>"; };
		CF1B395C25A2747900F7F9C7 /* LeftSideMenuViewController.swift */ = {isa = PBXFileReference; lastKnownFileType = sourcecode.swift; path = LeftSideMenuViewController.swift; sourceTree = "<group>"; };
		CF1DCA1025A3C6A40038ACA4 /* en */ = {isa = PBXFileReference; lastKnownFileType = text.plist.strings; name = en; path = en.lproj/MainFlow.strings; sourceTree = "<group>"; };
		CF1DCA1225A3C6A50038ACA4 /* ru */ = {isa = PBXFileReference; lastKnownFileType = text.plist.strings; name = ru; path = ru.lproj/MainFlow.strings; sourceTree = "<group>"; };
		CF3C6AB525A4F4C9007A52F8 /* WindowRepository.swift */ = {isa = PBXFileReference; lastKnownFileType = sourcecode.swift; path = WindowRepository.swift; sourceTree = "<group>"; };
		CF3C6AB925A4FDFD007A52F8 /* String+Localization.swift */ = {isa = PBXFileReference; lastKnownFileType = sourcecode.swift; path = "String+Localization.swift"; sourceTree = "<group>"; };
		CF3C6ABD25A4FFF8007A52F8 /* EventMonitor.swift */ = {isa = PBXFileReference; lastKnownFileType = sourcecode.swift; path = EventMonitor.swift; sourceTree = "<group>"; };
		CF4826CF25A395D300068927 /* en */ = {isa = PBXFileReference; lastKnownFileType = text.plist.strings; name = en; path = en.lproj/Localizable.strings; sourceTree = "<group>"; };
		CF4826D225A3960000068927 /* ru */ = {isa = PBXFileReference; lastKnownFileType = text.plist.strings; name = ru; path = ru.lproj/Localizable.strings; sourceTree = "<group>"; };
		CF4826D425A3967700068927 /* RightSideMenuItemsFactory.swift */ = {isa = PBXFileReference; lastKnownFileType = sourcecode.swift; path = RightSideMenuItemsFactory.swift; sourceTree = "<group>"; };
		CF4826DB25A39DD400068927 /* Key.swift */ = {isa = PBXFileReference; lastKnownFileType = sourcecode.swift; path = Key.swift; sourceTree = "<group>"; };
		CF4826DE25A39F8B00068927 /* HotKeyController.swift */ = {isa = PBXFileReference; lastKnownFileType = sourcecode.swift; path = HotKeyController.swift; sourceTree = "<group>"; };
		CF4826E125A39FB000068927 /* KeyScheme.swift */ = {isa = PBXFileReference; lastKnownFileType = sourcecode.swift; path = KeyScheme.swift; sourceTree = "<group>"; };
		CF4826E725A3B30D00068927 /* KeySchemeFactory.swift */ = {isa = PBXFileReference; lastKnownFileType = sourcecode.swift; path = KeySchemeFactory.swift; sourceTree = "<group>"; };
		CF821E7725A21EAE002B5F1D /* Concierge-Bridging-Header.h */ = {isa = PBXFileReference; lastKnownFileType = sourcecode.c.h; path = "Concierge-Bridging-Header.h"; sourceTree = "<group>"; };
		CF821E7825A21EAF002B5F1D /* WindowController.h */ = {isa = PBXFileReference; lastKnownFileType = sourcecode.c.h; path = WindowController.h; sourceTree = "<group>"; };
		CF821E7925A21EAF002B5F1D /* WindowController.m */ = {isa = PBXFileReference; lastKnownFileType = sourcecode.c.objc; path = WindowController.m; sourceTree = "<group>"; };
		CF821E7F25A22402002B5F1D /* Window.h */ = {isa = PBXFileReference; lastKnownFileType = sourcecode.c.h; path = Window.h; sourceTree = "<group>"; };
		CF821E8025A22402002B5F1D /* Window.m */ = {isa = PBXFileReference; lastKnownFileType = sourcecode.c.objc; path = Window.m; sourceTree = "<group>"; };
		CF821E8525A23430002B5F1D /* ScreensController.swift */ = {isa = PBXFileReference; lastKnownFileType = sourcecode.swift; path = ScreensController.swift; sourceTree = "<group>"; };
		CFACE47025A1CFCF00EE31F5 /* Concierge.app */ = {isa = PBXFileReference; explicitFileType = wrapper.application; includeInIndex = 0; path = Concierge.app; sourceTree = BUILT_PRODUCTS_DIR; };
		CFACE47325A1CFCF00EE31F5 /* AppDelegate.swift */ = {isa = PBXFileReference; lastKnownFileType = sourcecode.swift; path = AppDelegate.swift; sourceTree = "<group>"; };
		CFACE47725A1CFD000EE31F5 /* Assets.xcassets */ = {isa = PBXFileReference; lastKnownFileType = folder.assetcatalog; path = Assets.xcassets; sourceTree = "<group>"; };
		CFACE47A25A1CFD000EE31F5 /* Base */ = {isa = PBXFileReference; lastKnownFileType = file.storyboard; name = Base; path = Base.lproj/MainFlow.storyboard; sourceTree = "<group>"; };
		CFACE47C25A1CFD000EE31F5 /* Info.plist */ = {isa = PBXFileReference; lastKnownFileType = text.plist.xml; path = Info.plist; sourceTree = "<group>"; };
		CFACE47D25A1CFD000EE31F5 /* Concierge.entitlements */ = {isa = PBXFileReference; lastKnownFileType = text.plist.entitlements; path = Concierge.entitlements; sourceTree = "<group>"; };
		CFACE48725A1D4C400EE31F5 /* LayoutPreviewView.swift */ = {isa = PBXFileReference; lastKnownFileType = sourcecode.swift; path = LayoutPreviewView.swift; sourceTree = "<group>"; };
		CFDEBD8725A276CE001AD0FE /* SideBarMenuDelegate.swift */ = {isa = PBXFileReference; lastKnownFileType = sourcecode.swift; path = SideBarMenuDelegate.swift; sourceTree = "<group>"; };
/* End PBXFileReference section */

/* Begin PBXFrameworksBuildPhase section */
		CFACE46D25A1CFCF00EE31F5 /* Frameworks */ = {
			isa = PBXFrameworksBuildPhase;
			buildActionMask = 2147483647;
			files = (
			);
			runOnlyForDeploymentPostprocessing = 0;
		};
/* End PBXFrameworksBuildPhase section */

/* Begin PBXGroup section */
		CF1B393925A26A5D00F7F9C7 /* Presentation */ = {
			isa = PBXGroup;
			children = (
				CFACE47925A1CFD000EE31F5 /* MainFlow.storyboard */,
				CF1B394725A26E9F00F7F9C7 /* StatusBarMenu */,
				CFACE47325A1CFCF00EE31F5 /* AppDelegate.swift */,
			);
			path = Presentation;
			sourceTree = "<group>";
		};
		CF1B393A25A26A6C00F7F9C7 /* Resources */ = {
			isa = PBXGroup;
			children = (
				CFACE47725A1CFD000EE31F5 /* Assets.xcassets */,
				CFACE47D25A1CFD000EE31F5 /* Concierge.entitlements */,
				CFACE47C25A1CFD000EE31F5 /* Info.plist */,
				CF4826D025A395D300068927 /* Localizable.strings */,
			);
			path = Resources;
			sourceTree = "<group>";
		};
		CF1B394125A26D1C00F7F9C7 /* Domain */ = {
			isa = PBXGroup;
			children = (
				CF3C6ABC25A4FFE7007A52F8 /* EventMonitor */,
				CF4826D725A3984500068927 /* Keyboard */,
				CF821E7525A2191F002B5F1D /* Windows */,
			);
			path = Domain;
			sourceTree = "<group>";
		};
		CF1B394225A26D5900F7F9C7 /* Sources */ = {
			isa = PBXGroup;
			children = (
				CF3C6AB825A4FDE5007A52F8 /* Utils */,
				CF3C6AB425A4F4A5007A52F8 /* Data */,
				CF821E7725A21EAE002B5F1D /* Concierge-Bridging-Header.h */,
				CF821E7325A21881002B5F1D /* Views */,
				CF1B393925A26A5D00F7F9C7 /* Presentation */,
				CF1B394125A26D1C00F7F9C7 /* Domain */,
			);
			path = Sources;
			sourceTree = "<group>";
		};
		CF1B394725A26E9F00F7F9C7 /* StatusBarMenu */ = {
			isa = PBXGroup;
			children = (
				CF1B394C25A270AF00F7F9C7 /* LeftSideMenu */,
				CF1B394B25A270A000F7F9C7 /* RightSideMenu */,
				CF1B394825A26EEE00F7F9C7 /* StatusBarMenuController.swift */,
				CFDEBD8725A276CE001AD0FE /* SideBarMenuDelegate.swift */,
			);
			path = StatusBarMenu;
			sourceTree = "<group>";
		};
		CF1B394B25A270A000F7F9C7 /* RightSideMenu */ = {
			isa = PBXGroup;
			children = (
				CF1B395025A2715200F7F9C7 /* RightSideMenuDelegate.swift */,
				CF4826D425A3967700068927 /* RightSideMenuItemsFactory.swift */,
			);
			path = RightSideMenu;
			sourceTree = "<group>";
		};
		CF1B394C25A270AF00F7F9C7 /* LeftSideMenu */ = {
			isa = PBXGroup;
			children = (
				CF1B395425A2716C00F7F9C7 /* LeftSideMenuDelegate.swift */,
				CF1B395C25A2747900F7F9C7 /* LeftSideMenuViewController.swift */,
			);
			path = LeftSideMenu;
			sourceTree = "<group>";
		};
		CF3C6AB425A4F4A5007A52F8 /* Data */ = {
			isa = PBXGroup;
			children = (
				CF3C6AB525A4F4C9007A52F8 /* WindowRepository.swift */,
			);
			path = Data;
			sourceTree = "<group>";
		};
		CF3C6AB825A4FDE5007A52F8 /* Utils */ = {
			isa = PBXGroup;
			children = (
				CF3C6AB925A4FDFD007A52F8 /* String+Localization.swift */,
			);
			path = Utils;
			sourceTree = "<group>";
		};
		CF3C6ABC25A4FFE7007A52F8 /* EventMonitor */ = {
			isa = PBXGroup;
			children = (
				CF3C6ABD25A4FFF8007A52F8 /* EventMonitor.swift */,
			);
			path = EventMonitor;
			sourceTree = "<group>";
		};
		CF4826D725A3984500068927 /* Keyboard */ = {
			isa = PBXGroup;
			children = (
				CF4826DB25A39DD400068927 /* Key.swift */,
				CF4826DE25A39F8B00068927 /* HotKeyController.swift */,
				CF4826E125A39FB000068927 /* KeyScheme.swift */,
				CF4826E725A3B30D00068927 /* KeySchemeFactory.swift */,
			);
			path = Keyboard;
			sourceTree = "<group>";
		};
		CF821E7325A21881002B5F1D /* Views */ = {
			isa = PBXGroup;
			children = (
				CFACE48725A1D4C400EE31F5 /* LayoutPreviewView.swift */,
			);
			path = Views;
			sourceTree = "<group>";
		};
		CF821E7525A2191F002B5F1D /* Windows */ = {
			isa = PBXGroup;
			children = (
				CF821E7825A21EAF002B5F1D /* WindowController.h */,
				CF821E7925A21EAF002B5F1D /* WindowController.m */,
				CF821E7F25A22402002B5F1D /* Window.h */,
				CF821E8025A22402002B5F1D /* Window.m */,
				CF821E8525A23430002B5F1D /* ScreensController.swift */,
			);
			path = Windows;
			sourceTree = "<group>";
		};
		CFACE46725A1CFCF00EE31F5 = {
			isa = PBXGroup;
			children = (
				CFACE47225A1CFCF00EE31F5 /* Concierge */,
				CFACE47125A1CFCF00EE31F5 /* Products */,
			);
			sourceTree = "<group>";
		};
		CFACE47125A1CFCF00EE31F5 /* Products */ = {
			isa = PBXGroup;
			children = (
				CFACE47025A1CFCF00EE31F5 /* Concierge.app */,
			);
			name = Products;
			sourceTree = "<group>";
		};
		CFACE47225A1CFCF00EE31F5 /* Concierge */ = {
			isa = PBXGroup;
			children = (
				CF1B394225A26D5900F7F9C7 /* Sources */,
				CF1B393A25A26A6C00F7F9C7 /* Resources */,
			);
			path = Concierge;
			sourceTree = "<group>";
		};
/* End PBXGroup section */

/* Begin PBXNativeTarget section */
		CFACE46F25A1CFCF00EE31F5 /* Concierge */ = {
			isa = PBXNativeTarget;
			buildConfigurationList = CFACE48025A1CFD000EE31F5 /* Build configuration list for PBXNativeTarget "Concierge" */;
			buildPhases = (
				CFACE46C25A1CFCF00EE31F5 /* Sources */,
				CFACE46D25A1CFCF00EE31F5 /* Frameworks */,
				CFACE46E25A1CFCF00EE31F5 /* Resources */,
			);
			buildRules = (
			);
			dependencies = (
			);
			name = Concierge;
			productName = Concierge;
			productReference = CFACE47025A1CFCF00EE31F5 /* Concierge.app */;
			productType = "com.apple.product-type.application";
		};
/* End PBXNativeTarget section */

/* Begin PBXProject section */
		CFACE46825A1CFCF00EE31F5 /* Project object */ = {
			isa = PBXProject;
			attributes = {
				LastSwiftUpdateCheck = 1230;
				LastUpgradeCheck = 1230;
				TargetAttributes = {
					CFACE46F25A1CFCF00EE31F5 = {
						CreatedOnToolsVersion = 12.3;
						LastSwiftMigration = 1230;
					};
				};
			};
			buildConfigurationList = CFACE46B25A1CFCF00EE31F5 /* Build configuration list for PBXProject "Concierge" */;
			compatibilityVersion = "Xcode 9.3";
			developmentRegion = en;
			hasScannedForEncodings = 0;
			knownRegions = (
				en,
				Base,
				ru,
			);
			mainGroup = CFACE46725A1CFCF00EE31F5;
			productRefGroup = CFACE47125A1CFCF00EE31F5 /* Products */;
			projectDirPath = "";
			projectRoot = "";
			targets = (
				CFACE46F25A1CFCF00EE31F5 /* Concierge */,
			);
		};
/* End PBXProject section */

/* Begin PBXResourcesBuildPhase section */
		CFACE46E25A1CFCF00EE31F5 /* Resources */ = {
			isa = PBXResourcesBuildPhase;
			buildActionMask = 2147483647;
			files = (
				CFACE47825A1CFD000EE31F5 /* Assets.xcassets in Resources */,
				CFACE47B25A1CFD000EE31F5 /* MainFlow.storyboard in Resources */,
				CF4826CE25A395D300068927 /* Localizable.strings in Resources */,
			);
			runOnlyForDeploymentPostprocessing = 0;
		};
/* End PBXResourcesBuildPhase section */

/* Begin PBXSourcesBuildPhase section */
		CFACE46C25A1CFCF00EE31F5 /* Sources */ = {
			isa = PBXSourcesBuildPhase;
			buildActionMask = 2147483647;
			files = (
				CF821E7A25A21EAF002B5F1D /* WindowController.m in Sources */,
				CF1B395D25A2747900F7F9C7 /* LeftSideMenuViewController.swift in Sources */,
				CFDEBD8825A276CE001AD0FE /* SideBarMenuDelegate.swift in Sources */,
				CF1B395525A2716C00F7F9C7 /* LeftSideMenuDelegate.swift in Sources */,
				CF4826E225A39FB000068927 /* KeyScheme.swift in Sources */,
				CF4826E825A3B30D00068927 /* KeySchemeFactory.swift in Sources */,
				CFACE48825A1D4C400EE31F5 /* LayoutPreviewView.swift in Sources */,
				CF4826DF25A39F8B00068927 /* HotKeyController.swift in Sources */,
				CF4826DC25A39DD400068927 /* Key.swift in Sources */,
				CF3C6AB625A4F4C9007A52F8 /* WindowRepository.swift in Sources */,
				CF3C6ABA25A4FDFD007A52F8 /* String+Localization.swift in Sources */,
				CF1B395125A2715200F7F9C7 /* RightSideMenuDelegate.swift in Sources */,
				CF1B394925A26EEE00F7F9C7 /* StatusBarMenuController.swift in Sources */,
				CF821E8625A23430002B5F1D /* ScreensController.swift in Sources */,
				CFACE47425A1CFCF00EE31F5 /* AppDelegate.swift in Sources */,
				CF3C6ABE25A4FFF8007A52F8 /* EventMonitor.swift in Sources */,
				CF4826D525A3967700068927 /* RightSideMenuItemsFactory.swift in Sources */,
				CF821E8125A22402002B5F1D /* Window.m in Sources */,
			);
			runOnlyForDeploymentPostprocessing = 0;
		};
/* End PBXSourcesBuildPhase section */

/* Begin PBXVariantGroup section */
		CF4826D025A395D300068927 /* Localizable.strings */ = {
			isa = PBXVariantGroup;
			children = (
				CF4826CF25A395D300068927 /* en */,
				CF4826D225A3960000068927 /* ru */,
			);
			name = Localizable.strings;
			sourceTree = "<group>";
		};
		CFACE47925A1CFD000EE31F5 /* MainFlow.storyboard */ = {
			isa = PBXVariantGroup;
			children = (
				CFACE47A25A1CFD000EE31F5 /* Base */,
				CF1DCA1025A3C6A40038ACA4 /* en */,
				CF1DCA1225A3C6A50038ACA4 /* ru */,
			);
			name = MainFlow.storyboard;
			sourceTree = "<group>";
		};
/* End PBXVariantGroup section */

/* Begin XCBuildConfiguration section */
		CFACE47E25A1CFD000EE31F5 /* Debug */ = {
			isa = XCBuildConfiguration;
			buildSettings = {
				ALWAYS_SEARCH_USER_PATHS = NO;
				CLANG_ANALYZER_LOCALIZABILITY_NONLOCALIZED = YES;
				CLANG_ANALYZER_NONNULL = YES;
				CLANG_ANALYZER_NUMBER_OBJECT_CONVERSION = YES_AGGRESSIVE;
				CLANG_CXX_LANGUAGE_STANDARD = "gnu++14";
				CLANG_CXX_LIBRARY = "libc++";
				CLANG_ENABLE_MODULES = YES;
				CLANG_ENABLE_OBJC_ARC = YES;
				CLANG_ENABLE_OBJC_WEAK = YES;
				CLANG_WARN_BLOCK_CAPTURE_AUTORELEASING = YES;
				CLANG_WARN_BOOL_CONVERSION = YES;
				CLANG_WARN_COMMA = YES;
				CLANG_WARN_CONSTANT_CONVERSION = YES;
				CLANG_WARN_DEPRECATED_OBJC_IMPLEMENTATIONS = YES;
				CLANG_WARN_DIRECT_OBJC_ISA_USAGE = YES_ERROR;
				CLANG_WARN_DOCUMENTATION_COMMENTS = YES;
				CLANG_WARN_EMPTY_BODY = YES;
				CLANG_WARN_ENUM_CONVERSION = YES;
				CLANG_WARN_INFINITE_RECURSION = YES;
				CLANG_WARN_INT_CONVERSION = YES;
				CLANG_WARN_NON_LITERAL_NULL_CONVERSION = YES;
				CLANG_WARN_OBJC_IMPLICIT_RETAIN_SELF = YES;
				CLANG_WARN_OBJC_LITERAL_CONVERSION = YES;
				CLANG_WARN_OBJC_ROOT_CLASS = YES_ERROR;
				CLANG_WARN_QUOTED_INCLUDE_IN_FRAMEWORK_HEADER = YES;
				CLANG_WARN_RANGE_LOOP_ANALYSIS = YES;
				CLANG_WARN_STRICT_PROTOTYPES = YES;
				CLANG_WARN_SUSPICIOUS_MOVE = YES;
				CLANG_WARN_UNGUARDED_AVAILABILITY = YES_AGGRESSIVE;
				CLANG_WARN_UNREACHABLE_CODE = YES;
				CLANG_WARN__DUPLICATE_METHOD_MATCH = YES;
				COPY_PHASE_STRIP = NO;
				DEBUG_INFORMATION_FORMAT = dwarf;
				ENABLE_STRICT_OBJC_MSGSEND = YES;
				ENABLE_TESTABILITY = YES;
				GCC_C_LANGUAGE_STANDARD = gnu11;
				GCC_DYNAMIC_NO_PIC = NO;
				GCC_NO_COMMON_BLOCKS = YES;
				GCC_OPTIMIZATION_LEVEL = 0;
				GCC_PREPROCESSOR_DEFINITIONS = (
					"DEBUG=1",
					"$(inherited)",
				);
				GCC_WARN_64_TO_32_BIT_CONVERSION = YES;
				GCC_WARN_ABOUT_RETURN_TYPE = YES_ERROR;
				GCC_WARN_UNDECLARED_SELECTOR = YES;
				GCC_WARN_UNINITIALIZED_AUTOS = YES_AGGRESSIVE;
				GCC_WARN_UNUSED_FUNCTION = YES;
				GCC_WARN_UNUSED_VARIABLE = YES;
				MACOSX_DEPLOYMENT_TARGET = 11.1;
				MTL_ENABLE_DEBUG_INFO = INCLUDE_SOURCE;
				MTL_FAST_MATH = YES;
				ONLY_ACTIVE_ARCH = YES;
				SDKROOT = macosx;
				SWIFT_ACTIVE_COMPILATION_CONDITIONS = DEBUG;
				SWIFT_OPTIMIZATION_LEVEL = "-Onone";
			};
			name = Debug;
		};
		CFACE47F25A1CFD000EE31F5 /* Release */ = {
			isa = XCBuildConfiguration;
			buildSettings = {
				ALWAYS_SEARCH_USER_PATHS = NO;
				CLANG_ANALYZER_LOCALIZABILITY_NONLOCALIZED = YES;
				CLANG_ANALYZER_NONNULL = YES;
				CLANG_ANALYZER_NUMBER_OBJECT_CONVERSION = YES_AGGRESSIVE;
				CLANG_CXX_LANGUAGE_STANDARD = "gnu++14";
				CLANG_CXX_LIBRARY = "libc++";
				CLANG_ENABLE_MODULES = YES;
				CLANG_ENABLE_OBJC_ARC = YES;
				CLANG_ENABLE_OBJC_WEAK = YES;
				CLANG_WARN_BLOCK_CAPTURE_AUTORELEASING = YES;
				CLANG_WARN_BOOL_CONVERSION = YES;
				CLANG_WARN_COMMA = YES;
				CLANG_WARN_CONSTANT_CONVERSION = YES;
				CLANG_WARN_DEPRECATED_OBJC_IMPLEMENTATIONS = YES;
				CLANG_WARN_DIRECT_OBJC_ISA_USAGE = YES_ERROR;
				CLANG_WARN_DOCUMENTATION_COMMENTS = YES;
				CLANG_WARN_EMPTY_BODY = YES;
				CLANG_WARN_ENUM_CONVERSION = YES;
				CLANG_WARN_INFINITE_RECURSION = YES;
				CLANG_WARN_INT_CONVERSION = YES;
				CLANG_WARN_NON_LITERAL_NULL_CONVERSION = YES;
				CLANG_WARN_OBJC_IMPLICIT_RETAIN_SELF = YES;
				CLANG_WARN_OBJC_LITERAL_CONVERSION = YES;
				CLANG_WARN_OBJC_ROOT_CLASS = YES_ERROR;
				CLANG_WARN_QUOTED_INCLUDE_IN_FRAMEWORK_HEADER = YES;
				CLANG_WARN_RANGE_LOOP_ANALYSIS = YES;
				CLANG_WARN_STRICT_PROTOTYPES = YES;
				CLANG_WARN_SUSPICIOUS_MOVE = YES;
				CLANG_WARN_UNGUARDED_AVAILABILITY = YES_AGGRESSIVE;
				CLANG_WARN_UNREACHABLE_CODE = YES;
				CLANG_WARN__DUPLICATE_METHOD_MATCH = YES;
				COPY_PHASE_STRIP = NO;
				DEBUG_INFORMATION_FORMAT = "dwarf-with-dsym";
				ENABLE_NS_ASSERTIONS = NO;
				ENABLE_STRICT_OBJC_MSGSEND = YES;
				GCC_C_LANGUAGE_STANDARD = gnu11;
				GCC_NO_COMMON_BLOCKS = YES;
				GCC_WARN_64_TO_32_BIT_CONVERSION = YES;
				GCC_WARN_ABOUT_RETURN_TYPE = YES_ERROR;
				GCC_WARN_UNDECLARED_SELECTOR = YES;
				GCC_WARN_UNINITIALIZED_AUTOS = YES_AGGRESSIVE;
				GCC_WARN_UNUSED_FUNCTION = YES;
				GCC_WARN_UNUSED_VARIABLE = YES;
				MACOSX_DEPLOYMENT_TARGET = 11.1;
				MTL_ENABLE_DEBUG_INFO = NO;
				MTL_FAST_MATH = YES;
				SDKROOT = macosx;
				SWIFT_COMPILATION_MODE = wholemodule;
				SWIFT_OPTIMIZATION_LEVEL = "-O";
			};
			name = Release;
		};
		CFACE48125A1CFD000EE31F5 /* Debug */ = {
			isa = XCBuildConfiguration;
			buildSettings = {
				ASSETCATALOG_COMPILER_APPICON_NAME = AppIcon;
				ASSETCATALOG_COMPILER_GLOBAL_ACCENT_COLOR_NAME = AccentColor;
				CLANG_ENABLE_MODULES = YES;
				CODE_SIGN_ENTITLEMENTS = Concierge/Resources/Concierge.entitlements;
				CODE_SIGN_STYLE = Automatic;
				COMBINE_HIDPI_IMAGES = YES;
				DEVELOPMENT_TEAM = 275D4J3Y5L;
				ENABLE_HARDENED_RUNTIME = YES;
				INFOPLIST_FILE = Concierge/Resources/Info.plist;
				LD_RUNPATH_SEARCH_PATHS = (
					"$(inherited)",
					"@executable_path/../Frameworks",
				);
				PRODUCT_BUNDLE_IDENTIFIER = st235.com.github.Concierge;
				PRODUCT_NAME = "$(TARGET_NAME)";
				SWIFT_OBJC_BRIDGING_HEADER = "Concierge/Sources/Concierge-Bridging-Header.h";
				SWIFT_OPTIMIZATION_LEVEL = "-Onone";
				SWIFT_VERSION = 5.0;
			};
			name = Debug;
		};
		CFACE48225A1CFD000EE31F5 /* Release */ = {
			isa = XCBuildConfiguration;
			buildSettings = {
				ASSETCATALOG_COMPILER_APPICON_NAME = AppIcon;
				ASSETCATALOG_COMPILER_GLOBAL_ACCENT_COLOR_NAME = AccentColor;
				CLANG_ENABLE_MODULES = YES;
				CODE_SIGN_ENTITLEMENTS = Concierge/Resources/Concierge.entitlements;
				CODE_SIGN_STYLE = Automatic;
				COMBINE_HIDPI_IMAGES = YES;
				DEVELOPMENT_TEAM = 275D4J3Y5L;
				ENABLE_HARDENED_RUNTIME = YES;
				INFOPLIST_FILE = Concierge/Resources/Info.plist;
				LD_RUNPATH_SEARCH_PATHS = (
					"$(inherited)",
					"@executable_path/../Frameworks",
				);
				PRODUCT_BUNDLE_IDENTIFIER = st235.com.github.Concierge;
				PRODUCT_NAME = "$(TARGET_NAME)";
				SWIFT_OBJC_BRIDGING_HEADER = "Concierge/Sources/Concierge-Bridging-Header.h";
				SWIFT_VERSION = 5.0;
			};
			name = Release;
		};
/* End XCBuildConfiguration section */

/* Begin XCConfigurationList section */
		CFACE46B25A1CFCF00EE31F5 /* Build configuration list for PBXProject "Concierge" */ = {
			isa = XCConfigurationList;
			buildConfigurations = (
				CFACE47E25A1CFD000EE31F5 /* Debug */,
				CFACE47F25A1CFD000EE31F5 /* Release */,
			);
			defaultConfigurationIsVisible = 0;
			defaultConfigurationName = Release;
		};
		CFACE48025A1CFD000EE31F5 /* Build configuration list for PBXNativeTarget "Concierge" */ = {
			isa = XCConfigurationList;
			buildConfigurations = (
				CFACE48125A1CFD000EE31F5 /* Debug */,
				CFACE48225A1CFD000EE31F5 /* Release */,
			);
			defaultConfigurationIsVisible = 0;
			defaultConfigurationName = Release;
		};
/* End XCConfigurationList section */
	};
	rootObject = CFACE46825A1CFCF00EE31F5 /* Project object */;
}
