// !$*UTF8*$!
{
	archiveVersion = 1;
	classes = {
	};
	objectVersion = 50;
	objects = {

/* Begin PBXBuildFile section */
		CF00C63D25A791EF003454E6 /* AppDependenciesResolver.swift in Sources */ = {isa = PBXBuildFile; fileRef = CF00C63C25A791EF003454E6 /* AppDependenciesResolver.swift */; };
		CF00C64125A7977C003454E6 /* DependenciesContainer.swift in Sources */ = {isa = PBXBuildFile; fileRef = CF00C64025A7977C003454E6 /* DependenciesContainer.swift */; };
		CF00C64825A79983003454E6 /* GraphDependenciesContainer.swift in Sources */ = {isa = PBXBuildFile; fileRef = CF00C64725A79983003454E6 /* GraphDependenciesContainer.swift */; };
		CF00C64C25A799F0003454E6 /* DependenciesResolver.swift in Sources */ = {isa = PBXBuildFile; fileRef = CF00C64B25A799F0003454E6 /* DependenciesResolver.swift */; };
		CF00C65225A7AC98003454E6 /* LayoutSchemesRepository.swift in Sources */ = {isa = PBXBuildFile; fileRef = CF00C65125A7AC98003454E6 /* LayoutSchemesRepository.swift */; };
		CF00C65525A7AD5C003454E6 /* LayoutSchema.swift in Sources */ = {isa = PBXBuildFile; fileRef = CF00C65425A7AD5C003454E6 /* LayoutSchema.swift */; };
		CF00C65825A7AD93003454E6 /* LayoutArea.swift in Sources */ = {isa = PBXBuildFile; fileRef = CF00C65725A7AD93003454E6 /* LayoutArea.swift */; };
		CF081A3425C89C630099DA5B /* PopoverBackgroundView.swift in Sources */ = {isa = PBXBuildFile; fileRef = CF081A3325C89C630099DA5B /* PopoverBackgroundView.swift */; };
		CF081A3725C89E770099DA5B /* PopoverWindow.swift in Sources */ = {isa = PBXBuildFile; fileRef = CF081A3625C89E770099DA5B /* PopoverWindow.swift */; };
		CF081A3B25C8A05B0099DA5B /* Popover.swift in Sources */ = {isa = PBXBuildFile; fileRef = CF081A3A25C8A05B0099DA5B /* Popover.swift */; };
		CF081A3E25C8A0940099DA5B /* PopoverWindowController.swift in Sources */ = {isa = PBXBuildFile; fileRef = CF081A3D25C8A0940099DA5B /* PopoverWindowController.swift */; };
		CF1B394925A26EEE00F7F9C7 /* MainWindowController.swift in Sources */ = {isa = PBXBuildFile; fileRef = CF1B394825A26EEE00F7F9C7 /* MainWindowController.swift */; };
		CF1B395D25A2747900F7F9C7 /* ContentViewController.swift in Sources */ = {isa = PBXBuildFile; fileRef = CF1B395C25A2747900F7F9C7 /* ContentViewController.swift */; };
		CF2E75FE2676820700F198A8 /* NavigatableViewController.swift in Sources */ = {isa = PBXBuildFile; fileRef = CF2E75FD2676820700F198A8 /* NavigatableViewController.swift */; };
		CF2E76002676831E00F198A8 /* SettingsPrivacyItem.swift in Sources */ = {isa = PBXBuildFile; fileRef = CF2E75FF2676831E00F198A8 /* SettingsPrivacyItem.swift */; };
		CF2E76042676869000F198A8 /* terms.html in Resources */ = {isa = PBXBuildFile; fileRef = CF2E76022676869000F198A8 /* terms.html */; };
		CF2E76052676869000F198A8 /* privacy.html in Resources */ = {isa = PBXBuildFile; fileRef = CF2E76032676869000F198A8 /* privacy.html */; };
		CF2E7606267686B200F198A8 /* privacy.html in Resources */ = {isa = PBXBuildFile; fileRef = CF2E76032676869000F198A8 /* privacy.html */; };
		CF2E7607267686B200F198A8 /* terms.html in Resources */ = {isa = PBXBuildFile; fileRef = CF2E76022676869000F198A8 /* terms.html */; };
		CF2E7609267688F900F198A8 /* SettingsTermsItem.swift in Sources */ = {isa = PBXBuildFile; fileRef = CF2E7608267688F900F198A8 /* SettingsTermsItem.swift */; };
		CF2E760B2676BF5C00F198A8 /* LayoutSchemaPreviewView.swift in Sources */ = {isa = PBXBuildFile; fileRef = CF2E760A2676BF5C00F198A8 /* LayoutSchemaPreviewView.swift */; };
		CF2E7F8025D1DE8B00568009 /* LeftSideMenuViewController+CollectionViewDelegate.swift in Sources */ = {isa = PBXBuildFile; fileRef = CF2E7F7F25D1DE8B00568009 /* LeftSideMenuViewController+CollectionViewDelegate.swift */; };
		CF3ABACB261B29D3008E3C90 /* NibLoadable.swift in Sources */ = {isa = PBXBuildFile; fileRef = CF3ABACA261B29D3008E3C90 /* NibLoadable.swift */; };
		CF3C6AB625A4F4C9007A52F8 /* WindowRepository.swift in Sources */ = {isa = PBXBuildFile; fileRef = CF3C6AB525A4F4C9007A52F8 /* WindowRepository.swift */; };
		CF3C6ABA25A4FDFD007A52F8 /* String+Localization.swift in Sources */ = {isa = PBXBuildFile; fileRef = CF3C6AB925A4FDFD007A52F8 /* String+Localization.swift */; };
		CF3C6ABE25A4FFF8007A52F8 /* EventMonitor.swift in Sources */ = {isa = PBXBuildFile; fileRef = CF3C6ABD25A4FFF8007A52F8 /* EventMonitor.swift */; };
		CF3C6AC325A50D34007A52F8 /* NSPasteboard+Types.swift in Sources */ = {isa = PBXBuildFile; fileRef = CF3C6AC225A50D34007A52F8 /* NSPasteboard+Types.swift */; };
		CF3C6AC625A50DA4007A52F8 /* WindowPasteboard.swift in Sources */ = {isa = PBXBuildFile; fileRef = CF3C6AC525A50DA4007A52F8 /* WindowPasteboard.swift */; };
		CF439959269CFB5A005732E1 /* FlippedClipView.swift in Sources */ = {isa = PBXBuildFile; fileRef = CF439958269CFB5A005732E1 /* FlippedClipView.swift */; };
		CF43995B269CFD4F005732E1 /* CheckForUpdateItem.swift in Sources */ = {isa = PBXBuildFile; fileRef = CF43995A269CFD4F005732E1 /* CheckForUpdateItem.swift */; };
		CF4826CE25A395D300068927 /* Localizable.strings in Resources */ = {isa = PBXBuildFile; fileRef = CF4826D025A395D300068927 /* Localizable.strings */; };
		CF4826DC25A39DD400068927 /* Key.swift in Sources */ = {isa = PBXBuildFile; fileRef = CF4826DB25A39DD400068927 /* Key.swift */; };
		CF4826DF25A39F8B00068927 /* HotKeyController.swift in Sources */ = {isa = PBXBuildFile; fileRef = CF4826DE25A39F8B00068927 /* HotKeyController.swift */; };
		CF4826E225A39FB000068927 /* KeyScheme.swift in Sources */ = {isa = PBXBuildFile; fileRef = CF4826E125A39FB000068927 /* KeyScheme.swift */; };
		CF4826E825A3B30D00068927 /* KeySchemeFactory.swift in Sources */ = {isa = PBXBuildFile; fileRef = CF4826E725A3B30D00068927 /* KeySchemeFactory.swift */; };
		CF49A78825FE6F5000339687 /* Navigatable.swift in Sources */ = {isa = PBXBuildFile; fileRef = CF49A78725FE6F5000339687 /* Navigatable.swift */; };
		CF49A78C25FE71E900339687 /* ViewControllerFactory.swift in Sources */ = {isa = PBXBuildFile; fileRef = CF49A78B25FE71E900339687 /* ViewControllerFactory.swift */; };
		CF5399EF25D097BB00FA6292 /* NSImage+TintColor.swift in Sources */ = {isa = PBXBuildFile; fileRef = CF5399EE25D097BB00FA6292 /* NSImage+TintColor.swift */; };
		CF5E416E25AA3296001DEC28 /* SettingsMainViewController.swift in Sources */ = {isa = PBXBuildFile; fileRef = CF5E416D25AA3296001DEC28 /* SettingsMainViewController.swift */; };
		CF5E418625AA4476001DEC28 /* LayoutSchemesInteractor.swift in Sources */ = {isa = PBXBuildFile; fileRef = CF5E418525AA4476001DEC28 /* LayoutSchemesInteractor.swift */; };
		CF5F4EA625FE486D0090A3A7 /* MainViewController.swift in Sources */ = {isa = PBXBuildFile; fileRef = CF5F4EA525FE486D0090A3A7 /* MainViewController.swift */; };
		CF642FB7269B483F00997FC7 /* BuyUsACoffeeItem.swift in Sources */ = {isa = PBXBuildFile; fileRef = CF642FB6269B483F00997FC7 /* BuyUsACoffeeItem.swift */; };
		CF642FB9269B58AB00997FC7 /* ContactUsItem.swift in Sources */ = {isa = PBXBuildFile; fileRef = CF642FB8269B58AB00997FC7 /* ContactUsItem.swift */; };
		CF642FC1269B665200997FC7 /* DFRFoundation.framework in Frameworks */ = {isa = PBXBuildFile; fileRef = CF642FC0269B665200997FC7 /* DFRFoundation.framework */; };
		CF642FC7269B687100997FC7 /* TouchBarBuilder.swift in Sources */ = {isa = PBXBuildFile; fileRef = CF642FC6269B687100997FC7 /* TouchBarBuilder.swift */; };
		CF642FC9269B79DC00997FC7 /* ActionButton.swift in Sources */ = {isa = PBXBuildFile; fileRef = CF642FC8269B79DC00997FC7 /* ActionButton.swift */; };
		CF69959025D6E6F000A52715 /* Assets.xcassets in Resources */ = {isa = PBXBuildFile; fileRef = CF69958F25D6E6F000A52715 /* Assets.xcassets */; };
		CF69959325D6E6F000A52715 /* MainMenu.xib in Resources */ = {isa = PBXBuildFile; fileRef = CF69959125D6E6F000A52715 /* MainMenu.xib */; };
		CF6995A025D6E80900A52715 /* WindoniserLauncher.app in CopyFiles */ = {isa = PBXBuildFile; fileRef = CF69958A25D6E6EF00A52715 /* WindoniserLauncher.app */; settings = {ATTRIBUTES = (RemoveHeadersOnCopy, ); }; };
		CF6995A725D6EA3A00A52715 /* SettingsRepository.swift in Sources */ = {isa = PBXBuildFile; fileRef = CF6995A625D6EA3A00A52715 /* SettingsRepository.swift */; };
		CF6995AB25D6EB5A00A52715 /* SettingType.swift in Sources */ = {isa = PBXBuildFile; fileRef = CF6995AA25D6EB5A00A52715 /* SettingType.swift */; };
		CF6995AF25D6EC2F00A52715 /* SettingProperty.swift in Sources */ = {isa = PBXBuildFile; fileRef = CF6995AE25D6EC2F00A52715 /* SettingProperty.swift */; };
		CF6995B425D6ECED00A52715 /* AutoLoginSetting.swift in Sources */ = {isa = PBXBuildFile; fileRef = CF6995B325D6ECED00A52715 /* AutoLoginSetting.swift */; };
		CF6A348325D85E6B00D1619A /* SystemAppearanceController.swift in Sources */ = {isa = PBXBuildFile; fileRef = CF6A348225D85E6B00D1619A /* SystemAppearanceController.swift */; };
		CF6BD19525D0393A00C4FA40 /* DesktopLayoutView.swift in Sources */ = {isa = PBXBuildFile; fileRef = CF6BD19425D0393A00C4FA40 /* DesktopLayoutView.swift */; };
		CF821E7A25A21EAF002B5F1D /* WindowController.m in Sources */ = {isa = PBXBuildFile; fileRef = CF821E7925A21EAF002B5F1D /* WindowController.m */; };
		CF821E8125A22402002B5F1D /* Window.m in Sources */ = {isa = PBXBuildFile; fileRef = CF821E8025A22402002B5F1D /* Window.m */; };
		CF821E8625A23430002B5F1D /* ScreensController.swift in Sources */ = {isa = PBXBuildFile; fileRef = CF821E8525A23430002B5F1D /* ScreensController.swift */; };
		CF869E69267A84F3005F2733 /* HotkeysSuffixSettings.swift in Sources */ = {isa = PBXBuildFile; fileRef = CF869E68267A84F3005F2733 /* HotkeysSuffixSettings.swift */; };
		CF869E6B267A8B1C005F2733 /* Key+ModifierFlags.swift in Sources */ = {isa = PBXBuildFile; fileRef = CF869E6A267A8B1C005F2733 /* Key+ModifierFlags.swift */; };
		CF869E6D267A903A005F2733 /* SettingsKeySchemeUiDelegate.swift in Sources */ = {isa = PBXBuildFile; fileRef = CF869E6C267A903A005F2733 /* SettingsKeySchemeUiDelegate.swift */; };
		CF869E70267A918C005F2733 /* KeySchemeView.swift in Sources */ = {isa = PBXBuildFile; fileRef = CF869E6F267A918C005F2733 /* KeySchemeView.swift */; };
		CF869E72267A91A3005F2733 /* KeySchemeView.xib in Resources */ = {isa = PBXBuildFile; fileRef = CF869E71267A91A3005F2733 /* KeySchemeView.xib */; };
		CF870F6226740C210089512B /* SelectedLayoutsSetting.swift in Sources */ = {isa = PBXBuildFile; fileRef = CF870F6126740C210089512B /* SelectedLayoutsSetting.swift */; };
		CF870F64267410690089512B /* SettingsAppearanceDelegate.swift in Sources */ = {isa = PBXBuildFile; fileRef = CF870F63267410690089512B /* SettingsAppearanceDelegate.swift */; };
		CF8AE974267AAFA800020D2B /* InAppModifiersController.swift in Sources */ = {isa = PBXBuildFile; fileRef = CF8AE973267AAFA800020D2B /* InAppModifiersController.swift */; };
		CF8AE976267B462600020D2B /* CountDownTimer.swift in Sources */ = {isa = PBXBuildFile; fileRef = CF8AE975267B462600020D2B /* CountDownTimer.swift */; };
		CF8AE978267BEC2600020D2B /* NSView+NSImage.swift in Sources */ = {isa = PBXBuildFile; fileRef = CF8AE977267BEC2600020D2B /* NSView+NSImage.swift */; };
		CF8AE97A267BEDF300020D2B /* LayoutSchemaRenderer.swift in Sources */ = {isa = PBXBuildFile; fileRef = CF8AE979267BEDF300020D2B /* LayoutSchemaRenderer.swift */; };
		CF8DBC05261A789A0031B972 /* SettingsListViewController.swift in Sources */ = {isa = PBXBuildFile; fileRef = CF8DBC04261A789A0031B972 /* SettingsListViewController.swift */; };
		CF8DBC0C261B13C40031B972 /* SettingsItemView.xib in Resources */ = {isa = PBXBuildFile; fileRef = CF8DBC0B261B13C40031B972 /* SettingsItemView.xib */; };
		CF8DBC10261B13D20031B972 /* SettingsItemView.swift in Sources */ = {isa = PBXBuildFile; fileRef = CF8DBC0F261B13D20031B972 /* SettingsItemView.swift */; };
		CF93698F267556DF001CE96A /* UiDelegate.swift in Sources */ = {isa = PBXBuildFile; fileRef = CF93698E267556DF001CE96A /* UiDelegate.swift */; };
		CF93699126755888001CE96A /* DesktopViewUiDelegate.swift in Sources */ = {isa = PBXBuildFile; fileRef = CF93699026755888001CE96A /* DesktopViewUiDelegate.swift */; };
		CF93699326755B91001CE96A /* AppearanceInteractor.swift in Sources */ = {isa = PBXBuildFile; fileRef = CF93699226755B91001CE96A /* AppearanceInteractor.swift */; };
		CF93699526755BC4001CE96A /* GridLayoutInteractor.swift in Sources */ = {isa = PBXBuildFile; fileRef = CF93699426755BC4001CE96A /* GridLayoutInteractor.swift */; };
		CF9B2E2C25D5BCC70087D32B /* ImageLoader.swift in Sources */ = {isa = PBXBuildFile; fileRef = CF9B2E2B25D5BCC70087D32B /* ImageLoader.swift */; };
		CF9B2E2F25D5C62E0087D32B /* ImageCache.swift in Sources */ = {isa = PBXBuildFile; fileRef = CF9B2E2E25D5C62E0087D32B /* ImageCache.swift */; };
		CF9B2E3225D5CB250087D32B /* ImageViewLoader.swift in Sources */ = {isa = PBXBuildFile; fileRef = CF9B2E3125D5CB250087D32B /* ImageViewLoader.swift */; };
		CF9B2E3525D5CFB60087D32B /* NSImageView+ImageViewLoader.swift in Sources */ = {isa = PBXBuildFile; fileRef = CF9B2E3425D5CFB60087D32B /* NSImageView+ImageViewLoader.swift */; };
		CFA3B8C52678043D0070F07C /* SettingsLayoutController.swift in Sources */ = {isa = PBXBuildFile; fileRef = CFA3B8C42678043D0070F07C /* SettingsLayoutController.swift */; };
		CFA3B8C7267806DA0070F07C /* SettingsLayoutsItem.swift in Sources */ = {isa = PBXBuildFile; fileRef = CFA3B8C6267806DA0070F07C /* SettingsLayoutsItem.swift */; };
		CFA95AB3267BFD1500478576 /* SwitcherItemView.swift in Sources */ = {isa = PBXBuildFile; fileRef = CFA95AB2267BFD1500478576 /* SwitcherItemView.swift */; };
		CFA95AB5267BFD2600478576 /* SwitcherItemView.xib in Resources */ = {isa = PBXBuildFile; fileRef = CFA95AB4267BFD2600478576 /* SwitcherItemView.xib */; };
		CFA95AB7267BFF8600478576 /* SettingsAutoLoginDelegate.swift in Sources */ = {isa = PBXBuildFile; fileRef = CFA95AB6267BFF8600478576 /* SettingsAutoLoginDelegate.swift */; };
		CFA95AB9267BFFF800478576 /* AutoLoginInteractor.swift in Sources */ = {isa = PBXBuildFile; fileRef = CFA95AB8267BFFF800478576 /* AutoLoginInteractor.swift */; };
		CFACE47425A1CFCF00EE31F5 /* AppDelegate.swift in Sources */ = {isa = PBXBuildFile; fileRef = CFACE47325A1CFCF00EE31F5 /* AppDelegate.swift */; };
		CFACE47825A1CFD000EE31F5 /* Assets.xcassets in Resources */ = {isa = PBXBuildFile; fileRef = CFACE47725A1CFD000EE31F5 /* Assets.xcassets */; };
		CFACE47B25A1CFD000EE31F5 /* MainFlow.storyboard in Resources */ = {isa = PBXBuildFile; fileRef = CFACE47925A1CFD000EE31F5 /* MainFlow.storyboard */; };
		CFACE48825A1D4C400EE31F5 /* LayoutPreviewView.swift in Sources */ = {isa = PBXBuildFile; fileRef = CFACE48725A1D4C400EE31F5 /* LayoutPreviewView.swift */; };
		CFAD230A25D05C09008CEB1B /* LeftSideMenuViewController+CollectionViewDataSource.swift in Sources */ = {isa = PBXBuildFile; fileRef = CFAD230925D05C09008CEB1B /* LeftSideMenuViewController+CollectionViewDataSource.swift */; };
		CFAD790E266ECCA600583A91 /* GridColorSetting.swift in Sources */ = {isa = PBXBuildFile; fileRef = CFAD790D266ECCA600583A91 /* GridColorSetting.swift */; };
		CFAEAA6425D987DA00675171 /* AppearanceMode.swift in Sources */ = {isa = PBXBuildFile; fileRef = CFAEAA6325D987DA00675171 /* AppearanceMode.swift */; };
		CFAEAA6925D989D600675171 /* AppearanceProvider.swift in Sources */ = {isa = PBXBuildFile; fileRef = CFAEAA6825D989D600675171 /* AppearanceProvider.swift */; };
		CFAEAA7125D98B2D00675171 /* SystemAppearanceProvider.swift in Sources */ = {isa = PBXBuildFile; fileRef = CFAEAA7025D98B2D00675171 /* SystemAppearanceProvider.swift */; };
		CFAEAA7525D98D1A00675171 /* SettingsAppearanceProvider.swift in Sources */ = {isa = PBXBuildFile; fileRef = CFAEAA7425D98D1A00675171 /* SettingsAppearanceProvider.swift */; };
		CFAEAA7925D98D7800675171 /* AppearanceSetting.swift in Sources */ = {isa = PBXBuildFile; fileRef = CFAEAA7825D98D7800675171 /* AppearanceSetting.swift */; };
		CFB3689225A7B8B000CB8A89 /* HotKeysInteractor.swift in Sources */ = {isa = PBXBuildFile; fileRef = CFB3689125A7B8B000CB8A89 /* HotKeysInteractor.swift */; };
		CFB4B91725A9017500539AB6 /* DependencyQualifier.swift in Sources */ = {isa = PBXBuildFile; fileRef = CFB4B91625A9017500539AB6 /* DependencyQualifier.swift */; };
		CFB4B91B25A9051400539AB6 /* SynchronizedDependenciesContainer.swift in Sources */ = {isa = PBXBuildFile; fileRef = CFB4B91A25A9051400539AB6 /* SynchronizedDependenciesContainer.swift */; };
		CFB4B92425A90F5B00539AB6 /* WindowInteractor.swift in Sources */ = {isa = PBXBuildFile; fileRef = CFB4B92325A90F5B00539AB6 /* WindowInteractor.swift */; };
		CFBBB89D261B85210026B7C0 /* SettingsItem.swift in Sources */ = {isa = PBXBuildFile; fileRef = CFBBB89C261B85210026B7C0 /* SettingsItem.swift */; };
		CFBD324C25C84539006DDAE5 /* WindowTableCell.swift in Sources */ = {isa = PBXBuildFile; fileRef = CFBD324B25C84539006DDAE5 /* WindowTableCell.swift */; };
		CFBD325025C8563D006DDAE5 /* NSColor+Helpers.swift in Sources */ = {isa = PBXBuildFile; fileRef = CFBD324F25C8563D006DDAE5 /* NSColor+Helpers.swift */; };
		CFBD325325C857A1006DDAE5 /* WindowTableRow.swift in Sources */ = {isa = PBXBuildFile; fileRef = CFBD325225C857A1006DDAE5 /* WindowTableRow.swift */; };
		CFC11454267E598200C61FBF /* CustomBackgroundView.swift in Sources */ = {isa = PBXBuildFile; fileRef = CFC11453267E598200C61FBF /* CustomBackgroundView.swift */; };
		CFC11456267E5C5E00C61FBF /* NsImage+NSColor.swift in Sources */ = {isa = PBXBuildFile; fileRef = CFC11455267E5C5E00C61FBF /* NsImage+NSColor.swift */; };
		CFC11458267E5EE300C61FBF /* ImageContrastor.swift in Sources */ = {isa = PBXBuildFile; fileRef = CFC11457267E5EE300C61FBF /* ImageContrastor.swift */; };
		CFC1145A267E8C3900C61FBF /* Origin.swift in Sources */ = {isa = PBXBuildFile; fileRef = CFC11459267E8C3900C61FBF /* Origin.swift */; };
		CFC1145C267E911F00C61FBF /* Schemas.json in Resources */ = {isa = PBXBuildFile; fileRef = CFC1145B267E911F00C61FBF /* Schemas.json */; };
		CFC1145E267E966200C61FBF /* Point.swift in Sources */ = {isa = PBXBuildFile; fileRef = CFC1145D267E966200C61FBF /* Point.swift */; };
		CFC11462267F5F7700C61FBF /* ServiceManagement.framework in Frameworks */ = {isa = PBXBuildFile; fileRef = CFC11460267F5F7400C61FBF /* ServiceManagement.framework */; };
		CFC11467267F611100C61FBF /* AppDelegate.swift in Sources */ = {isa = PBXBuildFile; fileRef = CFC11466267F611100C61FBF /* AppDelegate.swift */; };
		CFC2107925D330B200726D8C /* AccessibilityPermissionsManager.swift in Sources */ = {isa = PBXBuildFile; fileRef = CFC2107825D330B200726D8C /* AccessibilityPermissionsManager.swift */; };
		CFC2108125D3358700726D8C /* PermissionsSideMenuDelegate.swift in Sources */ = {isa = PBXBuildFile; fileRef = CFC2108025D3358700726D8C /* PermissionsSideMenuDelegate.swift */; };
		CFC2108425D3373600726D8C /* PermissionsViewController.swift in Sources */ = {isa = PBXBuildFile; fileRef = CFC2108325D3373600726D8C /* PermissionsViewController.swift */; };
		CFC5CB9F267671D5004D868C /* SettingsAboutController.swift in Sources */ = {isa = PBXBuildFile; fileRef = CFC5CB9E267671D5004D868C /* SettingsAboutController.swift */; };
		CFC5CBA2267675BD004D868C /* SettingsLicensesController.swift in Sources */ = {isa = PBXBuildFile; fileRef = CFC5CBA1267675BD004D868C /* SettingsLicensesController.swift */; };
		CFD0769F25D04F9600FF2730 /* Vector2.swift in Sources */ = {isa = PBXBuildFile; fileRef = CFD0769E25D04F9600FF2730 /* Vector2.swift */; };
		CFD076A425D0595F00FF2730 /* LayoutSchemesCollectionViewItem.swift in Sources */ = {isa = PBXBuildFile; fileRef = CFD076A325D0595F00FF2730 /* LayoutSchemesCollectionViewItem.swift */; };
		CFD076A825D059EB00FF2730 /* LayoutSchemesCollectionViewItem.xib in Resources */ = {isa = PBXBuildFile; fileRef = CFD076A725D059EB00FF2730 /* LayoutSchemesCollectionViewItem.xib */; };
		CFD89EE62675626000DF304A /* GridTheme.swift in Sources */ = {isa = PBXBuildFile; fileRef = CFD89EE52675626000DF304A /* GridTheme.swift */; };
		CFD89EE8267568B800DF304A /* SettingsGridLayoutDelegate.swift in Sources */ = {isa = PBXBuildFile; fileRef = CFD89EE7267568B800DF304A /* SettingsGridLayoutDelegate.swift */; };
		CFD89EEA26756BEB00DF304A /* SettingsLayoutSelectionDelegate.swift in Sources */ = {isa = PBXBuildFile; fileRef = CFD89EE926756BEB00DF304A /* SettingsLayoutSelectionDelegate.swift */; };
		CFE36924261B85E5007DE6C7 /* GeneralSettingsItem.swift in Sources */ = {isa = PBXBuildFile; fileRef = CFE36923261B85E5007DE6C7 /* GeneralSettingsItem.swift */; };
		CFE3692A261B86FF007DE6C7 /* AppearanceSettingsItem.swift in Sources */ = {isa = PBXBuildFile; fileRef = CFE36929261B86FF007DE6C7 /* AppearanceSettingsItem.swift */; };
		CFE3692E261B8750007DE6C7 /* AboutSettingsItem.swift in Sources */ = {isa = PBXBuildFile; fileRef = CFE3692D261B8750007DE6C7 /* AboutSettingsItem.swift */; };
		CFE36932261B8783007DE6C7 /* QuitSettingsItem.swift in Sources */ = {isa = PBXBuildFile; fileRef = CFE36931261B8783007DE6C7 /* QuitSettingsItem.swift */; };
		CFE36939261B8E29007DE6C7 /* SettingsAppearanceController.swift in Sources */ = {isa = PBXBuildFile; fileRef = CFE36938261B8E29007DE6C7 /* SettingsAppearanceController.swift */; };
		CFF12039261B99580092103D /* SettingsGeneralController.swift in Sources */ = {isa = PBXBuildFile; fileRef = CFF12038261B99580092103D /* SettingsGeneralController.swift */; };
		CFFBC367269D790200189A26 /* TouchBarSetting.swift in Sources */ = {isa = PBXBuildFile; fileRef = CFFBC366269D790200189A26 /* TouchBarSetting.swift */; };
		CFFBC369269D799F00189A26 /* TouchBarInteractor.swift in Sources */ = {isa = PBXBuildFile; fileRef = CFFBC368269D799F00189A26 /* TouchBarInteractor.swift */; };
		CFFBC36B269D7AC900189A26 /* SettingsTouchBarDelegate.swift in Sources */ = {isa = PBXBuildFile; fileRef = CFFBC36A269D7AC900189A26 /* SettingsTouchBarDelegate.swift */; };
		CFFEFF19261A6D4F00F2CE39 /* AppListTableViewAdapter.swift in Sources */ = {isa = PBXBuildFile; fileRef = CFFEFF18261A6D4F00F2CE39 /* AppListTableViewAdapter.swift */; };
		CFFEFF25261A724200F2CE39 /* NavigationDelegate.swift in Sources */ = {isa = PBXBuildFile; fileRef = CFFEFF24261A724200F2CE39 /* NavigationDelegate.swift */; };
/* End PBXBuildFile section */

/* Begin PBXCopyFilesBuildPhase section */
		CF69959D25D6E7C600A52715 /* CopyFiles */ = {
			isa = PBXCopyFilesBuildPhase;
			buildActionMask = 2147483647;
			dstPath = Contents/Library/LoginItems;
			dstSubfolderSpec = 1;
			files = (
				CF6995A025D6E80900A52715 /* WindoniserLauncher.app in CopyFiles */,
			);
			runOnlyForDeploymentPostprocessing = 0;
		};
/* End PBXCopyFilesBuildPhase section */

/* Begin PBXFileReference section */
		CF00C63C25A791EF003454E6 /* AppDependenciesResolver.swift */ = {isa = PBXFileReference; lastKnownFileType = sourcecode.swift; path = AppDependenciesResolver.swift; sourceTree = "<group>"; };
		CF00C64025A7977C003454E6 /* DependenciesContainer.swift */ = {isa = PBXFileReference; lastKnownFileType = sourcecode.swift; path = DependenciesContainer.swift; sourceTree = "<group>"; };
		CF00C64725A79983003454E6 /* GraphDependenciesContainer.swift */ = {isa = PBXFileReference; lastKnownFileType = sourcecode.swift; path = GraphDependenciesContainer.swift; sourceTree = "<group>"; };
		CF00C64B25A799F0003454E6 /* DependenciesResolver.swift */ = {isa = PBXFileReference; lastKnownFileType = sourcecode.swift; path = DependenciesResolver.swift; sourceTree = "<group>"; };
		CF00C65125A7AC98003454E6 /* LayoutSchemesRepository.swift */ = {isa = PBXFileReference; lastKnownFileType = sourcecode.swift; path = LayoutSchemesRepository.swift; sourceTree = "<group>"; };
		CF00C65425A7AD5C003454E6 /* LayoutSchema.swift */ = {isa = PBXFileReference; lastKnownFileType = sourcecode.swift; path = LayoutSchema.swift; sourceTree = "<group>"; };
		CF00C65725A7AD93003454E6 /* LayoutArea.swift */ = {isa = PBXFileReference; lastKnownFileType = sourcecode.swift; path = LayoutArea.swift; sourceTree = "<group>"; };
		CF081A3325C89C630099DA5B /* PopoverBackgroundView.swift */ = {isa = PBXFileReference; lastKnownFileType = sourcecode.swift; path = PopoverBackgroundView.swift; sourceTree = "<group>"; };
		CF081A3625C89E770099DA5B /* PopoverWindow.swift */ = {isa = PBXFileReference; lastKnownFileType = sourcecode.swift; path = PopoverWindow.swift; sourceTree = "<group>"; };
		CF081A3A25C8A05B0099DA5B /* Popover.swift */ = {isa = PBXFileReference; lastKnownFileType = sourcecode.swift; path = Popover.swift; sourceTree = "<group>"; };
		CF081A3D25C8A0940099DA5B /* PopoverWindowController.swift */ = {isa = PBXFileReference; lastKnownFileType = sourcecode.swift; path = PopoverWindowController.swift; sourceTree = "<group>"; };
		CF1B394825A26EEE00F7F9C7 /* MainWindowController.swift */ = {isa = PBXFileReference; lastKnownFileType = sourcecode.swift; path = MainWindowController.swift; sourceTree = "<group>"; };
		CF1B395C25A2747900F7F9C7 /* ContentViewController.swift */ = {isa = PBXFileReference; lastKnownFileType = sourcecode.swift; path = ContentViewController.swift; sourceTree = "<group>"; };
		CF2E75FD2676820700F198A8 /* NavigatableViewController.swift */ = {isa = PBXFileReference; lastKnownFileType = sourcecode.swift; path = NavigatableViewController.swift; sourceTree = "<group>"; };
		CF2E75FF2676831E00F198A8 /* SettingsPrivacyItem.swift */ = {isa = PBXFileReference; lastKnownFileType = sourcecode.swift; path = SettingsPrivacyItem.swift; sourceTree = "<group>"; };
		CF2E76022676869000F198A8 /* terms.html */ = {isa = PBXFileReference; fileEncoding = 4; lastKnownFileType = text.html; path = terms.html; sourceTree = "<group>"; };
		CF2E76032676869000F198A8 /* privacy.html */ = {isa = PBXFileReference; fileEncoding = 4; lastKnownFileType = text.html; path = privacy.html; sourceTree = "<group>"; };
		CF2E7608267688F900F198A8 /* SettingsTermsItem.swift */ = {isa = PBXFileReference; lastKnownFileType = sourcecode.swift; path = SettingsTermsItem.swift; sourceTree = "<group>"; };
		CF2E760A2676BF5C00F198A8 /* LayoutSchemaPreviewView.swift */ = {isa = PBXFileReference; lastKnownFileType = sourcecode.swift; path = LayoutSchemaPreviewView.swift; sourceTree = "<group>"; };
		CF2E7F7F25D1DE8B00568009 /* LeftSideMenuViewController+CollectionViewDelegate.swift */ = {isa = PBXFileReference; lastKnownFileType = sourcecode.swift; path = "LeftSideMenuViewController+CollectionViewDelegate.swift"; sourceTree = "<group>"; };
		CF3ABACA261B29D3008E3C90 /* NibLoadable.swift */ = {isa = PBXFileReference; lastKnownFileType = sourcecode.swift; path = NibLoadable.swift; sourceTree = "<group>"; };
		CF3C6AB525A4F4C9007A52F8 /* WindowRepository.swift */ = {isa = PBXFileReference; lastKnownFileType = sourcecode.swift; path = WindowRepository.swift; sourceTree = "<group>"; };
		CF3C6AB925A4FDFD007A52F8 /* String+Localization.swift */ = {isa = PBXFileReference; lastKnownFileType = sourcecode.swift; path = "String+Localization.swift"; sourceTree = "<group>"; };
		CF3C6ABD25A4FFF8007A52F8 /* EventMonitor.swift */ = {isa = PBXFileReference; lastKnownFileType = sourcecode.swift; path = EventMonitor.swift; sourceTree = "<group>"; };
		CF3C6AC225A50D34007A52F8 /* NSPasteboard+Types.swift */ = {isa = PBXFileReference; lastKnownFileType = sourcecode.swift; path = "NSPasteboard+Types.swift"; sourceTree = "<group>"; };
		CF3C6AC525A50DA4007A52F8 /* WindowPasteboard.swift */ = {isa = PBXFileReference; lastKnownFileType = sourcecode.swift; path = WindowPasteboard.swift; sourceTree = "<group>"; };
		CF439958269CFB5A005732E1 /* FlippedClipView.swift */ = {isa = PBXFileReference; lastKnownFileType = sourcecode.swift; path = FlippedClipView.swift; sourceTree = "<group>"; };
		CF43995A269CFD4F005732E1 /* CheckForUpdateItem.swift */ = {isa = PBXFileReference; lastKnownFileType = sourcecode.swift; path = CheckForUpdateItem.swift; sourceTree = "<group>"; };
		CF4826CF25A395D300068927 /* en */ = {isa = PBXFileReference; lastKnownFileType = text.plist.strings; name = en; path = en.lproj/Localizable.strings; sourceTree = "<group>"; };
		CF4826D225A3960000068927 /* ru */ = {isa = PBXFileReference; lastKnownFileType = text.plist.strings; name = ru; path = ru.lproj/Localizable.strings; sourceTree = "<group>"; };
		CF4826DB25A39DD400068927 /* Key.swift */ = {isa = PBXFileReference; lastKnownFileType = sourcecode.swift; path = Key.swift; sourceTree = "<group>"; };
		CF4826DE25A39F8B00068927 /* HotKeyController.swift */ = {isa = PBXFileReference; lastKnownFileType = sourcecode.swift; path = HotKeyController.swift; sourceTree = "<group>"; };
		CF4826E125A39FB000068927 /* KeyScheme.swift */ = {isa = PBXFileReference; lastKnownFileType = sourcecode.swift; path = KeyScheme.swift; sourceTree = "<group>"; };
		CF4826E725A3B30D00068927 /* KeySchemeFactory.swift */ = {isa = PBXFileReference; lastKnownFileType = sourcecode.swift; path = KeySchemeFactory.swift; sourceTree = "<group>"; };
		CF49A78725FE6F5000339687 /* Navigatable.swift */ = {isa = PBXFileReference; lastKnownFileType = sourcecode.swift; path = Navigatable.swift; sourceTree = "<group>"; };
		CF49A78B25FE71E900339687 /* ViewControllerFactory.swift */ = {isa = PBXFileReference; lastKnownFileType = sourcecode.swift; path = ViewControllerFactory.swift; sourceTree = "<group>"; };
		CF5399EE25D097BB00FA6292 /* NSImage+TintColor.swift */ = {isa = PBXFileReference; lastKnownFileType = sourcecode.swift; path = "NSImage+TintColor.swift"; sourceTree = "<group>"; };
		CF5E416D25AA3296001DEC28 /* SettingsMainViewController.swift */ = {isa = PBXFileReference; lastKnownFileType = sourcecode.swift; path = SettingsMainViewController.swift; sourceTree = "<group>"; };
		CF5E418525AA4476001DEC28 /* LayoutSchemesInteractor.swift */ = {isa = PBXFileReference; lastKnownFileType = sourcecode.swift; path = LayoutSchemesInteractor.swift; sourceTree = "<group>"; };
		CF5F4EA525FE486D0090A3A7 /* MainViewController.swift */ = {isa = PBXFileReference; lastKnownFileType = sourcecode.swift; path = MainViewController.swift; sourceTree = "<group>"; };
		CF642FB6269B483F00997FC7 /* BuyUsACoffeeItem.swift */ = {isa = PBXFileReference; lastKnownFileType = sourcecode.swift; path = BuyUsACoffeeItem.swift; sourceTree = "<group>"; };
		CF642FB8269B58AB00997FC7 /* ContactUsItem.swift */ = {isa = PBXFileReference; lastKnownFileType = sourcecode.swift; path = ContactUsItem.swift; sourceTree = "<group>"; };
		CF642FC0269B665200997FC7 /* DFRFoundation.framework */ = {isa = PBXFileReference; lastKnownFileType = wrapper.framework; name = DFRFoundation.framework; path = ../../../../../System/Library/PrivateFrameworks/DFRFoundation.framework; sourceTree = "<group>"; };
		CF642FC5269B678B00997FC7 /* TouchBar.h */ = {isa = PBXFileReference; lastKnownFileType = sourcecode.c.h; path = TouchBar.h; sourceTree = "<group>"; };
		CF642FC6269B687100997FC7 /* TouchBarBuilder.swift */ = {isa = PBXFileReference; lastKnownFileType = sourcecode.swift; path = TouchBarBuilder.swift; sourceTree = "<group>"; };
		CF642FC8269B79DC00997FC7 /* ActionButton.swift */ = {isa = PBXFileReference; lastKnownFileType = sourcecode.swift; path = ActionButton.swift; sourceTree = "<group>"; };
		CF69958A25D6E6EF00A52715 /* WindoniserLauncher.app */ = {isa = PBXFileReference; explicitFileType = wrapper.application; includeInIndex = 0; path = WindoniserLauncher.app; sourceTree = BUILT_PRODUCTS_DIR; };
		CF69958F25D6E6F000A52715 /* Assets.xcassets */ = {isa = PBXFileReference; lastKnownFileType = folder.assetcatalog; path = Assets.xcassets; sourceTree = "<group>"; };
		CF69959225D6E6F000A52715 /* Base */ = {isa = PBXFileReference; lastKnownFileType = file.xib; name = Base; path = Base.lproj/MainMenu.xib; sourceTree = "<group>"; };
		CF69959425D6E6F000A52715 /* Info.plist */ = {isa = PBXFileReference; lastKnownFileType = text.plist.xml; path = Info.plist; sourceTree = "<group>"; };
		CF69959725D6E6F000A52715 /* ConciergeLauncher.entitlements */ = {isa = PBXFileReference; lastKnownFileType = text.plist.entitlements; path = ConciergeLauncher.entitlements; sourceTree = "<group>"; };
		CF6995A625D6EA3A00A52715 /* SettingsRepository.swift */ = {isa = PBXFileReference; lastKnownFileType = sourcecode.swift; path = SettingsRepository.swift; sourceTree = "<group>"; };
		CF6995AA25D6EB5A00A52715 /* SettingType.swift */ = {isa = PBXFileReference; lastKnownFileType = sourcecode.swift; path = SettingType.swift; sourceTree = "<group>"; };
		CF6995AE25D6EC2F00A52715 /* SettingProperty.swift */ = {isa = PBXFileReference; lastKnownFileType = sourcecode.swift; path = SettingProperty.swift; sourceTree = "<group>"; };
		CF6995B325D6ECED00A52715 /* AutoLoginSetting.swift */ = {isa = PBXFileReference; lastKnownFileType = sourcecode.swift; path = AutoLoginSetting.swift; sourceTree = "<group>"; };
		CF6A348225D85E6B00D1619A /* SystemAppearanceController.swift */ = {isa = PBXFileReference; lastKnownFileType = sourcecode.swift; path = SystemAppearanceController.swift; sourceTree = "<group>"; };
		CF6BD19425D0393A00C4FA40 /* DesktopLayoutView.swift */ = {isa = PBXFileReference; lastKnownFileType = sourcecode.swift; path = DesktopLayoutView.swift; sourceTree = "<group>"; };
		CF821E7725A21EAE002B5F1D /* Concierge-Bridging-Header.h */ = {isa = PBXFileReference; lastKnownFileType = sourcecode.c.h; path = "Concierge-Bridging-Header.h"; sourceTree = "<group>"; };
		CF821E7825A21EAF002B5F1D /* WindowController.h */ = {isa = PBXFileReference; lastKnownFileType = sourcecode.c.h; path = WindowController.h; sourceTree = "<group>"; };
		CF821E7925A21EAF002B5F1D /* WindowController.m */ = {isa = PBXFileReference; lastKnownFileType = sourcecode.c.objc; path = WindowController.m; sourceTree = "<group>"; };
		CF821E7F25A22402002B5F1D /* Window.h */ = {isa = PBXFileReference; lastKnownFileType = sourcecode.c.h; path = Window.h; sourceTree = "<group>"; };
		CF821E8025A22402002B5F1D /* Window.m */ = {isa = PBXFileReference; lastKnownFileType = sourcecode.c.objc; path = Window.m; sourceTree = "<group>"; };
		CF821E8525A23430002B5F1D /* ScreensController.swift */ = {isa = PBXFileReference; lastKnownFileType = sourcecode.swift; path = ScreensController.swift; sourceTree = "<group>"; };
		CF869E68267A84F3005F2733 /* HotkeysSuffixSettings.swift */ = {isa = PBXFileReference; lastKnownFileType = sourcecode.swift; path = HotkeysSuffixSettings.swift; sourceTree = "<group>"; };
		CF869E6A267A8B1C005F2733 /* Key+ModifierFlags.swift */ = {isa = PBXFileReference; lastKnownFileType = sourcecode.swift; path = "Key+ModifierFlags.swift"; sourceTree = "<group>"; };
		CF869E6C267A903A005F2733 /* SettingsKeySchemeUiDelegate.swift */ = {isa = PBXFileReference; lastKnownFileType = sourcecode.swift; path = SettingsKeySchemeUiDelegate.swift; sourceTree = "<group>"; };
		CF869E6F267A918C005F2733 /* KeySchemeView.swift */ = {isa = PBXFileReference; lastKnownFileType = sourcecode.swift; path = KeySchemeView.swift; sourceTree = "<group>"; };
		CF869E71267A91A3005F2733 /* KeySchemeView.xib */ = {isa = PBXFileReference; lastKnownFileType = file.xib; path = KeySchemeView.xib; sourceTree = "<group>"; };
		CF870F6126740C210089512B /* SelectedLayoutsSetting.swift */ = {isa = PBXFileReference; lastKnownFileType = sourcecode.swift; path = SelectedLayoutsSetting.swift; sourceTree = "<group>"; };
		CF870F63267410690089512B /* SettingsAppearanceDelegate.swift */ = {isa = PBXFileReference; lastKnownFileType = sourcecode.swift; path = SettingsAppearanceDelegate.swift; sourceTree = "<group>"; };
		CF8AE973267AAFA800020D2B /* InAppModifiersController.swift */ = {isa = PBXFileReference; lastKnownFileType = sourcecode.swift; path = InAppModifiersController.swift; sourceTree = "<group>"; };
		CF8AE975267B462600020D2B /* CountDownTimer.swift */ = {isa = PBXFileReference; lastKnownFileType = sourcecode.swift; path = CountDownTimer.swift; sourceTree = "<group>"; };
		CF8AE977267BEC2600020D2B /* NSView+NSImage.swift */ = {isa = PBXFileReference; lastKnownFileType = sourcecode.swift; path = "NSView+NSImage.swift"; sourceTree = "<group>"; };
		CF8AE979267BEDF300020D2B /* LayoutSchemaRenderer.swift */ = {isa = PBXFileReference; lastKnownFileType = sourcecode.swift; path = LayoutSchemaRenderer.swift; sourceTree = "<group>"; };
		CF8DBC04261A789A0031B972 /* SettingsListViewController.swift */ = {isa = PBXFileReference; lastKnownFileType = sourcecode.swift; path = SettingsListViewController.swift; sourceTree = "<group>"; };
		CF8DBC0B261B13C40031B972 /* SettingsItemView.xib */ = {isa = PBXFileReference; lastKnownFileType = file.xib; path = SettingsItemView.xib; sourceTree = "<group>"; };
		CF8DBC0F261B13D20031B972 /* SettingsItemView.swift */ = {isa = PBXFileReference; lastKnownFileType = sourcecode.swift; path = SettingsItemView.swift; sourceTree = "<group>"; };
		CF93698E267556DF001CE96A /* UiDelegate.swift */ = {isa = PBXFileReference; lastKnownFileType = sourcecode.swift; path = UiDelegate.swift; sourceTree = "<group>"; };
		CF93699026755888001CE96A /* DesktopViewUiDelegate.swift */ = {isa = PBXFileReference; lastKnownFileType = sourcecode.swift; path = DesktopViewUiDelegate.swift; sourceTree = "<group>"; };
		CF93699226755B91001CE96A /* AppearanceInteractor.swift */ = {isa = PBXFileReference; lastKnownFileType = sourcecode.swift; path = AppearanceInteractor.swift; sourceTree = "<group>"; };
		CF93699426755BC4001CE96A /* GridLayoutInteractor.swift */ = {isa = PBXFileReference; lastKnownFileType = sourcecode.swift; path = GridLayoutInteractor.swift; sourceTree = "<group>"; };
		CF9B2E2B25D5BCC70087D32B /* ImageLoader.swift */ = {isa = PBXFileReference; lastKnownFileType = sourcecode.swift; path = ImageLoader.swift; sourceTree = "<group>"; };
		CF9B2E2E25D5C62E0087D32B /* ImageCache.swift */ = {isa = PBXFileReference; lastKnownFileType = sourcecode.swift; path = ImageCache.swift; sourceTree = "<group>"; };
		CF9B2E3125D5CB250087D32B /* ImageViewLoader.swift */ = {isa = PBXFileReference; lastKnownFileType = sourcecode.swift; path = ImageViewLoader.swift; sourceTree = "<group>"; };
		CF9B2E3425D5CFB60087D32B /* NSImageView+ImageViewLoader.swift */ = {isa = PBXFileReference; lastKnownFileType = sourcecode.swift; path = "NSImageView+ImageViewLoader.swift"; sourceTree = "<group>"; };
		CFA3B8C42678043D0070F07C /* SettingsLayoutController.swift */ = {isa = PBXFileReference; lastKnownFileType = sourcecode.swift; path = SettingsLayoutController.swift; sourceTree = "<group>"; };
		CFA3B8C6267806DA0070F07C /* SettingsLayoutsItem.swift */ = {isa = PBXFileReference; lastKnownFileType = sourcecode.swift; path = SettingsLayoutsItem.swift; sourceTree = "<group>"; };
		CFA95AB2267BFD1500478576 /* SwitcherItemView.swift */ = {isa = PBXFileReference; lastKnownFileType = sourcecode.swift; path = SwitcherItemView.swift; sourceTree = "<group>"; };
		CFA95AB4267BFD2600478576 /* SwitcherItemView.xib */ = {isa = PBXFileReference; lastKnownFileType = file.xib; path = SwitcherItemView.xib; sourceTree = "<group>"; };
		CFA95AB6267BFF8600478576 /* SettingsAutoLoginDelegate.swift */ = {isa = PBXFileReference; lastKnownFileType = sourcecode.swift; path = SettingsAutoLoginDelegate.swift; sourceTree = "<group>"; };
		CFA95AB8267BFFF800478576 /* AutoLoginInteractor.swift */ = {isa = PBXFileReference; lastKnownFileType = sourcecode.swift; path = AutoLoginInteractor.swift; sourceTree = "<group>"; };
		CFACE47025A1CFCF00EE31F5 /* Windoniser.app */ = {isa = PBXFileReference; explicitFileType = wrapper.application; includeInIndex = 0; path = Windoniser.app; sourceTree = BUILT_PRODUCTS_DIR; };
		CFACE47325A1CFCF00EE31F5 /* AppDelegate.swift */ = {isa = PBXFileReference; lastKnownFileType = sourcecode.swift; path = AppDelegate.swift; sourceTree = "<group>"; };
		CFACE47725A1CFD000EE31F5 /* Assets.xcassets */ = {isa = PBXFileReference; lastKnownFileType = folder.assetcatalog; path = Assets.xcassets; sourceTree = "<group>"; };
		CFACE47A25A1CFD000EE31F5 /* Base */ = {isa = PBXFileReference; lastKnownFileType = file.storyboard; name = Base; path = Base.lproj/MainFlow.storyboard; sourceTree = "<group>"; };
		CFACE47C25A1CFD000EE31F5 /* Info.plist */ = {isa = PBXFileReference; lastKnownFileType = text.plist.xml; path = Info.plist; sourceTree = "<group>"; };
		CFACE47D25A1CFD000EE31F5 /* Concierge.entitlements */ = {isa = PBXFileReference; lastKnownFileType = text.plist.entitlements; path = Concierge.entitlements; sourceTree = "<group>"; };
		CFACE48725A1D4C400EE31F5 /* LayoutPreviewView.swift */ = {isa = PBXFileReference; lastKnownFileType = sourcecode.swift; path = LayoutPreviewView.swift; sourceTree = "<group>"; };
		CFAD230925D05C09008CEB1B /* LeftSideMenuViewController+CollectionViewDataSource.swift */ = {isa = PBXFileReference; lastKnownFileType = sourcecode.swift; path = "LeftSideMenuViewController+CollectionViewDataSource.swift"; sourceTree = "<group>"; };
		CFAD790D266ECCA600583A91 /* GridColorSetting.swift */ = {isa = PBXFileReference; lastKnownFileType = sourcecode.swift; path = GridColorSetting.swift; sourceTree = "<group>"; };
		CFAEAA6325D987DA00675171 /* AppearanceMode.swift */ = {isa = PBXFileReference; lastKnownFileType = sourcecode.swift; path = AppearanceMode.swift; sourceTree = "<group>"; };
		CFAEAA6825D989D600675171 /* AppearanceProvider.swift */ = {isa = PBXFileReference; lastKnownFileType = sourcecode.swift; path = AppearanceProvider.swift; sourceTree = "<group>"; };
		CFAEAA7025D98B2D00675171 /* SystemAppearanceProvider.swift */ = {isa = PBXFileReference; lastKnownFileType = sourcecode.swift; path = SystemAppearanceProvider.swift; sourceTree = "<group>"; };
		CFAEAA7425D98D1A00675171 /* SettingsAppearanceProvider.swift */ = {isa = PBXFileReference; lastKnownFileType = sourcecode.swift; path = SettingsAppearanceProvider.swift; sourceTree = "<group>"; };
		CFAEAA7825D98D7800675171 /* AppearanceSetting.swift */ = {isa = PBXFileReference; lastKnownFileType = sourcecode.swift; path = AppearanceSetting.swift; sourceTree = "<group>"; };
		CFB3689125A7B8B000CB8A89 /* HotKeysInteractor.swift */ = {isa = PBXFileReference; lastKnownFileType = sourcecode.swift; path = HotKeysInteractor.swift; sourceTree = "<group>"; };
		CFB4B91625A9017500539AB6 /* DependencyQualifier.swift */ = {isa = PBXFileReference; lastKnownFileType = sourcecode.swift; path = DependencyQualifier.swift; sourceTree = "<group>"; };
		CFB4B91A25A9051400539AB6 /* SynchronizedDependenciesContainer.swift */ = {isa = PBXFileReference; lastKnownFileType = sourcecode.swift; path = SynchronizedDependenciesContainer.swift; sourceTree = "<group>"; };
		CFB4B92325A90F5B00539AB6 /* WindowInteractor.swift */ = {isa = PBXFileReference; lastKnownFileType = sourcecode.swift; path = WindowInteractor.swift; sourceTree = "<group>"; };
		CFBBB89C261B85210026B7C0 /* SettingsItem.swift */ = {isa = PBXFileReference; lastKnownFileType = sourcecode.swift; path = SettingsItem.swift; sourceTree = "<group>"; };
		CFBD324B25C84539006DDAE5 /* WindowTableCell.swift */ = {isa = PBXFileReference; lastKnownFileType = sourcecode.swift; path = WindowTableCell.swift; sourceTree = "<group>"; };
		CFBD324F25C8563D006DDAE5 /* NSColor+Helpers.swift */ = {isa = PBXFileReference; lastKnownFileType = sourcecode.swift; path = "NSColor+Helpers.swift"; sourceTree = "<group>"; };
		CFBD325225C857A1006DDAE5 /* WindowTableRow.swift */ = {isa = PBXFileReference; lastKnownFileType = sourcecode.swift; path = WindowTableRow.swift; sourceTree = "<group>"; };
		CFC11453267E598200C61FBF /* CustomBackgroundView.swift */ = {isa = PBXFileReference; lastKnownFileType = sourcecode.swift; path = CustomBackgroundView.swift; sourceTree = "<group>"; };
		CFC11455267E5C5E00C61FBF /* NsImage+NSColor.swift */ = {isa = PBXFileReference; lastKnownFileType = sourcecode.swift; path = "NsImage+NSColor.swift"; sourceTree = "<group>"; };
		CFC11457267E5EE300C61FBF /* ImageContrastor.swift */ = {isa = PBXFileReference; lastKnownFileType = sourcecode.swift; path = ImageContrastor.swift; sourceTree = "<group>"; };
		CFC11459267E8C3900C61FBF /* Origin.swift */ = {isa = PBXFileReference; lastKnownFileType = sourcecode.swift; path = Origin.swift; sourceTree = "<group>"; };
		CFC1145B267E911F00C61FBF /* Schemas.json */ = {isa = PBXFileReference; fileEncoding = 4; lastKnownFileType = text.json; path = Schemas.json; sourceTree = "<group>"; };
		CFC1145D267E966200C61FBF /* Point.swift */ = {isa = PBXFileReference; lastKnownFileType = sourcecode.swift; path = Point.swift; sourceTree = "<group>"; };
		CFC11460267F5F7400C61FBF /* ServiceManagement.framework */ = {isa = PBXFileReference; lastKnownFileType = wrapper.framework; name = ServiceManagement.framework; path = System/Library/Frameworks/ServiceManagement.framework; sourceTree = SDKROOT; };
		CFC11465267F611100C61FBF /* ConciergeLauncher-Bridging-Header.h */ = {isa = PBXFileReference; lastKnownFileType = sourcecode.c.h; path = "ConciergeLauncher-Bridging-Header.h"; sourceTree = "<group>"; };
		CFC11466267F611100C61FBF /* AppDelegate.swift */ = {isa = PBXFileReference; lastKnownFileType = sourcecode.swift; path = AppDelegate.swift; sourceTree = "<group>"; };
		CFC2107825D330B200726D8C /* AccessibilityPermissionsManager.swift */ = {isa = PBXFileReference; lastKnownFileType = sourcecode.swift; path = AccessibilityPermissionsManager.swift; sourceTree = "<group>"; };
		CFC2108025D3358700726D8C /* PermissionsSideMenuDelegate.swift */ = {isa = PBXFileReference; lastKnownFileType = sourcecode.swift; path = PermissionsSideMenuDelegate.swift; sourceTree = "<group>"; };
		CFC2108325D3373600726D8C /* PermissionsViewController.swift */ = {isa = PBXFileReference; lastKnownFileType = sourcecode.swift; path = PermissionsViewController.swift; sourceTree = "<group>"; };
		CFC5CB9E267671D5004D868C /* SettingsAboutController.swift */ = {isa = PBXFileReference; lastKnownFileType = sourcecode.swift; path = SettingsAboutController.swift; sourceTree = "<group>"; };
		CFC5CBA1267675BD004D868C /* SettingsLicensesController.swift */ = {isa = PBXFileReference; lastKnownFileType = sourcecode.swift; path = SettingsLicensesController.swift; sourceTree = "<group>"; };
		CFD0769E25D04F9600FF2730 /* Vector2.swift */ = {isa = PBXFileReference; lastKnownFileType = sourcecode.swift; path = Vector2.swift; sourceTree = "<group>"; };
		CFD076A325D0595F00FF2730 /* LayoutSchemesCollectionViewItem.swift */ = {isa = PBXFileReference; lastKnownFileType = sourcecode.swift; path = LayoutSchemesCollectionViewItem.swift; sourceTree = "<group>"; };
		CFD076A725D059EB00FF2730 /* LayoutSchemesCollectionViewItem.xib */ = {isa = PBXFileReference; lastKnownFileType = file.xib; path = LayoutSchemesCollectionViewItem.xib; sourceTree = "<group>"; };
		CFD89EE52675626000DF304A /* GridTheme.swift */ = {isa = PBXFileReference; lastKnownFileType = sourcecode.swift; path = GridTheme.swift; sourceTree = "<group>"; };
		CFD89EE7267568B800DF304A /* SettingsGridLayoutDelegate.swift */ = {isa = PBXFileReference; lastKnownFileType = sourcecode.swift; path = SettingsGridLayoutDelegate.swift; sourceTree = "<group>"; };
		CFD89EE926756BEB00DF304A /* SettingsLayoutSelectionDelegate.swift */ = {isa = PBXFileReference; lastKnownFileType = sourcecode.swift; path = SettingsLayoutSelectionDelegate.swift; sourceTree = "<group>"; };
		CFE36923261B85E5007DE6C7 /* GeneralSettingsItem.swift */ = {isa = PBXFileReference; lastKnownFileType = sourcecode.swift; path = GeneralSettingsItem.swift; sourceTree = "<group>"; };
		CFE36929261B86FF007DE6C7 /* AppearanceSettingsItem.swift */ = {isa = PBXFileReference; lastKnownFileType = sourcecode.swift; path = AppearanceSettingsItem.swift; sourceTree = "<group>"; };
		CFE3692D261B8750007DE6C7 /* AboutSettingsItem.swift */ = {isa = PBXFileReference; lastKnownFileType = sourcecode.swift; path = AboutSettingsItem.swift; sourceTree = "<group>"; };
		CFE36931261B8783007DE6C7 /* QuitSettingsItem.swift */ = {isa = PBXFileReference; lastKnownFileType = sourcecode.swift; path = QuitSettingsItem.swift; sourceTree = "<group>"; };
		CFE36938261B8E29007DE6C7 /* SettingsAppearanceController.swift */ = {isa = PBXFileReference; lastKnownFileType = sourcecode.swift; path = SettingsAppearanceController.swift; sourceTree = "<group>"; };
		CFF12038261B99580092103D /* SettingsGeneralController.swift */ = {isa = PBXFileReference; lastKnownFileType = sourcecode.swift; path = SettingsGeneralController.swift; sourceTree = "<group>"; };
		CFFBC366269D790200189A26 /* TouchBarSetting.swift */ = {isa = PBXFileReference; lastKnownFileType = sourcecode.swift; path = TouchBarSetting.swift; sourceTree = "<group>"; };
		CFFBC368269D799F00189A26 /* TouchBarInteractor.swift */ = {isa = PBXFileReference; lastKnownFileType = sourcecode.swift; path = TouchBarInteractor.swift; sourceTree = "<group>"; };
		CFFBC36A269D7AC900189A26 /* SettingsTouchBarDelegate.swift */ = {isa = PBXFileReference; lastKnownFileType = sourcecode.swift; path = SettingsTouchBarDelegate.swift; sourceTree = "<group>"; };
		CFFEFF18261A6D4F00F2CE39 /* AppListTableViewAdapter.swift */ = {isa = PBXFileReference; lastKnownFileType = sourcecode.swift; path = AppListTableViewAdapter.swift; sourceTree = "<group>"; };
		CFFEFF24261A724200F2CE39 /* NavigationDelegate.swift */ = {isa = PBXFileReference; lastKnownFileType = sourcecode.swift; path = NavigationDelegate.swift; sourceTree = "<group>"; };
/* End PBXFileReference section */

/* Begin PBXFrameworksBuildPhase section */
		CF69958725D6E6EF00A52715 /* Frameworks */ = {
			isa = PBXFrameworksBuildPhase;
			buildActionMask = 2147483647;
			files = (
			);
			runOnlyForDeploymentPostprocessing = 0;
		};
		CFACE46D25A1CFCF00EE31F5 /* Frameworks */ = {
			isa = PBXFrameworksBuildPhase;
			buildActionMask = 2147483647;
			files = (
				CF642FC1269B665200997FC7 /* DFRFoundation.framework in Frameworks */,
				CFC11462267F5F7700C61FBF /* ServiceManagement.framework in Frameworks */,
			);
			runOnlyForDeploymentPostprocessing = 0;
		};
/* End PBXFrameworksBuildPhase section */

/* Begin PBXGroup section */
		CF00C63F25A79764003454E6 /* Dependencies */ = {
			isa = PBXGroup;
			children = (
				CF00C64025A7977C003454E6 /* DependenciesContainer.swift */,
				CF00C64725A79983003454E6 /* GraphDependenciesContainer.swift */,
				CF00C64B25A799F0003454E6 /* DependenciesResolver.swift */,
				CFB4B91625A9017500539AB6 /* DependencyQualifier.swift */,
				CFB4B91A25A9051400539AB6 /* SynchronizedDependenciesContainer.swift */,
			);
			path = Dependencies;
			sourceTree = "<group>";
		};
		CF081A3225C89B8F0099DA5B /* Popover */ = {
			isa = PBXGroup;
			children = (
				CF3C6ABD25A4FFF8007A52F8 /* EventMonitor.swift */,
				CF081A3325C89C630099DA5B /* PopoverBackgroundView.swift */,
				CF081A3625C89E770099DA5B /* PopoverWindow.swift */,
				CF081A3A25C8A05B0099DA5B /* Popover.swift */,
				CF081A3D25C8A0940099DA5B /* PopoverWindowController.swift */,
			);
			path = Popover;
			sourceTree = "<group>";
		};
		CF1B393925A26A5D00F7F9C7 /* Presentation */ = {
			isa = PBXGroup;
			children = (
				CFC5CB9C26766099004D868C /* Utils */,
				CFC5CB9926765FD0004D868C /* Screens */,
				CFC5CB9826765F9C004D868C /* UiDelegate */,
				CF821E7325A21881002B5F1D /* Components */,
				CFACE47925A1CFD000EE31F5 /* MainFlow.storyboard */,
				CFACE47325A1CFCF00EE31F5 /* AppDelegate.swift */,
				CF00C63C25A791EF003454E6 /* AppDependenciesResolver.swift */,
			);
			path = Presentation;
			sourceTree = "<group>";
		};
		CF1B393A25A26A6C00F7F9C7 /* Resources */ = {
			isa = PBXGroup;
			children = (
				CFC1145B267E911F00C61FBF /* Schemas.json */,
				CF2E76012676867C00F198A8 /* Web */,
				CFACE47725A1CFD000EE31F5 /* Assets.xcassets */,
				CFACE47D25A1CFD000EE31F5 /* Concierge.entitlements */,
				CFACE47C25A1CFD000EE31F5 /* Info.plist */,
				CF4826D025A395D300068927 /* Localizable.strings */,
			);
			path = Resources;
			sourceTree = "<group>";
		};
		CF1B394125A26D1C00F7F9C7 /* Domain */ = {
			isa = PBXGroup;
			children = (
				CFC2107725D3131300726D8C /* Permissions */,
				CF00C63F25A79764003454E6 /* Dependencies */,
				CF4826D725A3984500068927 /* Keyboard */,
				CF821E7525A2191F002B5F1D /* Windows */,
				CF8AE975267B462600020D2B /* CountDownTimer.swift */,
			);
			path = Domain;
			sourceTree = "<group>";
		};
		CF1B394225A26D5900F7F9C7 /* Sources */ = {
			isa = PBXGroup;
			children = (
				CFB4B91E25A90E9900539AB6 /* Interactors */,
				CF3C6AB825A4FDE5007A52F8 /* Models */,
				CF3C6AB425A4F4A5007A52F8 /* Data */,
				CF821E7725A21EAE002B5F1D /* Concierge-Bridging-Header.h */,
				CF1B393925A26A5D00F7F9C7 /* Presentation */,
				CF1B394125A26D1C00F7F9C7 /* Domain */,
			);
			path = Sources;
			sourceTree = "<group>";
		};
		CF1B394C25A270AF00F7F9C7 /* Content */ = {
			isa = PBXGroup;
			children = (
				CFD076A225D0593000FF2730 /* LayoutSchemes */,
				CFBD324A25C8450C006DDAE5 /* AppList */,
				CF1B395C25A2747900F7F9C7 /* ContentViewController.swift */,
			);
			path = Content;
			sourceTree = "<group>";
		};
		CF2E76012676867C00F198A8 /* Web */ = {
			isa = PBXGroup;
			children = (
				CF2E76032676869000F198A8 /* privacy.html */,
				CF2E76022676869000F198A8 /* terms.html */,
			);
			path = Web;
			sourceTree = "<group>";
		};
		CF3ABAC9261B29BF008E3C90 /* NibLoader */ = {
			isa = PBXGroup;
			children = (
				CF3ABACA261B29D3008E3C90 /* NibLoadable.swift */,
			);
			path = NibLoader;
			sourceTree = "<group>";
		};
		CF3C6AB425A4F4A5007A52F8 /* Data */ = {
			isa = PBXGroup;
			children = (
				CF6995A525D6E8EA00A52715 /* Settings */,
				CF3C6AB525A4F4C9007A52F8 /* WindowRepository.swift */,
				CF00C65125A7AC98003454E6 /* LayoutSchemesRepository.swift */,
			);
			path = Data;
			sourceTree = "<group>";
		};
		CF3C6AB825A4FDE5007A52F8 /* Models */ = {
			isa = PBXGroup;
			children = (
				CF3C6AB925A4FDFD007A52F8 /* String+Localization.swift */,
				CF3C6AC225A50D34007A52F8 /* NSPasteboard+Types.swift */,
				CF3C6AC525A50DA4007A52F8 /* WindowPasteboard.swift */,
				CF00C65425A7AD5C003454E6 /* LayoutSchema.swift */,
				CF00C65725A7AD93003454E6 /* LayoutArea.swift */,
				CFD0769E25D04F9600FF2730 /* Vector2.swift */,
				CFC11459267E8C3900C61FBF /* Origin.swift */,
				CFC1145D267E966200C61FBF /* Point.swift */,
			);
			path = Models;
			sourceTree = "<group>";
		};
		CF4826D725A3984500068927 /* Keyboard */ = {
			isa = PBXGroup;
			children = (
				CF4826DB25A39DD400068927 /* Key.swift */,
				CF4826DE25A39F8B00068927 /* HotKeyController.swift */,
				CF4826E125A39FB000068927 /* KeyScheme.swift */,
				CF4826E725A3B30D00068927 /* KeySchemeFactory.swift */,
				CF869E6A267A8B1C005F2733 /* Key+ModifierFlags.swift */,
				CF8AE973267AAFA800020D2B /* InAppModifiersController.swift */,
			);
			path = Keyboard;
			sourceTree = "<group>";
		};
		CF49A78F25FE71F200339687 /* Navigation */ = {
			isa = PBXGroup;
			children = (
				CF49A78B25FE71E900339687 /* ViewControllerFactory.swift */,
				CF49A78725FE6F5000339687 /* Navigatable.swift */,
				CFFEFF24261A724200F2CE39 /* NavigationDelegate.swift */,
				CF2E75FD2676820700F198A8 /* NavigatableViewController.swift */,
			);
			path = Navigation;
			sourceTree = "<group>";
		};
		CF5F4EA425FE48520090A3A7 /* Main */ = {
			isa = PBXGroup;
			children = (
				CF1B394825A26EEE00F7F9C7 /* MainWindowController.swift */,
				CF5F4EA525FE486D0090A3A7 /* MainViewController.swift */,
			);
			path = Main;
			sourceTree = "<group>";
		};
		CF642FC4269B671900997FC7 /* TouchBar */ = {
			isa = PBXGroup;
			children = (
				CF642FC5269B678B00997FC7 /* TouchBar.h */,
				CF642FC6269B687100997FC7 /* TouchBarBuilder.swift */,
			);
			path = TouchBar;
			sourceTree = "<group>";
		};
		CF69958B25D6E6EF00A52715 /* ConciergeLauncher */ = {
			isa = PBXGroup;
			children = (
				CF69958F25D6E6F000A52715 /* Assets.xcassets */,
				CF69959125D6E6F000A52715 /* MainMenu.xib */,
				CF69959425D6E6F000A52715 /* Info.plist */,
				CF69959725D6E6F000A52715 /* ConciergeLauncher.entitlements */,
				CFC11466267F611100C61FBF /* AppDelegate.swift */,
				CFC11465267F611100C61FBF /* ConciergeLauncher-Bridging-Header.h */,
			);
			path = ConciergeLauncher;
			sourceTree = "<group>";
		};
		CF6995A525D6E8EA00A52715 /* Settings */ = {
			isa = PBXGroup;
			children = (
				CF6995B225D6ECC700A52715 /* Types */,
				CF6995A625D6EA3A00A52715 /* SettingsRepository.swift */,
				CF6995AA25D6EB5A00A52715 /* SettingType.swift */,
				CF6995AE25D6EC2F00A52715 /* SettingProperty.swift */,
			);
			path = Settings;
			sourceTree = "<group>";
		};
		CF6995B225D6ECC700A52715 /* Types */ = {
			isa = PBXGroup;
			children = (
				CF6995B325D6ECED00A52715 /* AutoLoginSetting.swift */,
				CFAEAA7825D98D7800675171 /* AppearanceSetting.swift */,
				CFAD790D266ECCA600583A91 /* GridColorSetting.swift */,
				CF870F6126740C210089512B /* SelectedLayoutsSetting.swift */,
				CF869E68267A84F3005F2733 /* HotkeysSuffixSettings.swift */,
				CFFBC366269D790200189A26 /* TouchBarSetting.swift */,
			);
			path = Types;
			sourceTree = "<group>";
		};
		CF6A348125D85DBB00D1619A /* SystemAppearance */ = {
			isa = PBXGroup;
			children = (
				CFAEAA6725D989C300675171 /* Observers */,
				CF6A348225D85E6B00D1619A /* SystemAppearanceController.swift */,
			);
			path = SystemAppearance;
			sourceTree = "<group>";
		};
		CF821E7325A21881002B5F1D /* Components */ = {
			isa = PBXGroup;
			children = (
				CF642FC4269B671900997FC7 /* TouchBar */,
				CFA95AB1267BFD0300478576 /* SwitcherItemView */,
				CF869E6E267A9173005F2733 /* KeySchemeView */,
				CF8DBC08261B13830031B972 /* SettingsItemView */,
				CF9B2E2825D5BC010087D32B /* LayoutView */,
				CF081A3225C89B8F0099DA5B /* Popover */,
				CF5399EE25D097BB00FA6292 /* NSImage+TintColor.swift */,
				CF2E760A2676BF5C00F198A8 /* LayoutSchemaPreviewView.swift */,
				CF8AE977267BEC2600020D2B /* NSView+NSImage.swift */,
				CFC11453267E598200C61FBF /* CustomBackgroundView.swift */,
				CF642FC8269B79DC00997FC7 /* ActionButton.swift */,
				CF439958269CFB5A005732E1 /* FlippedClipView.swift */,
			);
			path = Components;
			sourceTree = "<group>";
		};
		CF821E7525A2191F002B5F1D /* Windows */ = {
			isa = PBXGroup;
			children = (
				CF821E7825A21EAF002B5F1D /* WindowController.h */,
				CF821E7925A21EAF002B5F1D /* WindowController.m */,
				CF821E7F25A22402002B5F1D /* Window.h */,
				CF821E8025A22402002B5F1D /* Window.m */,
				CF821E8525A23430002B5F1D /* ScreensController.swift */,
			);
			path = Windows;
			sourceTree = "<group>";
		};
		CF869E6E267A9173005F2733 /* KeySchemeView */ = {
			isa = PBXGroup;
			children = (
				CF869E6F267A918C005F2733 /* KeySchemeView.swift */,
				CF869E71267A91A3005F2733 /* KeySchemeView.xib */,
			);
			path = KeySchemeView;
			sourceTree = "<group>";
		};
		CF8DBC08261B13830031B972 /* SettingsItemView */ = {
			isa = PBXGroup;
			children = (
				CF8DBC0B261B13C40031B972 /* SettingsItemView.xib */,
				CF8DBC0F261B13D20031B972 /* SettingsItemView.swift */,
			);
			path = SettingsItemView;
			sourceTree = "<group>";
		};
		CF9369962675610E001CE96A /* Appearance */ = {
			isa = PBXGroup;
			children = (
				CFAEAA6325D987DA00675171 /* AppearanceMode.swift */,
				CF93699226755B91001CE96A /* AppearanceInteractor.swift */,
			);
			path = Appearance;
			sourceTree = "<group>";
		};
		CF9B2E2825D5BC010087D32B /* LayoutView */ = {
			isa = PBXGroup;
			children = (
				CFACE48725A1D4C400EE31F5 /* LayoutPreviewView.swift */,
				CF6BD19425D0393A00C4FA40 /* DesktopLayoutView.swift */,
			);
			path = LayoutView;
			sourceTree = "<group>";
		};
		CF9B2E2A25D5BC2A0087D32B /* Images */ = {
			isa = PBXGroup;
			children = (
				CF9B2E2B25D5BCC70087D32B /* ImageLoader.swift */,
				CF9B2E2E25D5C62E0087D32B /* ImageCache.swift */,
				CF9B2E3125D5CB250087D32B /* ImageViewLoader.swift */,
				CF9B2E3425D5CFB60087D32B /* NSImageView+ImageViewLoader.swift */,
			);
			path = Images;
			sourceTree = "<group>";
		};
		CFA3B8C3267804130070F07C /* Layouts */ = {
			isa = PBXGroup;
			children = (
				CFA3B8C42678043D0070F07C /* SettingsLayoutController.swift */,
				CFD89EE926756BEB00DF304A /* SettingsLayoutSelectionDelegate.swift */,
			);
			path = Layouts;
			sourceTree = "<group>";
		};
		CFA95AB1267BFD0300478576 /* SwitcherItemView */ = {
			isa = PBXGroup;
			children = (
				CFA95AB2267BFD1500478576 /* SwitcherItemView.swift */,
				CFA95AB4267BFD2600478576 /* SwitcherItemView.xib */,
			);
			path = SwitcherItemView;
			sourceTree = "<group>";
		};
		CFACE46725A1CFCF00EE31F5 = {
			isa = PBXGroup;
			children = (
				CFACE47225A1CFCF00EE31F5 /* Concierge */,
				CF69958B25D6E6EF00A52715 /* ConciergeLauncher */,
				CFACE47125A1CFCF00EE31F5 /* Products */,
				CFC1145F267F5F7400C61FBF /* Frameworks */,
			);
			sourceTree = "<group>";
		};
		CFACE47125A1CFCF00EE31F5 /* Products */ = {
			isa = PBXGroup;
			children = (
				CFACE47025A1CFCF00EE31F5 /* Windoniser.app */,
				CF69958A25D6E6EF00A52715 /* WindoniserLauncher.app */,
			);
			name = Products;
			sourceTree = "<group>";
		};
		CFACE47225A1CFCF00EE31F5 /* Concierge */ = {
			isa = PBXGroup;
			children = (
				CF1B394225A26D5900F7F9C7 /* Sources */,
				CF1B393A25A26A6C00F7F9C7 /* Resources */,
			);
			path = Concierge;
			sourceTree = "<group>";
		};
		CFAEAA6725D989C300675171 /* Observers */ = {
			isa = PBXGroup;
			children = (
				CFAEAA6825D989D600675171 /* AppearanceProvider.swift */,
				CFAEAA7025D98B2D00675171 /* SystemAppearanceProvider.swift */,
				CFAEAA7425D98D1A00675171 /* SettingsAppearanceProvider.swift */,
			);
			path = Observers;
			sourceTree = "<group>";
		};
		CFB4B91E25A90E9900539AB6 /* Interactors */ = {
			isa = PBXGroup;
			children = (
				CFD89EE42675625100DF304A /* GridLayout */,
				CF9369962675610E001CE96A /* Appearance */,
				CFB3689125A7B8B000CB8A89 /* HotKeysInteractor.swift */,
				CFB4B92325A90F5B00539AB6 /* WindowInteractor.swift */,
				CF5E418525AA4476001DEC28 /* LayoutSchemesInteractor.swift */,
				CFA95AB8267BFFF800478576 /* AutoLoginInteractor.swift */,
				CFFBC368269D799F00189A26 /* TouchBarInteractor.swift */,
			);
			path = Interactors;
			sourceTree = "<group>";
		};
		CFBD324A25C8450C006DDAE5 /* AppList */ = {
			isa = PBXGroup;
			children = (
				CFBD324B25C84539006DDAE5 /* WindowTableCell.swift */,
				CFBD325225C857A1006DDAE5 /* WindowTableRow.swift */,
				CFFEFF18261A6D4F00F2CE39 /* AppListTableViewAdapter.swift */,
			);
			path = AppList;
			sourceTree = "<group>";
		};
		CFC1145F267F5F7400C61FBF /* Frameworks */ = {
			isa = PBXGroup;
			children = (
				CF642FC0269B665200997FC7 /* DFRFoundation.framework */,
				CFC11460267F5F7400C61FBF /* ServiceManagement.framework */,
			);
			name = Frameworks;
			sourceTree = "<group>";
		};
		CFC2107725D3131300726D8C /* Permissions */ = {
			isa = PBXGroup;
			children = (
				CFC2107825D330B200726D8C /* AccessibilityPermissionsManager.swift */,
			);
			path = Permissions;
			sourceTree = "<group>";
		};
		CFC2107C25D3334E00726D8C /* Permissions */ = {
			isa = PBXGroup;
			children = (
				CFC2108025D3358700726D8C /* PermissionsSideMenuDelegate.swift */,
				CFC2108325D3373600726D8C /* PermissionsViewController.swift */,
			);
			path = Permissions;
			sourceTree = "<group>";
		};
		CFC5CB9826765F9C004D868C /* UiDelegate */ = {
			isa = PBXGroup;
			children = (
				CF93698E267556DF001CE96A /* UiDelegate.swift */,
				CF93699026755888001CE96A /* DesktopViewUiDelegate.swift */,
			);
			path = UiDelegate;
			sourceTree = "<group>";
		};
		CFC5CB9926765FD0004D868C /* Screens */ = {
			isa = PBXGroup;
			children = (
				CF5F4EA425FE48520090A3A7 /* Main */,
				CFC5CB9A26766015004D868C /* Settings */,
				CFC2107C25D3334E00726D8C /* Permissions */,
				CF1B394C25A270AF00F7F9C7 /* Content */,
			);
			path = Screens;
			sourceTree = "<group>";
		};
		CFC5CB9A26766015004D868C /* Settings */ = {
			isa = PBXGroup;
			children = (
				CFA3B8C3267804130070F07C /* Layouts */,
				CFC5CBA3267676D1004D868C /* MenuItems */,
				CFC5CBA026767547004D868C /* Licenses */,
				CFC5CB9D267671B8004D868C /* About */,
				CFE36935261B8DA8007DE6C7 /* Appearance */,
				CFC5CB9B26766034004D868C /* General */,
				CF5E416D25AA3296001DEC28 /* SettingsMainViewController.swift */,
				CF8DBC04261A789A0031B972 /* SettingsListViewController.swift */,
			);
			path = Settings;
			sourceTree = "<group>";
		};
		CFC5CB9B26766034004D868C /* General */ = {
			isa = PBXGroup;
			children = (
				CFF12038261B99580092103D /* SettingsGeneralController.swift */,
				CF869E6C267A903A005F2733 /* SettingsKeySchemeUiDelegate.swift */,
				CFA95AB6267BFF8600478576 /* SettingsAutoLoginDelegate.swift */,
				CFFBC36A269D7AC900189A26 /* SettingsTouchBarDelegate.swift */,
			);
			path = General;
			sourceTree = "<group>";
		};
		CFC5CB9C26766099004D868C /* Utils */ = {
			isa = PBXGroup;
			children = (
				CFBD324F25C8563D006DDAE5 /* NSColor+Helpers.swift */,
				CF6A348125D85DBB00D1619A /* SystemAppearance */,
				CF9B2E2A25D5BC2A0087D32B /* Images */,
				CF3ABAC9261B29BF008E3C90 /* NibLoader */,
				CF49A78F25FE71F200339687 /* Navigation */,
				CF8AE979267BEDF300020D2B /* LayoutSchemaRenderer.swift */,
				CFC11455267E5C5E00C61FBF /* NsImage+NSColor.swift */,
				CFC11457267E5EE300C61FBF /* ImageContrastor.swift */,
			);
			path = Utils;
			sourceTree = "<group>";
		};
		CFC5CB9D267671B8004D868C /* About */ = {
			isa = PBXGroup;
			children = (
				CFC5CB9E267671D5004D868C /* SettingsAboutController.swift */,
			);
			path = About;
			sourceTree = "<group>";
		};
		CFC5CBA026767547004D868C /* Licenses */ = {
			isa = PBXGroup;
			children = (
				CFC5CBA1267675BD004D868C /* SettingsLicensesController.swift */,
			);
			path = Licenses;
			sourceTree = "<group>";
		};
		CFC5CBA3267676D1004D868C /* MenuItems */ = {
			isa = PBXGroup;
			children = (
				CFBBB89C261B85210026B7C0 /* SettingsItem.swift */,
				CFE36923261B85E5007DE6C7 /* GeneralSettingsItem.swift */,
				CFE36929261B86FF007DE6C7 /* AppearanceSettingsItem.swift */,
				CFE3692D261B8750007DE6C7 /* AboutSettingsItem.swift */,
				CFE36931261B8783007DE6C7 /* QuitSettingsItem.swift */,
				CF2E75FF2676831E00F198A8 /* SettingsPrivacyItem.swift */,
				CF2E7608267688F900F198A8 /* SettingsTermsItem.swift */,
				CFA3B8C6267806DA0070F07C /* SettingsLayoutsItem.swift */,
				CF642FB6269B483F00997FC7 /* BuyUsACoffeeItem.swift */,
				CF642FB8269B58AB00997FC7 /* ContactUsItem.swift */,
				CF43995A269CFD4F005732E1 /* CheckForUpdateItem.swift */,
			);
			path = MenuItems;
			sourceTree = "<group>";
		};
		CFD076A225D0593000FF2730 /* LayoutSchemes */ = {
			isa = PBXGroup;
			children = (
				CFD076A325D0595F00FF2730 /* LayoutSchemesCollectionViewItem.swift */,
				CFD076A725D059EB00FF2730 /* LayoutSchemesCollectionViewItem.xib */,
				CFAD230925D05C09008CEB1B /* LeftSideMenuViewController+CollectionViewDataSource.swift */,
				CF2E7F7F25D1DE8B00568009 /* LeftSideMenuViewController+CollectionViewDelegate.swift */,
			);
			path = LayoutSchemes;
			sourceTree = "<group>";
		};
		CFD89EE42675625100DF304A /* GridLayout */ = {
			isa = PBXGroup;
			children = (
				CFD89EE52675626000DF304A /* GridTheme.swift */,
				CF93699426755BC4001CE96A /* GridLayoutInteractor.swift */,
			);
			path = GridLayout;
			sourceTree = "<group>";
		};
		CFE36935261B8DA8007DE6C7 /* Appearance */ = {
			isa = PBXGroup;
			children = (
				CFE36938261B8E29007DE6C7 /* SettingsAppearanceController.swift */,
				CF870F63267410690089512B /* SettingsAppearanceDelegate.swift */,
				CFD89EE7267568B800DF304A /* SettingsGridLayoutDelegate.swift */,
			);
			path = Appearance;
			sourceTree = "<group>";
		};
/* End PBXGroup section */

/* Begin PBXNativeTarget section */
		CF69958925D6E6EF00A52715 /* WindoniserLauncher */ = {
			isa = PBXNativeTarget;
			buildConfigurationList = CF69959825D6E6F000A52715 /* Build configuration list for PBXNativeTarget "WindoniserLauncher" */;
			buildPhases = (
				CF69958625D6E6EF00A52715 /* Sources */,
				CF69958725D6E6EF00A52715 /* Frameworks */,
				CF69958825D6E6EF00A52715 /* Resources */,
			);
			buildRules = (
			);
			dependencies = (
			);
			name = WindoniserLauncher;
			productName = ConciergeLauncher;
			productReference = CF69958A25D6E6EF00A52715 /* WindoniserLauncher.app */;
			productType = "com.apple.product-type.application";
		};
		CFACE46F25A1CFCF00EE31F5 /* Windoniser */ = {
			isa = PBXNativeTarget;
			buildConfigurationList = CFACE48025A1CFD000EE31F5 /* Build configuration list for PBXNativeTarget "Windoniser" */;
			buildPhases = (
				CFACE46C25A1CFCF00EE31F5 /* Sources */,
				CFACE46D25A1CFCF00EE31F5 /* Frameworks */,
				CFACE46E25A1CFCF00EE31F5 /* Resources */,
				CF69959D25D6E7C600A52715 /* CopyFiles */,
			);
			buildRules = (
			);
			dependencies = (
			);
			name = Windoniser;
			productName = Concierge;
			productReference = CFACE47025A1CFCF00EE31F5 /* Windoniser.app */;
			productType = "com.apple.product-type.application";
		};
/* End PBXNativeTarget section */

/* Begin PBXProject section */
		CFACE46825A1CFCF00EE31F5 /* Project object */ = {
			isa = PBXProject;
			attributes = {
				LastSwiftUpdateCheck = 1230;
				LastUpgradeCheck = 1240;
				TargetAttributes = {
					CF69958925D6E6EF00A52715 = {
						CreatedOnToolsVersion = 12.4;
						LastSwiftMigration = 1250;
					};
					CFACE46F25A1CFCF00EE31F5 = {
						CreatedOnToolsVersion = 12.3;
						LastSwiftMigration = 1230;
					};
				};
			};
			buildConfigurationList = CFACE46B25A1CFCF00EE31F5 /* Build configuration list for PBXProject "Concierge" */;
			compatibilityVersion = "Xcode 9.3";
			developmentRegion = en;
			hasScannedForEncodings = 0;
			knownRegions = (
				en,
				Base,
				ru,
			);
			mainGroup = CFACE46725A1CFCF00EE31F5;
			productRefGroup = CFACE47125A1CFCF00EE31F5 /* Products */;
			projectDirPath = "";
			projectRoot = "";
			targets = (
				CFACE46F25A1CFCF00EE31F5 /* Windoniser */,
				CF69958925D6E6EF00A52715 /* WindoniserLauncher */,
			);
		};
/* End PBXProject section */

/* Begin PBXResourcesBuildPhase section */
		CF69958825D6E6EF00A52715 /* Resources */ = {
			isa = PBXResourcesBuildPhase;
			buildActionMask = 2147483647;
			files = (
				CF2E7606267686B200F198A8 /* privacy.html in Resources */,
				CF2E7607267686B200F198A8 /* terms.html in Resources */,
				CF69959025D6E6F000A52715 /* Assets.xcassets in Resources */,
				CF69959325D6E6F000A52715 /* MainMenu.xib in Resources */,
			);
			runOnlyForDeploymentPostprocessing = 0;
		};
		CFACE46E25A1CFCF00EE31F5 /* Resources */ = {
			isa = PBXResourcesBuildPhase;
			buildActionMask = 2147483647;
			files = (
				CFC1145C267E911F00C61FBF /* Schemas.json in Resources */,
				CFACE47825A1CFD000EE31F5 /* Assets.xcassets in Resources */,
				CFACE47B25A1CFD000EE31F5 /* MainFlow.storyboard in Resources */,
				CF2E76042676869000F198A8 /* terms.html in Resources */,
				CF869E72267A91A3005F2733 /* KeySchemeView.xib in Resources */,
				CFD076A825D059EB00FF2730 /* LayoutSchemesCollectionViewItem.xib in Resources */,
				CF2E76052676869000F198A8 /* privacy.html in Resources */,
				CFA95AB5267BFD2600478576 /* SwitcherItemView.xib in Resources */,
				CF4826CE25A395D300068927 /* Localizable.strings in Resources */,
				CF8DBC0C261B13C40031B972 /* SettingsItemView.xib in Resources */,
			);
			runOnlyForDeploymentPostprocessing = 0;
		};
/* End PBXResourcesBuildPhase section */

/* Begin PBXSourcesBuildPhase section */
		CF69958625D6E6EF00A52715 /* Sources */ = {
			isa = PBXSourcesBuildPhase;
			buildActionMask = 2147483647;
			files = (
				CFC11467267F611100C61FBF /* AppDelegate.swift in Sources */,
			);
			runOnlyForDeploymentPostprocessing = 0;
		};
		CFACE46C25A1CFCF00EE31F5 /* Sources */ = {
			isa = PBXSourcesBuildPhase;
			buildActionMask = 2147483647;
			files = (
				CF6BD19525D0393A00C4FA40 /* DesktopLayoutView.swift in Sources */,
				CF49A78C25FE71E900339687 /* ViewControllerFactory.swift in Sources */,
				CF869E6B267A8B1C005F2733 /* Key+ModifierFlags.swift in Sources */,
				CF821E7A25A21EAF002B5F1D /* WindowController.m in Sources */,
				CF869E69267A84F3005F2733 /* HotkeysSuffixSettings.swift in Sources */,
				CF9B2E2C25D5BCC70087D32B /* ImageLoader.swift in Sources */,
				CF2E76002676831E00F198A8 /* SettingsPrivacyItem.swift in Sources */,
				CF93699326755B91001CE96A /* AppearanceInteractor.swift in Sources */,
				CF9B2E3225D5CB250087D32B /* ImageViewLoader.swift in Sources */,
				CFAEAA7125D98B2D00675171 /* SystemAppearanceProvider.swift in Sources */,
				CFAD230A25D05C09008CEB1B /* LeftSideMenuViewController+CollectionViewDataSource.swift in Sources */,
				CF1B395D25A2747900F7F9C7 /* ContentViewController.swift in Sources */,
				CF870F6226740C210089512B /* SelectedLayoutsSetting.swift in Sources */,
				CFB4B92425A90F5B00539AB6 /* WindowInteractor.swift in Sources */,
				CFFBC367269D790200189A26 /* TouchBarSetting.swift in Sources */,
				CF3C6AC325A50D34007A52F8 /* NSPasteboard+Types.swift in Sources */,
				CFBD325325C857A1006DDAE5 /* WindowTableRow.swift in Sources */,
				CF2E7609267688F900F198A8 /* SettingsTermsItem.swift in Sources */,
				CF00C65525A7AD5C003454E6 /* LayoutSchema.swift in Sources */,
				CFBD324C25C84539006DDAE5 /* WindowTableCell.swift in Sources */,
				CF3C6AC625A50DA4007A52F8 /* WindowPasteboard.swift in Sources */,
				CFE3692A261B86FF007DE6C7 /* AppearanceSettingsItem.swift in Sources */,
				CFE3692E261B8750007DE6C7 /* AboutSettingsItem.swift in Sources */,
				CFA95AB7267BFF8600478576 /* SettingsAutoLoginDelegate.swift in Sources */,
				CF93699126755888001CE96A /* DesktopViewUiDelegate.swift in Sources */,
				CF6995B425D6ECED00A52715 /* AutoLoginSetting.swift in Sources */,
				CFC11454267E598200C61FBF /* CustomBackgroundView.swift in Sources */,
				CFAD790E266ECCA600583A91 /* GridColorSetting.swift in Sources */,
				CF8DBC05261A789A0031B972 /* SettingsListViewController.swift in Sources */,
				CFC11456267E5C5E00C61FBF /* NsImage+NSColor.swift in Sources */,
				CF6A348325D85E6B00D1619A /* SystemAppearanceController.swift in Sources */,
				CF4826E225A39FB000068927 /* KeyScheme.swift in Sources */,
				CFAEAA7925D98D7800675171 /* AppearanceSetting.swift in Sources */,
				CF43995B269CFD4F005732E1 /* CheckForUpdateItem.swift in Sources */,
				CFA95AB9267BFFF800478576 /* AutoLoginInteractor.swift in Sources */,
				CF4826E825A3B30D00068927 /* KeySchemeFactory.swift in Sources */,
				CFA3B8C52678043D0070F07C /* SettingsLayoutController.swift in Sources */,
				CFC5CBA2267675BD004D868C /* SettingsLicensesController.swift in Sources */,
				CF3ABACB261B29D3008E3C90 /* NibLoadable.swift in Sources */,
				CF8AE978267BEC2600020D2B /* NSView+NSImage.swift in Sources */,
				CF5F4EA625FE486D0090A3A7 /* MainViewController.swift in Sources */,
				CFC5CB9F267671D5004D868C /* SettingsAboutController.swift in Sources */,
				CF9B2E3525D5CFB60087D32B /* NSImageView+ImageViewLoader.swift in Sources */,
				CFAEAA6425D987DA00675171 /* AppearanceMode.swift in Sources */,
				CFA3B8C7267806DA0070F07C /* SettingsLayoutsItem.swift in Sources */,
				CF081A3725C89E770099DA5B /* PopoverWindow.swift in Sources */,
				CF00C65225A7AC98003454E6 /* LayoutSchemesRepository.swift in Sources */,
				CFAEAA6925D989D600675171 /* AppearanceProvider.swift in Sources */,
				CF93699526755BC4001CE96A /* GridLayoutInteractor.swift in Sources */,
				CF6995AB25D6EB5A00A52715 /* SettingType.swift in Sources */,
				CF869E6D267A903A005F2733 /* SettingsKeySchemeUiDelegate.swift in Sources */,
				CFC2108125D3358700726D8C /* PermissionsSideMenuDelegate.swift in Sources */,
				CF2E7F8025D1DE8B00568009 /* LeftSideMenuViewController+CollectionViewDelegate.swift in Sources */,
				CF5399EF25D097BB00FA6292 /* NSImage+TintColor.swift in Sources */,
				CFACE48825A1D4C400EE31F5 /* LayoutPreviewView.swift in Sources */,
				CF870F64267410690089512B /* SettingsAppearanceDelegate.swift in Sources */,
				CFF12039261B99580092103D /* SettingsGeneralController.swift in Sources */,
				CF642FC9269B79DC00997FC7 /* ActionButton.swift in Sources */,
				CFFBC369269D799F00189A26 /* TouchBarInteractor.swift in Sources */,
				CF4826DF25A39F8B00068927 /* HotKeyController.swift in Sources */,
				CF642FB7269B483F00997FC7 /* BuyUsACoffeeItem.swift in Sources */,
				CF00C64C25A799F0003454E6 /* DependenciesResolver.swift in Sources */,
				CF9B2E2F25D5C62E0087D32B /* ImageCache.swift in Sources */,
				CFA95AB3267BFD1500478576 /* SwitcherItemView.swift in Sources */,
				CFD89EE62675626000DF304A /* GridTheme.swift in Sources */,
				CF4826DC25A39DD400068927 /* Key.swift in Sources */,
				CF642FC7269B687100997FC7 /* TouchBarBuilder.swift in Sources */,
				CF8DBC10261B13D20031B972 /* SettingsItemView.swift in Sources */,
				CF3C6AB625A4F4C9007A52F8 /* WindowRepository.swift in Sources */,
				CFD89EEA26756BEB00DF304A /* SettingsLayoutSelectionDelegate.swift in Sources */,
				CFB4B91B25A9051400539AB6 /* SynchronizedDependenciesContainer.swift in Sources */,
				CFB4B91725A9017500539AB6 /* DependencyQualifier.swift in Sources */,
				CF00C64125A7977C003454E6 /* DependenciesContainer.swift in Sources */,
				CFB3689225A7B8B000CB8A89 /* HotKeysInteractor.swift in Sources */,
				CFAEAA7525D98D1A00675171 /* SettingsAppearanceProvider.swift in Sources */,
				CFD076A425D0595F00FF2730 /* LayoutSchemesCollectionViewItem.swift in Sources */,
				CFFBC36B269D7AC900189A26 /* SettingsTouchBarDelegate.swift in Sources */,
				CFFEFF19261A6D4F00F2CE39 /* AppListTableViewAdapter.swift in Sources */,
				CF00C63D25A791EF003454E6 /* AppDependenciesResolver.swift in Sources */,
				CFC11458267E5EE300C61FBF /* ImageContrastor.swift in Sources */,
				CF93698F267556DF001CE96A /* UiDelegate.swift in Sources */,
				CF642FB9269B58AB00997FC7 /* ContactUsItem.swift in Sources */,
				CF00C65825A7AD93003454E6 /* LayoutArea.swift in Sources */,
				CFC2108425D3373600726D8C /* PermissionsViewController.swift in Sources */,
				CFBBB89D261B85210026B7C0 /* SettingsItem.swift in Sources */,
				CF2E75FE2676820700F198A8 /* NavigatableViewController.swift in Sources */,
				CF081A3E25C8A0940099DA5B /* PopoverWindowController.swift in Sources */,
				CFD0769F25D04F9600FF2730 /* Vector2.swift in Sources */,
				CFFEFF25261A724200F2CE39 /* NavigationDelegate.swift in Sources */,
				CF439959269CFB5A005732E1 /* FlippedClipView.swift in Sources */,
				CF5E416E25AA3296001DEC28 /* SettingsMainViewController.swift in Sources */,
				CFBD325025C8563D006DDAE5 /* NSColor+Helpers.swift in Sources */,
				CF081A3425C89C630099DA5B /* PopoverBackgroundView.swift in Sources */,
				CF869E70267A918C005F2733 /* KeySchemeView.swift in Sources */,
				CF6995AF25D6EC2F00A52715 /* SettingProperty.swift in Sources */,
				CFE36939261B8E29007DE6C7 /* SettingsAppearanceController.swift in Sources */,
				CF3C6ABA25A4FDFD007A52F8 /* String+Localization.swift in Sources */,
				CF1B394925A26EEE00F7F9C7 /* MainWindowController.swift in Sources */,
				CF821E8625A23430002B5F1D /* ScreensController.swift in Sources */,
				CFE36924261B85E5007DE6C7 /* GeneralSettingsItem.swift in Sources */,
				CFD89EE8267568B800DF304A /* SettingsGridLayoutDelegate.swift in Sources */,
				CF5E418625AA4476001DEC28 /* LayoutSchemesInteractor.swift in Sources */,
				CF081A3B25C8A05B0099DA5B /* Popover.swift in Sources */,
				CFC1145A267E8C3900C61FBF /* Origin.swift in Sources */,
				CF8AE974267AAFA800020D2B /* InAppModifiersController.swift in Sources */,
				CF8AE97A267BEDF300020D2B /* LayoutSchemaRenderer.swift in Sources */,
				CF49A78825FE6F5000339687 /* Navigatable.swift in Sources */,
				CFACE47425A1CFCF00EE31F5 /* AppDelegate.swift in Sources */,
				CF3C6ABE25A4FFF8007A52F8 /* EventMonitor.swift in Sources */,
				CF8AE976267B462600020D2B /* CountDownTimer.swift in Sources */,
				CFC2107925D330B200726D8C /* AccessibilityPermissionsManager.swift in Sources */,
				CF6995A725D6EA3A00A52715 /* SettingsRepository.swift in Sources */,
				CF2E760B2676BF5C00F198A8 /* LayoutSchemaPreviewView.swift in Sources */,
				CFC1145E267E966200C61FBF /* Point.swift in Sources */,
				CF821E8125A22402002B5F1D /* Window.m in Sources */,
				CF00C64825A79983003454E6 /* GraphDependenciesContainer.swift in Sources */,
				CFE36932261B8783007DE6C7 /* QuitSettingsItem.swift in Sources */,
			);
			runOnlyForDeploymentPostprocessing = 0;
		};
/* End PBXSourcesBuildPhase section */

/* Begin PBXVariantGroup section */
		CF4826D025A395D300068927 /* Localizable.strings */ = {
			isa = PBXVariantGroup;
			children = (
				CF4826CF25A395D300068927 /* en */,
				CF4826D225A3960000068927 /* ru */,
			);
			name = Localizable.strings;
			sourceTree = "<group>";
		};
		CF69959125D6E6F000A52715 /* MainMenu.xib */ = {
			isa = PBXVariantGroup;
			children = (
				CF69959225D6E6F000A52715 /* Base */,
			);
			name = MainMenu.xib;
			sourceTree = "<group>";
		};
		CFACE47925A1CFD000EE31F5 /* MainFlow.storyboard */ = {
			isa = PBXVariantGroup;
			children = (
				CFACE47A25A1CFD000EE31F5 /* Base */,
			);
			name = MainFlow.storyboard;
			sourceTree = "<group>";
		};
/* End PBXVariantGroup section */

/* Begin XCBuildConfiguration section */
		CF69959925D6E6F000A52715 /* Debug */ = {
			isa = XCBuildConfiguration;
			buildSettings = {
				ASSETCATALOG_COMPILER_APPICON_NAME = AppIcon;
				ASSETCATALOG_COMPILER_GLOBAL_ACCENT_COLOR_NAME = AccentColor;
				CLANG_ENABLE_MODULES = YES;
				CODE_SIGN_ENTITLEMENTS = ConciergeLauncher/ConciergeLauncher.entitlements;
				CODE_SIGN_IDENTITY = "Apple Development";
				CODE_SIGN_STYLE = Automatic;
				COMBINE_HIDPI_IMAGES = YES;
				DEVELOPMENT_TEAM = 275D4J3Y5L;
				ENABLE_HARDENED_RUNTIME = YES;
				INFOPLIST_FILE = ConciergeLauncher/Info.plist;
				LD_RUNPATH_SEARCH_PATHS = (
					"$(inherited)",
					"@executable_path/../Frameworks",
				);
				PRODUCT_BUNDLE_IDENTIFIER = st235.com.github.windoniserlauncher;
				PRODUCT_NAME = "$(TARGET_NAME)";
				SKIP_INSTALL = YES;
				SWIFT_OBJC_BRIDGING_HEADER = "ConciergeLauncher/ConciergeLauncher-Bridging-Header.h";
				SWIFT_OPTIMIZATION_LEVEL = "-Onone";
				SWIFT_VERSION = 5.0;
			};
			name = Debug;
		};
		CF69959A25D6E6F000A52715 /* Release */ = {
			isa = XCBuildConfiguration;
			buildSettings = {
				ASSETCATALOG_COMPILER_APPICON_NAME = AppIcon;
				ASSETCATALOG_COMPILER_GLOBAL_ACCENT_COLOR_NAME = AccentColor;
				CLANG_ENABLE_MODULES = YES;
				CODE_SIGN_ENTITLEMENTS = ConciergeLauncher/ConciergeLauncher.entitlements;
				CODE_SIGN_IDENTITY = "Apple Development";
				CODE_SIGN_STYLE = Automatic;
				COMBINE_HIDPI_IMAGES = YES;
				DEVELOPMENT_TEAM = 275D4J3Y5L;
				ENABLE_HARDENED_RUNTIME = YES;
				INFOPLIST_FILE = ConciergeLauncher/Info.plist;
				LD_RUNPATH_SEARCH_PATHS = (
					"$(inherited)",
					"@executable_path/../Frameworks",
				);
				PRODUCT_BUNDLE_IDENTIFIER = st235.com.github.windoniserlauncher;
				PRODUCT_NAME = "$(TARGET_NAME)";
				SKIP_INSTALL = YES;
				SWIFT_OBJC_BRIDGING_HEADER = "ConciergeLauncher/ConciergeLauncher-Bridging-Header.h";
				SWIFT_VERSION = 5.0;
			};
			name = Release;
		};
		CFACE47E25A1CFD000EE31F5 /* Debug */ = {
			isa = XCBuildConfiguration;
			buildSettings = {
				ALWAYS_SEARCH_USER_PATHS = NO;
				CLANG_ANALYZER_LOCALIZABILITY_NONLOCALIZED = YES;
				CLANG_ANALYZER_NONNULL = YES;
				CLANG_ANALYZER_NUMBER_OBJECT_CONVERSION = YES_AGGRESSIVE;
				CLANG_CXX_LANGUAGE_STANDARD = "gnu++14";
				CLANG_CXX_LIBRARY = "libc++";
				CLANG_ENABLE_MODULES = YES;
				CLANG_ENABLE_OBJC_ARC = YES;
				CLANG_ENABLE_OBJC_WEAK = YES;
				CLANG_WARN_BLOCK_CAPTURE_AUTORELEASING = YES;
				CLANG_WARN_BOOL_CONVERSION = YES;
				CLANG_WARN_COMMA = YES;
				CLANG_WARN_CONSTANT_CONVERSION = YES;
				CLANG_WARN_DEPRECATED_OBJC_IMPLEMENTATIONS = YES;
				CLANG_WARN_DIRECT_OBJC_ISA_USAGE = YES_ERROR;
				CLANG_WARN_DOCUMENTATION_COMMENTS = YES;
				CLANG_WARN_EMPTY_BODY = YES;
				CLANG_WARN_ENUM_CONVERSION = YES;
				CLANG_WARN_INFINITE_RECURSION = YES;
				CLANG_WARN_INT_CONVERSION = YES;
				CLANG_WARN_NON_LITERAL_NULL_CONVERSION = YES;
				CLANG_WARN_OBJC_IMPLICIT_RETAIN_SELF = YES;
				CLANG_WARN_OBJC_LITERAL_CONVERSION = YES;
				CLANG_WARN_OBJC_ROOT_CLASS = YES_ERROR;
				CLANG_WARN_QUOTED_INCLUDE_IN_FRAMEWORK_HEADER = YES;
				CLANG_WARN_RANGE_LOOP_ANALYSIS = YES;
				CLANG_WARN_STRICT_PROTOTYPES = YES;
				CLANG_WARN_SUSPICIOUS_MOVE = YES;
				CLANG_WARN_UNGUARDED_AVAILABILITY = YES_AGGRESSIVE;
				CLANG_WARN_UNREACHABLE_CODE = YES;
				CLANG_WARN__DUPLICATE_METHOD_MATCH = YES;
				COPY_PHASE_STRIP = NO;
				DEBUG_INFORMATION_FORMAT = dwarf;
				ENABLE_STRICT_OBJC_MSGSEND = YES;
				ENABLE_TESTABILITY = YES;
				GCC_C_LANGUAGE_STANDARD = gnu11;
				GCC_DYNAMIC_NO_PIC = NO;
				GCC_NO_COMMON_BLOCKS = YES;
				GCC_OPTIMIZATION_LEVEL = 0;
				GCC_PREPROCESSOR_DEFINITIONS = (
					"DEBUG=1",
					"$(inherited)",
				);
				GCC_WARN_64_TO_32_BIT_CONVERSION = YES;
				GCC_WARN_ABOUT_RETURN_TYPE = YES_ERROR;
				GCC_WARN_UNDECLARED_SELECTOR = YES;
				GCC_WARN_UNINITIALIZED_AUTOS = YES_AGGRESSIVE;
				GCC_WARN_UNUSED_FUNCTION = YES;
				GCC_WARN_UNUSED_VARIABLE = YES;
				MACOSX_DEPLOYMENT_TARGET = 11.1;
				MTL_ENABLE_DEBUG_INFO = INCLUDE_SOURCE;
				MTL_FAST_MATH = YES;
				ONLY_ACTIVE_ARCH = YES;
				SDKROOT = macosx;
				SWIFT_ACTIVE_COMPILATION_CONDITIONS = DEBUG;
				SWIFT_OPTIMIZATION_LEVEL = "-Onone";
			};
			name = Debug;
		};
		CFACE47F25A1CFD000EE31F5 /* Release */ = {
			isa = XCBuildConfiguration;
			buildSettings = {
				ALWAYS_SEARCH_USER_PATHS = NO;
				CLANG_ANALYZER_LOCALIZABILITY_NONLOCALIZED = YES;
				CLANG_ANALYZER_NONNULL = YES;
				CLANG_ANALYZER_NUMBER_OBJECT_CONVERSION = YES_AGGRESSIVE;
				CLANG_CXX_LANGUAGE_STANDARD = "gnu++14";
				CLANG_CXX_LIBRARY = "libc++";
				CLANG_ENABLE_MODULES = YES;
				CLANG_ENABLE_OBJC_ARC = YES;
				CLANG_ENABLE_OBJC_WEAK = YES;
				CLANG_WARN_BLOCK_CAPTURE_AUTORELEASING = YES;
				CLANG_WARN_BOOL_CONVERSION = YES;
				CLANG_WARN_COMMA = YES;
				CLANG_WARN_CONSTANT_CONVERSION = YES;
				CLANG_WARN_DEPRECATED_OBJC_IMPLEMENTATIONS = YES;
				CLANG_WARN_DIRECT_OBJC_ISA_USAGE = YES_ERROR;
				CLANG_WARN_DOCUMENTATION_COMMENTS = YES;
				CLANG_WARN_EMPTY_BODY = YES;
				CLANG_WARN_ENUM_CONVERSION = YES;
				CLANG_WARN_INFINITE_RECURSION = YES;
				CLANG_WARN_INT_CONVERSION = YES;
				CLANG_WARN_NON_LITERAL_NULL_CONVERSION = YES;
				CLANG_WARN_OBJC_IMPLICIT_RETAIN_SELF = YES;
				CLANG_WARN_OBJC_LITERAL_CONVERSION = YES;
				CLANG_WARN_OBJC_ROOT_CLASS = YES_ERROR;
				CLANG_WARN_QUOTED_INCLUDE_IN_FRAMEWORK_HEADER = YES;
				CLANG_WARN_RANGE_LOOP_ANALYSIS = YES;
				CLANG_WARN_STRICT_PROTOTYPES = YES;
				CLANG_WARN_SUSPICIOUS_MOVE = YES;
				CLANG_WARN_UNGUARDED_AVAILABILITY = YES_AGGRESSIVE;
				CLANG_WARN_UNREACHABLE_CODE = YES;
				CLANG_WARN__DUPLICATE_METHOD_MATCH = YES;
				COPY_PHASE_STRIP = NO;
				DEBUG_INFORMATION_FORMAT = "dwarf-with-dsym";
				ENABLE_NS_ASSERTIONS = NO;
				ENABLE_STRICT_OBJC_MSGSEND = YES;
				GCC_C_LANGUAGE_STANDARD = gnu11;
				GCC_NO_COMMON_BLOCKS = YES;
				GCC_WARN_64_TO_32_BIT_CONVERSION = YES;
				GCC_WARN_ABOUT_RETURN_TYPE = YES_ERROR;
				GCC_WARN_UNDECLARED_SELECTOR = YES;
				GCC_WARN_UNINITIALIZED_AUTOS = YES_AGGRESSIVE;
				GCC_WARN_UNUSED_FUNCTION = YES;
				GCC_WARN_UNUSED_VARIABLE = YES;
				MACOSX_DEPLOYMENT_TARGET = 11.1;
				MTL_ENABLE_DEBUG_INFO = NO;
				MTL_FAST_MATH = YES;
				SDKROOT = macosx;
				SWIFT_COMPILATION_MODE = wholemodule;
				SWIFT_OPTIMIZATION_LEVEL = "-O";
			};
			name = Release;
		};
		CFACE48125A1CFD000EE31F5 /* Debug */ = {
			isa = XCBuildConfiguration;
			buildSettings = {
				ALWAYS_EMBED_SWIFT_STANDARD_LIBRARIES = YES;
				ASSETCATALOG_COMPILER_APPICON_NAME = AppIcon;
				ASSETCATALOG_COMPILER_GLOBAL_ACCENT_COLOR_NAME = AccentColor;
				CLANG_ENABLE_MODULES = YES;
				CODE_SIGN_ENTITLEMENTS = Concierge/Resources/Concierge.entitlements;
				CODE_SIGN_IDENTITY = "Apple Development";
				CODE_SIGN_STYLE = Automatic;
				COMBINE_HIDPI_IMAGES = YES;
				CURRENT_PROJECT_VERSION = 25;
				DEVELOPMENT_TEAM = 275D4J3Y5L;
				ENABLE_HARDENED_RUNTIME = YES;
				INFOPLIST_FILE = Concierge/Resources/Info.plist;
				LD_RUNPATH_SEARCH_PATHS = (
					"$(inherited)",
					"@executable_path/../Frameworks",
				);
				MARKETING_VERSION = 0.9.3;
				PRODUCT_BUNDLE_IDENTIFIER = st235.com.github.windoniser;
				PRODUCT_NAME = "$(TARGET_NAME)";
				SWIFT_OBJC_BRIDGING_HEADER = "Concierge/Sources/Concierge-Bridging-Header.h";
				SWIFT_OPTIMIZATION_LEVEL = "-Onone";
				SWIFT_VERSION = 5.0;
				SYSTEM_FRAMEWORK_SEARCH_PATHS = (
					"$(inherited)",
					"$(SYSTEM_LIBRARY_DIR)/PrivateFrameworks",
				);
			};
			name = Debug;
		};
		CFACE48225A1CFD000EE31F5 /* Release */ = {
			isa = XCBuildConfiguration;
			buildSettings = {
				ALWAYS_EMBED_SWIFT_STANDARD_LIBRARIES = YES;
				ASSETCATALOG_COMPILER_APPICON_NAME = AppIcon;
				ASSETCATALOG_COMPILER_GLOBAL_ACCENT_COLOR_NAME = AccentColor;
				CLANG_ENABLE_MODULES = YES;
				CODE_SIGN_ENTITLEMENTS = Concierge/Resources/Concierge.entitlements;
				CODE_SIGN_IDENTITY = "Apple Development";
				CODE_SIGN_STYLE = Automatic;
				COMBINE_HIDPI_IMAGES = YES;
				CURRENT_PROJECT_VERSION = 25;
				DEVELOPMENT_TEAM = 275D4J3Y5L;
				ENABLE_HARDENED_RUNTIME = YES;
				INFOPLIST_FILE = Concierge/Resources/Info.plist;
				LD_RUNPATH_SEARCH_PATHS = (
					"$(inherited)",
					"@executable_path/../Frameworks",
				);
				MARKETING_VERSION = 0.9.3;
				PRODUCT_BUNDLE_IDENTIFIER = st235.com.github.windoniser;
				PRODUCT_NAME = "$(TARGET_NAME)";
				SWIFT_OBJC_BRIDGING_HEADER = "Concierge/Sources/Concierge-Bridging-Header.h";
				SWIFT_VERSION = 5.0;
				SYSTEM_FRAMEWORK_SEARCH_PATHS = (
					"$(inherited)",
					"$(SYSTEM_LIBRARY_DIR)/PrivateFrameworks",
				);
			};
			name = Release;
		};
/* End XCBuildConfiguration section */

/* Begin XCConfigurationList section */
		CF69959825D6E6F000A52715 /* Build configuration list for PBXNativeTarget "WindoniserLauncher" */ = {
			isa = XCConfigurationList;
			buildConfigurations = (
				CF69959925D6E6F000A52715 /* Debug */,
				CF69959A25D6E6F000A52715 /* Release */,
			);
			defaultConfigurationIsVisible = 0;
			defaultConfigurationName = Release;
		};
		CFACE46B25A1CFCF00EE31F5 /* Build configuration list for PBXProject "Concierge" */ = {
			isa = XCConfigurationList;
			buildConfigurations = (
				CFACE47E25A1CFD000EE31F5 /* Debug */,
				CFACE47F25A1CFD000EE31F5 /* Release */,
			);
			defaultConfigurationIsVisible = 0;
			defaultConfigurationName = Release;
		};
		CFACE48025A1CFD000EE31F5 /* Build configuration list for PBXNativeTarget "Windoniser" */ = {
			isa = XCConfigurationList;
			buildConfigurations = (
				CFACE48125A1CFD000EE31F5 /* Debug */,
				CFACE48225A1CFD000EE31F5 /* Release */,
			);
			defaultConfigurationIsVisible = 0;
			defaultConfigurationName = Release;
		};
/* End XCConfigurationList section */
	};
	rootObject = CFACE46825A1CFCF00EE31F5 /* Project object */;
}
